// !$*UTF8*$!
{
	archiveVersion = 1;
	classes = {
	};
	objectVersion = 56;
	objects = {

/* Begin PBXBuildFile section */
		CE348E3A2C0B407600DDAAEC /* AppDelegate.swift in Sources */ = {isa = PBXBuildFile; fileRef = CE348E392C0B407600DDAAEC /* AppDelegate.swift */; };
		CE348E3C2C0B407600DDAAEC /* SceneDelegate.swift in Sources */ = {isa = PBXBuildFile; fileRef = CE348E3B2C0B407600DDAAEC /* SceneDelegate.swift */; };
		CE348E412C0B407600DDAAEC /* Base in Resources */ = {isa = PBXBuildFile; fileRef = CE348E402C0B407600DDAAEC /* Base */; };
		CE348E432C0B407700DDAAEC /* Assets.xcassets in Resources */ = {isa = PBXBuildFile; fileRef = CE348E422C0B407700DDAAEC /* Assets.xcassets */; };
		CE348E462C0B407700DDAAEC /* Base in Resources */ = {isa = PBXBuildFile; fileRef = CE348E452C0B407700DDAAEC /* Base */; };
		CE348E4E2C0B40FB00DDAAEC /* TabBarController.swift in Sources */ = {isa = PBXBuildFile; fileRef = CE348E4D2C0B40FB00DDAAEC /* TabBarController.swift */; };
		CE348E502C0B419100DDAAEC /* MagazineViewController.swift in Sources */ = {isa = PBXBuildFile; fileRef = CE348E4F2C0B419100DDAAEC /* MagazineViewController.swift */; };
		CE348E522C0B41BD00DDAAEC /* RestaurantViewController.swift in Sources */ = {isa = PBXBuildFile; fileRef = CE348E512C0B41BD00DDAAEC /* RestaurantViewController.swift */; };
		CE348E542C0B41F600DDAAEC /* TravelViewController.swift in Sources */ = {isa = PBXBuildFile; fileRef = CE348E532C0B41F600DDAAEC /* TravelViewController.swift */; };
		CE348E562C0B421A00DDAAEC /* TalkViewController.swift in Sources */ = {isa = PBXBuildFile; fileRef = CE348E552C0B421A00DDAAEC /* TalkViewController.swift */; };
		CE348E5C2C0B474D00DDAAEC /* MagazineTableViewCell.swift in Sources */ = {isa = PBXBuildFile; fileRef = CE348E5B2C0B474D00DDAAEC /* MagazineTableViewCell.swift */; };
		CE348E5F2C0B80CA00DDAAEC /* Extension+UITableViewCell.swift in Sources */ = {isa = PBXBuildFile; fileRef = CE348E5E2C0B80CA00DDAAEC /* Extension+UITableViewCell.swift */; };
		CE348E612C0B80F500DDAAEC /* MagazineDetailViewController.swift in Sources */ = {isa = PBXBuildFile; fileRef = CE348E602C0B80F500DDAAEC /* MagazineDetailViewController.swift */; };
		CE348E642C0B842400DDAAEC /* Constants.swift in Sources */ = {isa = PBXBuildFile; fileRef = CE348E632C0B842400DDAAEC /* Constants.swift */; };
		CE348E662C0C50B200DDAAEC /* TravelTableViewCell.swift in Sources */ = {isa = PBXBuildFile; fileRef = CE348E652C0C50B200DDAAEC /* TravelTableViewCell.swift */; };
		CE348E682C0C581800DDAAEC /* TravelAdCell.swift in Sources */ = {isa = PBXBuildFile; fileRef = CE348E672C0C581800DDAAEC /* TravelAdCell.swift */; };
/* End PBXBuildFile section */

/* Begin PBXFileReference section */
		CE348E362C0B407600DDAAEC /* ReTravelMagazine.app */ = {isa = PBXFileReference; explicitFileType = wrapper.application; includeInIndex = 0; path = ReTravelMagazine.app; sourceTree = BUILT_PRODUCTS_DIR; };
		CE348E392C0B407600DDAAEC /* AppDelegate.swift */ = {isa = PBXFileReference; lastKnownFileType = sourcecode.swift; path = AppDelegate.swift; sourceTree = "<group>"; };
		CE348E3B2C0B407600DDAAEC /* SceneDelegate.swift */ = {isa = PBXFileReference; lastKnownFileType = sourcecode.swift; path = SceneDelegate.swift; sourceTree = "<group>"; };
		CE348E402C0B407600DDAAEC /* Base */ = {isa = PBXFileReference; lastKnownFileType = file.storyboard; name = Base; path = Base.lproj/Main.storyboard; sourceTree = "<group>"; };
		CE348E422C0B407700DDAAEC /* Assets.xcassets */ = {isa = PBXFileReference; lastKnownFileType = folder.assetcatalog; path = Assets.xcassets; sourceTree = "<group>"; };
		CE348E452C0B407700DDAAEC /* Base */ = {isa = PBXFileReference; lastKnownFileType = file.storyboard; name = Base; path = Base.lproj/LaunchScreen.storyboard; sourceTree = "<group>"; };
		CE348E472C0B407700DDAAEC /* Info.plist */ = {isa = PBXFileReference; lastKnownFileType = text.plist.xml; path = Info.plist; sourceTree = "<group>"; };
		CE348E4D2C0B40FB00DDAAEC /* TabBarController.swift */ = {isa = PBXFileReference; lastKnownFileType = sourcecode.swift; path = TabBarController.swift; sourceTree = "<group>"; };
		CE348E4F2C0B419100DDAAEC /* MagazineViewController.swift */ = {isa = PBXFileReference; lastKnownFileType = sourcecode.swift; path = MagazineViewController.swift; sourceTree = "<group>"; };
		CE348E512C0B41BD00DDAAEC /* RestaurantViewController.swift */ = {isa = PBXFileReference; lastKnownFileType = sourcecode.swift; path = RestaurantViewController.swift; sourceTree = "<group>"; };
		CE348E532C0B41F600DDAAEC /* TravelViewController.swift */ = {isa = PBXFileReference; lastKnownFileType = sourcecode.swift; path = TravelViewController.swift; sourceTree = "<group>"; };
		CE348E552C0B421A00DDAAEC /* TalkViewController.swift */ = {isa = PBXFileReference; lastKnownFileType = sourcecode.swift; path = TalkViewController.swift; sourceTree = "<group>"; };
		CE348E5B2C0B474D00DDAAEC /* MagazineTableViewCell.swift */ = {isa = PBXFileReference; lastKnownFileType = sourcecode.swift; path = MagazineTableViewCell.swift; sourceTree = "<group>"; };
		CE348E5E2C0B80CA00DDAAEC /* Extension+UITableViewCell.swift */ = {isa = PBXFileReference; lastKnownFileType = sourcecode.swift; path = "Extension+UITableViewCell.swift"; sourceTree = "<group>"; };
		CE348E602C0B80F500DDAAEC /* MagazineDetailViewController.swift */ = {isa = PBXFileReference; lastKnownFileType = sourcecode.swift; path = MagazineDetailViewController.swift; sourceTree = "<group>"; };
		CE348E632C0B842400DDAAEC /* Constants.swift */ = {isa = PBXFileReference; lastKnownFileType = sourcecode.swift; path = Constants.swift; sourceTree = "<group>"; };
		CE348E652C0C50B200DDAAEC /* TravelTableViewCell.swift */ = {isa = PBXFileReference; lastKnownFileType = sourcecode.swift; path = TravelTableViewCell.swift; sourceTree = "<group>"; };
		CE348E672C0C581800DDAAEC /* TravelAdCell.swift */ = {isa = PBXFileReference; lastKnownFileType = sourcecode.swift; path = TravelAdCell.swift; sourceTree = "<group>"; };
/* End PBXFileReference section */

/* Begin PBXFrameworksBuildPhase section */
		CE348E332C0B407600DDAAEC /* Frameworks */ = {
			isa = PBXFrameworksBuildPhase;
			buildActionMask = 2147483647;
			files = (
			);
			runOnlyForDeploymentPostprocessing = 0;
		};
/* End PBXFrameworksBuildPhase section */

/* Begin PBXGroup section */
		CE348E2D2C0B407600DDAAEC = {
			isa = PBXGroup;
			children = (
				CE348E382C0B407600DDAAEC /* ReTravelMagazine */,
				CE348E372C0B407600DDAAEC /* Products */,
			);
			sourceTree = "<group>";
		};
		CE348E372C0B407600DDAAEC /* Products */ = {
			isa = PBXGroup;
			children = (
				CE348E362C0B407600DDAAEC /* ReTravelMagazine.app */,
			);
			name = Products;
			sourceTree = "<group>";
		};
		CE348E382C0B407600DDAAEC /* ReTravelMagazine */ = {
			isa = PBXGroup;
			children = (
				CE348E622C0B841A00DDAAEC /* Constants */,
				CE348E5D2C0B80BA00DDAAEC /* Extensions */,
				CE348E5A2C0B447400DDAAEC /* Talk */,
				CE348E592C0B446E00DDAAEC /* Travel */,
				CE348E582C0B446300DDAAEC /* Restaurant */,
				CE348E572C0B445C00DDAAEC /* Magazine */,
				CE348E392C0B407600DDAAEC /* AppDelegate.swift */,
				CE348E3B2C0B407600DDAAEC /* SceneDelegate.swift */,
				CE348E3F2C0B407600DDAAEC /* Main.storyboard */,
				CE348E4D2C0B40FB00DDAAEC /* TabBarController.swift */,
				CE348E422C0B407700DDAAEC /* Assets.xcassets */,
				CE348E442C0B407700DDAAEC /* LaunchScreen.storyboard */,
				CE348E472C0B407700DDAAEC /* Info.plist */,
			);
			path = ReTravelMagazine;
			sourceTree = "<group>";
		};
		CE348E572C0B445C00DDAAEC /* Magazine */ = {
			isa = PBXGroup;
			children = (
				CE348E4F2C0B419100DDAAEC /* MagazineViewController.swift */,
				CE348E5B2C0B474D00DDAAEC /* MagazineTableViewCell.swift */,
				CE348E602C0B80F500DDAAEC /* MagazineDetailViewController.swift */,
			);
			path = Magazine;
			sourceTree = "<group>";
		};
		CE348E582C0B446300DDAAEC /* Restaurant */ = {
			isa = PBXGroup;
			children = (
				CE348E512C0B41BD00DDAAEC /* RestaurantViewController.swift */,
			);
			path = Restaurant;
			sourceTree = "<group>";
		};
		CE348E592C0B446E00DDAAEC /* Travel */ = {
			isa = PBXGroup;
			children = (
				CE348E532C0B41F600DDAAEC /* TravelViewController.swift */,
				CE348E652C0C50B200DDAAEC /* TravelTableViewCell.swift */,
				CE348E672C0C581800DDAAEC /* TravelAdCell.swift */,
			);
			path = Travel;
			sourceTree = "<group>";
		};
		CE348E5A2C0B447400DDAAEC /* Talk */ = {
			isa = PBXGroup;
			children = (
				CE348E552C0B421A00DDAAEC /* TalkViewController.swift */,
			);
			path = Talk;
			sourceTree = "<group>";
		};
		CE348E5D2C0B80BA00DDAAEC /* Extensions */ = {
			isa = PBXGroup;
			children = (
				CE348E5E2C0B80CA00DDAAEC /* Extension+UITableViewCell.swift */,
			);
			path = Extensions;
			sourceTree = "<group>";
		};
		CE348E622C0B841A00DDAAEC /* Constants */ = {
			isa = PBXGroup;
			children = (
				CE348E632C0B842400DDAAEC /* Constants.swift */,
			);
			path = Constants;
			sourceTree = "<group>";
		};
/* End PBXGroup section */

/* Begin PBXNativeTarget section */
		CE348E352C0B407600DDAAEC /* ReTravelMagazine */ = {
			isa = PBXNativeTarget;
			buildConfigurationList = CE348E4A2C0B407700DDAAEC /* Build configuration list for PBXNativeTarget "ReTravelMagazine" */;
			buildPhases = (
				CE348E322C0B407600DDAAEC /* Sources */,
				CE348E332C0B407600DDAAEC /* Frameworks */,
				CE348E342C0B407600DDAAEC /* Resources */,
			);
			buildRules = (
			);
			dependencies = (
			);
			name = ReTravelMagazine;
			productName = ReTravelMagazine;
			productReference = CE348E362C0B407600DDAAEC /* ReTravelMagazine.app */;
			productType = "com.apple.product-type.application";
		};
/* End PBXNativeTarget section */

/* Begin PBXProject section */
		CE348E2E2C0B407600DDAAEC /* Project object */ = {
			isa = PBXProject;
			attributes = {
				BuildIndependentTargetsInParallel = 1;
				LastSwiftUpdateCheck = 1530;
				LastUpgradeCheck = 1530;
				TargetAttributes = {
					CE348E352C0B407600DDAAEC = {
						CreatedOnToolsVersion = 15.3;
					};
				};
			};
			buildConfigurationList = CE348E312C0B407600DDAAEC /* Build configuration list for PBXProject "ReTravelMagazine" */;
			compatibilityVersion = "Xcode 14.0";
			developmentRegion = en;
			hasScannedForEncodings = 0;
			knownRegions = (
				en,
				Base,
			);
			mainGroup = CE348E2D2C0B407600DDAAEC;
			productRefGroup = CE348E372C0B407600DDAAEC /* Products */;
			projectDirPath = "";
			projectRoot = "";
			targets = (
				CE348E352C0B407600DDAAEC /* ReTravelMagazine */,
			);
		};
/* End PBXProject section */

/* Begin PBXResourcesBuildPhase section */
		CE348E342C0B407600DDAAEC /* Resources */ = {
			isa = PBXResourcesBuildPhase;
			buildActionMask = 2147483647;
			files = (
				CE348E432C0B407700DDAAEC /* Assets.xcassets in Resources */,
				CE348E462C0B407700DDAAEC /* Base in Resources */,
				CE348E412C0B407600DDAAEC /* Base in Resources */,
			);
			runOnlyForDeploymentPostprocessing = 0;
		};
/* End PBXResourcesBuildPhase section */

/* Begin PBXSourcesBuildPhase section */
		CE348E322C0B407600DDAAEC /* Sources */ = {
			isa = PBXSourcesBuildPhase;
			buildActionMask = 2147483647;
			files = (
				CE348E542C0B41F600DDAAEC /* TravelViewController.swift in Sources */,
				CE348E682C0C581800DDAAEC /* TravelAdCell.swift in Sources */,
				CE348E662C0C50B200DDAAEC /* TravelTableViewCell.swift in Sources */,
				CE348E642C0B842400DDAAEC /* Constants.swift in Sources */,
				CE348E4E2C0B40FB00DDAAEC /* TabBarController.swift in Sources */,
				CE348E522C0B41BD00DDAAEC /* RestaurantViewController.swift in Sources */,
				CE348E562C0B421A00DDAAEC /* TalkViewController.swift in Sources */,
				CE348E3A2C0B407600DDAAEC /* AppDelegate.swift in Sources */,
				CE348E612C0B80F500DDAAEC /* MagazineDetailViewController.swift in Sources */,
				CE348E5C2C0B474D00DDAAEC /* MagazineTableViewCell.swift in Sources */,
				CE348E502C0B419100DDAAEC /* MagazineViewController.swift in Sources */,
				CE348E3C2C0B407600DDAAEC /* SceneDelegate.swift in Sources */,
				CE348E5F2C0B80CA00DDAAEC /* Extension+UITableViewCell.swift in Sources */,
			);
			runOnlyForDeploymentPostprocessing = 0;
		};
/* End PBXSourcesBuildPhase section */

/* Begin PBXVariantGroup section */
		CE348E3F2C0B407600DDAAEC /* Main.storyboard */ = {
			isa = PBXVariantGroup;
			children = (
				CE348E402C0B407600DDAAEC /* Base */,
			);
			name = Main.storyboard;
			sourceTree = "<group>";
		};
		CE348E442C0B407700DDAAEC /* LaunchScreen.storyboard */ = {
			isa = PBXVariantGroup;
			children = (
				CE348E452C0B407700DDAAEC /* Base */,
			);
			name = LaunchScreen.storyboard;
			sourceTree = "<group>";
		};
/* End PBXVariantGroup section */

/* Begin XCBuildConfiguration section */
		CE348E482C0B407700DDAAEC /* Debug */ = {
			isa = XCBuildConfiguration;
			buildSettings = {
				ALWAYS_SEARCH_USER_PATHS = NO;
				ASSETCATALOG_COMPILER_GENERATE_SWIFT_ASSET_SYMBOL_EXTENSIONS = YES;
				CLANG_ANALYZER_NONNULL = YES;
				CLANG_ANALYZER_NUMBER_OBJECT_CONVERSION = YES_AGGRESSIVE;
				CLANG_CXX_LANGUAGE_STANDARD = "gnu++20";
				CLANG_ENABLE_MODULES = YES;
				CLANG_ENABLE_OBJC_ARC = YES;
				CLANG_ENABLE_OBJC_WEAK = YES;
				CLANG_WARN_BLOCK_CAPTURE_AUTORELEASING = YES;
				CLANG_WARN_BOOL_CONVERSION = YES;
				CLANG_WARN_COMMA = YES;
				CLANG_WARN_CONSTANT_CONVERSION = YES;
				CLANG_WARN_DEPRECATED_OBJC_IMPLEMENTATIONS = YES;
				CLANG_WARN_DIRECT_OBJC_ISA_USAGE = YES_ERROR;
				CLANG_WARN_DOCUMENTATION_COMMENTS = YES;
				CLANG_WARN_EMPTY_BODY = YES;
				CLANG_WARN_ENUM_CONVERSION = YES;
				CLANG_WARN_INFINITE_RECURSION = YES;
				CLANG_WARN_INT_CONVERSION = YES;
				CLANG_WARN_NON_LITERAL_NULL_CONVERSION = YES;
				CLANG_WARN_OBJC_IMPLICIT_RETAIN_SELF = YES;
				CLANG_WARN_OBJC_LITERAL_CONVERSION = YES;
				CLANG_WARN_OBJC_ROOT_CLASS = YES_ERROR;
				CLANG_WARN_QUOTED_INCLUDE_IN_FRAMEWORK_HEADER = YES;
				CLANG_WARN_RANGE_LOOP_ANALYSIS = YES;
				CLANG_WARN_STRICT_PROTOTYPES = YES;
				CLANG_WARN_SUSPICIOUS_MOVE = YES;
				CLANG_WARN_UNGUARDED_AVAILABILITY = YES_AGGRESSIVE;
				CLANG_WARN_UNREACHABLE_CODE = YES;
				CLANG_WARN__DUPLICATE_METHOD_MATCH = YES;
				COPY_PHASE_STRIP = NO;
				DEBUG_INFORMATION_FORMAT = dwarf;
				ENABLE_STRICT_OBJC_MSGSEND = YES;
				ENABLE_TESTABILITY = YES;
				ENABLE_USER_SCRIPT_SANDBOXING = YES;
				GCC_C_LANGUAGE_STANDARD = gnu17;
				GCC_DYNAMIC_NO_PIC = NO;
				GCC_NO_COMMON_BLOCKS = YES;
				GCC_OPTIMIZATION_LEVEL = 0;
				GCC_PREPROCESSOR_DEFINITIONS = (
					"DEBUG=1",
					"$(inherited)",
				);
				GCC_WARN_64_TO_32_BIT_CONVERSION = YES;
				GCC_WARN_ABOUT_RETURN_TYPE = YES_ERROR;
				GCC_WARN_UNDECLARED_SELECTOR = YES;
				GCC_WARN_UNINITIALIZED_AUTOS = YES_AGGRESSIVE;
				GCC_WARN_UNUSED_FUNCTION = YES;
				GCC_WARN_UNUSED_VARIABLE = YES;
				IPHONEOS_DEPLOYMENT_TARGET = 17.4;
				LOCALIZATION_PREFERS_STRING_CATALOGS = YES;
				MTL_ENABLE_DEBUG_INFO = INCLUDE_SOURCE;
				MTL_FAST_MATH = YES;
				ONLY_ACTIVE_ARCH = YES;
				SDKROOT = iphoneos;
				SWIFT_ACTIVE_COMPILATION_CONDITIONS = "DEBUG $(inherited)";
				SWIFT_OPTIMIZATION_LEVEL = "-Onone";
			};
			name = Debug;
		};
		CE348E492C0B407700DDAAEC /* Release */ = {
			isa = XCBuildConfiguration;
			buildSettings = {
				ALWAYS_SEARCH_USER_PATHS = NO;
				ASSETCATALOG_COMPILER_GENERATE_SWIFT_ASSET_SYMBOL_EXTENSIONS = YES;
				CLANG_ANALYZER_NONNULL = YES;
				CLANG_ANALYZER_NUMBER_OBJECT_CONVERSION = YES_AGGRESSIVE;
				CLANG_CXX_LANGUAGE_STANDARD = "gnu++20";
				CLANG_ENABLE_MODULES = YES;
				CLANG_ENABLE_OBJC_ARC = YES;
				CLANG_ENABLE_OBJC_WEAK = YES;
				CLANG_WARN_BLOCK_CAPTURE_AUTORELEASING = YES;
				CLANG_WARN_BOOL_CONVERSION = YES;
				CLANG_WARN_COMMA = YES;
				CLANG_WARN_CONSTANT_CONVERSION = YES;
				CLANG_WARN_DEPRECATED_OBJC_IMPLEMENTATIONS = YES;
				CLANG_WARN_DIRECT_OBJC_ISA_USAGE = YES_ERROR;
				CLANG_WARN_DOCUMENTATION_COMMENTS = YES;
				CLANG_WARN_EMPTY_BODY = YES;
				CLANG_WARN_ENUM_CONVERSION = YES;
				CLANG_WARN_INFINITE_RECURSION = YES;
				CLANG_WARN_INT_CONVERSION = YES;
				CLANG_WARN_NON_LITERAL_NULL_CONVERSION = YES;
				CLANG_WARN_OBJC_IMPLICIT_RETAIN_SELF = YES;
				CLANG_WARN_OBJC_LITERAL_CONVERSION = YES;
				CLANG_WARN_OBJC_ROOT_CLASS = YES_ERROR;
				CLANG_WARN_QUOTED_INCLUDE_IN_FRAMEWORK_HEADER = YES;
				CLANG_WARN_RANGE_LOOP_ANALYSIS = YES;
				CLANG_WARN_STRICT_PROTOTYPES = YES;
				CLANG_WARN_SUSPICIOUS_MOVE = YES;
				CLANG_WARN_UNGUARDED_AVAILABILITY = YES_AGGRESSIVE;
				CLANG_WARN_UNREACHABLE_CODE = YES;
				CLANG_WARN__DUPLICATE_METHOD_MATCH = YES;
				COPY_PHASE_STRIP = NO;
				DEBUG_INFORMATION_FORMAT = "dwarf-with-dsym";
				ENABLE_NS_ASSERTIONS = NO;
				ENABLE_STRICT_OBJC_MSGSEND = YES;
				ENABLE_USER_SCRIPT_SANDBOXING = YES;
				GCC_C_LANGUAGE_STANDARD = gnu17;
				GCC_NO_COMMON_BLOCKS = YES;
				GCC_WARN_64_TO_32_BIT_CONVERSION = YES;
				GCC_WARN_ABOUT_RETURN_TYPE = YES_ERROR;
				GCC_WARN_UNDECLARED_SELECTOR = YES;
				GCC_WARN_UNINITIALIZED_AUTOS = YES_AGGRESSIVE;
				GCC_WARN_UNUSED_FUNCTION = YES;
				GCC_WARN_UNUSED_VARIABLE = YES;
				IPHONEOS_DEPLOYMENT_TARGET = 17.4;
				LOCALIZATION_PREFERS_STRING_CATALOGS = YES;
				MTL_ENABLE_DEBUG_INFO = NO;
				MTL_FAST_MATH = YES;
				SDKROOT = iphoneos;
				SWIFT_COMPILATION_MODE = wholemodule;
				VALIDATE_PRODUCT = YES;
			};
			name = Release;
		};
		CE348E4B2C0B407700DDAAEC /* Debug */ = {
			isa = XCBuildConfiguration;
			buildSettings = {
				ASSETCATALOG_COMPILER_APPICON_NAME = AppIcon;
				ASSETCATALOG_COMPILER_GLOBAL_ACCENT_COLOR_NAME = AccentColor;
				CODE_SIGN_STYLE = Automatic;
				CURRENT_PROJECT_VERSION = 1;
				GENERATE_INFOPLIST_FILE = YES;
				INFOPLIST_FILE = ReTravelMagazine/Info.plist;
				INFOPLIST_KEY_UIApplicationSupportsIndirectInputEvents = YES;
				INFOPLIST_KEY_UILaunchStoryboardName = LaunchScreen;
				INFOPLIST_KEY_UIMainStoryboardFile = Main;
				INFOPLIST_KEY_UISupportedInterfaceOrientations_iPad = "UIInterfaceOrientationPortrait UIInterfaceOrientationPortraitUpsideDown UIInterfaceOrientationLandscapeLeft UIInterfaceOrientationLandscapeRight";
				INFOPLIST_KEY_UISupportedInterfaceOrientations_iPhone = "UIInterfaceOrientationPortrait UIInterfaceOrientationLandscapeLeft UIInterfaceOrientationLandscapeRight";
				IPHONEOS_DEPLOYMENT_TARGET = 17.0;
				LD_RUNPATH_SEARCH_PATHS = (
					"$(inherited)",
					"@executable_path/Frameworks",
				);
				MARKETING_VERSION = 1.0;
				PRODUCT_BUNDLE_IDENTIFIER = com.Lets.ReTravelMagazine;
				PRODUCT_NAME = "$(TARGET_NAME)";
				SUPPORTED_PLATFORMS = "iphoneos iphonesimulator";
				SUPPORTS_MACCATALYST = NO;
				SUPPORTS_MAC_DESIGNED_FOR_IPHONE_IPAD = NO;
				SUPPORTS_XR_DESIGNED_FOR_IPHONE_IPAD = NO;
				SWIFT_EMIT_LOC_STRINGS = YES;
				SWIFT_VERSION = 5.0;
				TARGETED_DEVICE_FAMILY = 1;
			};
			name = Debug;
		};
		CE348E4C2C0B407700DDAAEC /* Release */ = {
			isa = XCBuildConfiguration;
			buildSettings = {
				ASSETCATALOG_COMPILER_APPICON_NAME = AppIcon;
				ASSETCATALOG_COMPILER_GLOBAL_ACCENT_COLOR_NAME = AccentColor;
				CODE_SIGN_STYLE = Automatic;
				CURRENT_PROJECT_VERSION = 1;
				GENERATE_INFOPLIST_FILE = YES;
				INFOPLIST_FILE = ReTravelMagazine/Info.plist;
				INFOPLIST_KEY_UIApplicationSupportsIndirectInputEvents = YES;
				INFOPLIST_KEY_UILaunchStoryboardName = LaunchScreen;
				INFOPLIST_KEY_UIMainStoryboardFile = Main;
				INFOPLIST_KEY_UISupportedInterfaceOrientations_iPad = "UIInterfaceOrientationPortrait UIInterfaceOrientationPortraitUpsideDown UIInterfaceOrientationLandscapeLeft UIInterfaceOrientationLandscapeRight";
				INFOPLIST_KEY_UISupportedInterfaceOrientations_iPhone = "UIInterfaceOrientationPortrait UIInterfaceOrientationLandscapeLeft UIInterfaceOrientationLandscapeRight";
				IPHONEOS_DEPLOYMENT_TARGET = 17.0;
				LD_RUNPATH_SEARCH_PATHS = (
					"$(inherited)",
					"@executable_path/Frameworks",
				);
				MARKETING_VERSION = 1.0;
				PRODUCT_BUNDLE_IDENTIFIER = com.Lets.ReTravelMagazine;
				PRODUCT_NAME = "$(TARGET_NAME)";
				SUPPORTED_PLATFORMS = "iphoneos iphonesimulator";
				SUPPORTS_MACCATALYST = NO;
				SUPPORTS_MAC_DESIGNED_FOR_IPHONE_IPAD = NO;
				SUPPORTS_XR_DESIGNED_FOR_IPHONE_IPAD = NO;
				SWIFT_EMIT_LOC_STRINGS = YES;
				SWIFT_VERSION = 5.0;
				TARGETED_DEVICE_FAMILY = 1;
			};
			name = Release;
		};
/* End XCBuildConfiguration section */

/* Begin XCConfigurationList section */
		CE348E312C0B407600DDAAEC /* Build configuration list for PBXProject "ReTravelMagazine" */ = {
			isa = XCConfigurationList;
			buildConfigurations = (
				CE348E482C0B407700DDAAEC /* Debug */,
				CE348E492C0B407700DDAAEC /* Release */,
			);
			defaultConfigurationIsVisible = 0;
			defaultConfigurationName = Release;
		};
		CE348E4A2C0B407700DDAAEC /* Build configuration list for PBXNativeTarget "ReTravelMagazine" */ = {
			isa = XCConfigurationList;
			buildConfigurations = (
				CE348E4B2C0B407700DDAAEC /* Debug */,
				CE348E4C2C0B407700DDAAEC /* Release */,
			);
			defaultConfigurationIsVisible = 0;
			defaultConfigurationName = Release;
		};
/* End XCConfigurationList section */
	};
	rootObject = CE348E2E2C0B407600DDAAEC /* Project object */;
}
