// !$*UTF8*$!
{
	archiveVersion = 1;
	classes = {
	};
	objectVersion = 56;
	objects = {

/* Begin PBXBuildFile section */
		CED955092C12CB21006D67E5 /* AppDelegate.swift in Sources */ = {isa = PBXBuildFile; fileRef = CED955082C12CB21006D67E5 /* AppDelegate.swift */; };
		CED9550B2C12CB21006D67E5 /* SceneDelegate.swift in Sources */ = {isa = PBXBuildFile; fileRef = CED9550A2C12CB21006D67E5 /* SceneDelegate.swift */; };
		CED9550D2C12CB21006D67E5 /* TamagotchiCollectionViewController.swift in Sources */ = {isa = PBXBuildFile; fileRef = CED9550C2C12CB21006D67E5 /* TamagotchiCollectionViewController.swift */; };
		CED955122C12CB23006D67E5 /* Assets.xcassets in Resources */ = {isa = PBXBuildFile; fileRef = CED955112C12CB23006D67E5 /* Assets.xcassets */; };
		CED955152C12CB23006D67E5 /* Base in Resources */ = {isa = PBXBuildFile; fileRef = CED955142C12CB23006D67E5 /* Base */; };
		CED9551D2C12CEDD006D67E5 /* TabBarController.swift in Sources */ = {isa = PBXBuildFile; fileRef = CED9551C2C12CEDD006D67E5 /* TabBarController.swift */; };
		CED955202C12D153006D67E5 /* SnapKit in Frameworks */ = {isa = PBXBuildFile; productRef = CED9551F2C12D153006D67E5 /* SnapKit */; };
		CED955262C12D48A006D67E5 /* Reusable.swift in Sources */ = {isa = PBXBuildFile; fileRef = CED955252C12D48A006D67E5 /* Reusable.swift */; };
		CED955282C12D4E9006D67E5 /* Constants.swift in Sources */ = {isa = PBXBuildFile; fileRef = CED955272C12D4E9006D67E5 /* Constants.swift */; };
		CED9552A2C12D980006D67E5 /* TamagotchiCell.swift in Sources */ = {isa = PBXBuildFile; fileRef = CED955292C12D980006D67E5 /* TamagotchiCell.swift */; };
		CED9552D2C12DC35006D67E5 /* TGProfileView.swift in Sources */ = {isa = PBXBuildFile; fileRef = CED9552C2C12DC35006D67E5 /* TGProfileView.swift */; };
		CED9552F2C12DCF1006D67E5 /* CodeBaseBuildable.swift in Sources */ = {isa = PBXBuildFile; fileRef = CED9552E2C12DCF1006D67E5 /* CodeBaseBuildable.swift */; };
		CED955322C12E714006D67E5 /* TGBorderedLabel.swift in Sources */ = {isa = PBXBuildFile; fileRef = CED955312C12E714006D67E5 /* TGBorderedLabel.swift */; };
		CED955342C12EC3A006D67E5 /* TGAlertViewController.swift in Sources */ = {isa = PBXBuildFile; fileRef = CED955332C12EC3A006D67E5 /* TGAlertViewController.swift */; };
		CED955362C12EF01006D67E5 /* TGDivider.swift in Sources */ = {isa = PBXBuildFile; fileRef = CED955352C12EF01006D67E5 /* TGDivider.swift */; };
		CED955392C13053E006D67E5 /* TamagotchiViewController.swift in Sources */ = {isa = PBXBuildFile; fileRef = CED955382C13053E006D67E5 /* TamagotchiViewController.swift */; };
		CED9553B2C1360DE006D67E5 /* TGMessageBubble.swift in Sources */ = {isa = PBXBuildFile; fileRef = CED9553A2C1360DE006D67E5 /* TGMessageBubble.swift */; };
		CED9553D2C136815006D67E5 /* TGButtonTextField.swift in Sources */ = {isa = PBXBuildFile; fileRef = CED9553C2C136815006D67E5 /* TGButtonTextField.swift */; };
		CED955402C1377ED006D67E5 /* SettingViewController.swift in Sources */ = {isa = PBXBuildFile; fileRef = CED9553F2C1377ED006D67E5 /* SettingViewController.swift */; };
		CED955422C137A06006D67E5 /* SettingTableViewCell.swift in Sources */ = {isa = PBXBuildFile; fileRef = CED955412C137A06006D67E5 /* SettingTableViewCell.swift */; };
		CED955452C1385DB006D67E5 /* ChangeNameViewController.swift in Sources */ = {isa = PBXBuildFile; fileRef = CED955442C1385DB006D67E5 /* ChangeNameViewController.swift */; };
		CED955482C14216C006D67E5 /* Tamagotchi.swift in Sources */ = {isa = PBXBuildFile; fileRef = CED955472C14216C006D67E5 /* Tamagotchi.swift */; };
		CED9554A2C14370D006D67E5 /* TGAlertDelegate.swift in Sources */ = {isa = PBXBuildFile; fileRef = CED955492C14370D006D67E5 /* TGAlertDelegate.swift */; };
		CED9554D2C15724B006D67E5 /* TamagotchiManager.swift in Sources */ = {isa = PBXBuildFile; fileRef = CED9554C2C15724B006D67E5 /* TamagotchiManager.swift */; };
		CED9554F2C158DBA006D67E5 /* UserDefaults+Extension.swift in Sources */ = {isa = PBXBuildFile; fileRef = CED9554E2C158DBA006D67E5 /* UserDefaults+Extension.swift */; };
		CED955512C15F13F006D67E5 /* UserNameManager.swift in Sources */ = {isa = PBXBuildFile; fileRef = CED955502C15F13F006D67E5 /* UserNameManager.swift */; };
/* End PBXBuildFile section */

/* Begin PBXFileReference section */
		CED955052C12CB21006D67E5 /* TamagotchiProject.app */ = {isa = PBXFileReference; explicitFileType = wrapper.application; includeInIndex = 0; path = TamagotchiProject.app; sourceTree = BUILT_PRODUCTS_DIR; };
		CED955082C12CB21006D67E5 /* AppDelegate.swift */ = {isa = PBXFileReference; lastKnownFileType = sourcecode.swift; path = AppDelegate.swift; sourceTree = "<group>"; };
		CED9550A2C12CB21006D67E5 /* SceneDelegate.swift */ = {isa = PBXFileReference; lastKnownFileType = sourcecode.swift; path = SceneDelegate.swift; sourceTree = "<group>"; };
		CED9550C2C12CB21006D67E5 /* TamagotchiCollectionViewController.swift */ = {isa = PBXFileReference; lastKnownFileType = sourcecode.swift; path = TamagotchiCollectionViewController.swift; sourceTree = "<group>"; };
		CED955112C12CB23006D67E5 /* Assets.xcassets */ = {isa = PBXFileReference; lastKnownFileType = folder.assetcatalog; path = Assets.xcassets; sourceTree = "<group>"; };
		CED955142C12CB23006D67E5 /* Base */ = {isa = PBXFileReference; lastKnownFileType = file.storyboard; name = Base; path = Base.lproj/LaunchScreen.storyboard; sourceTree = "<group>"; };
		CED955162C12CB23006D67E5 /* Info.plist */ = {isa = PBXFileReference; lastKnownFileType = text.plist.xml; path = Info.plist; sourceTree = "<group>"; };
		CED9551C2C12CEDD006D67E5 /* TabBarController.swift */ = {isa = PBXFileReference; lastKnownFileType = sourcecode.swift; path = TabBarController.swift; sourceTree = "<group>"; };
		CED955252C12D48A006D67E5 /* Reusable.swift */ = {isa = PBXFileReference; lastKnownFileType = sourcecode.swift; path = Reusable.swift; sourceTree = "<group>"; };
		CED955272C12D4E9006D67E5 /* Constants.swift */ = {isa = PBXFileReference; lastKnownFileType = sourcecode.swift; path = Constants.swift; sourceTree = "<group>"; };
		CED955292C12D980006D67E5 /* TamagotchiCell.swift */ = {isa = PBXFileReference; lastKnownFileType = sourcecode.swift; path = TamagotchiCell.swift; sourceTree = "<group>"; };
		CED9552C2C12DC35006D67E5 /* TGProfileView.swift */ = {isa = PBXFileReference; lastKnownFileType = sourcecode.swift; path = TGProfileView.swift; sourceTree = "<group>"; };
		CED9552E2C12DCF1006D67E5 /* CodeBaseBuildable.swift */ = {isa = PBXFileReference; lastKnownFileType = sourcecode.swift; path = CodeBaseBuildable.swift; sourceTree = "<group>"; };
		CED955312C12E714006D67E5 /* TGBorderedLabel.swift */ = {isa = PBXFileReference; lastKnownFileType = sourcecode.swift; path = TGBorderedLabel.swift; sourceTree = "<group>"; };
		CED955332C12EC3A006D67E5 /* TGAlertViewController.swift */ = {isa = PBXFileReference; lastKnownFileType = sourcecode.swift; path = TGAlertViewController.swift; sourceTree = "<group>"; };
		CED955352C12EF01006D67E5 /* TGDivider.swift */ = {isa = PBXFileReference; lastKnownFileType = sourcecode.swift; path = TGDivider.swift; sourceTree = "<group>"; };
		CED955382C13053E006D67E5 /* TamagotchiViewController.swift */ = {isa = PBXFileReference; lastKnownFileType = sourcecode.swift; path = TamagotchiViewController.swift; sourceTree = "<group>"; };
		CED9553A2C1360DE006D67E5 /* TGMessageBubble.swift */ = {isa = PBXFileReference; lastKnownFileType = sourcecode.swift; path = TGMessageBubble.swift; sourceTree = "<group>"; };
		CED9553C2C136815006D67E5 /* TGButtonTextField.swift */ = {isa = PBXFileReference; lastKnownFileType = sourcecode.swift; path = TGButtonTextField.swift; sourceTree = "<group>"; };
		CED9553F2C1377ED006D67E5 /* SettingViewController.swift */ = {isa = PBXFileReference; lastKnownFileType = sourcecode.swift; path = SettingViewController.swift; sourceTree = "<group>"; };
		CED955412C137A06006D67E5 /* SettingTableViewCell.swift */ = {isa = PBXFileReference; lastKnownFileType = sourcecode.swift; path = SettingTableViewCell.swift; sourceTree = "<group>"; };
		CED955442C1385DB006D67E5 /* ChangeNameViewController.swift */ = {isa = PBXFileReference; lastKnownFileType = sourcecode.swift; path = ChangeNameViewController.swift; sourceTree = "<group>"; };
		CED955472C14216C006D67E5 /* Tamagotchi.swift */ = {isa = PBXFileReference; lastKnownFileType = sourcecode.swift; path = Tamagotchi.swift; sourceTree = "<group>"; };
		CED955492C14370D006D67E5 /* TGAlertDelegate.swift */ = {isa = PBXFileReference; lastKnownFileType = sourcecode.swift; path = TGAlertDelegate.swift; sourceTree = "<group>"; };
		CED9554C2C15724B006D67E5 /* TamagotchiManager.swift */ = {isa = PBXFileReference; lastKnownFileType = sourcecode.swift; path = TamagotchiManager.swift; sourceTree = "<group>"; };
		CED9554E2C158DBA006D67E5 /* UserDefaults+Extension.swift */ = {isa = PBXFileReference; lastKnownFileType = sourcecode.swift; path = "UserDefaults+Extension.swift"; sourceTree = "<group>"; };
		CED955502C15F13F006D67E5 /* UserNameManager.swift */ = {isa = PBXFileReference; lastKnownFileType = sourcecode.swift; path = UserNameManager.swift; sourceTree = "<group>"; };
/* End PBXFileReference section */

/* Begin PBXFrameworksBuildPhase section */
		CED955022C12CB21006D67E5 /* Frameworks */ = {
			isa = PBXFrameworksBuildPhase;
			buildActionMask = 2147483647;
			files = (
				CED955202C12D153006D67E5 /* SnapKit in Frameworks */,
			);
			runOnlyForDeploymentPostprocessing = 0;
		};
/* End PBXFrameworksBuildPhase section */

/* Begin PBXGroup section */
		CED954FC2C12CB21006D67E5 = {
			isa = PBXGroup;
			children = (
				CED955072C12CB21006D67E5 /* TamagotchiProject */,
				CED955062C12CB21006D67E5 /* Products */,
			);
			sourceTree = "<group>";
		};
		CED955062C12CB21006D67E5 /* Products */ = {
			isa = PBXGroup;
			children = (
				CED955052C12CB21006D67E5 /* TamagotchiProject.app */,
			);
			name = Products;
			sourceTree = "<group>";
		};
		CED955072C12CB21006D67E5 /* TamagotchiProject */ = {
			isa = PBXGroup;
			children = (
				CED9554B2C157185006D67E5 /* TamagotchiManager */,
				CED955462C142161006D67E5 /* Models */,
				CED9552B2C12DC1E006D67E5 /* Views */,
				CED955242C12D483006D67E5 /* Protocols */,
				CED955232C12D474006D67E5 /* Constants */,
				CED955222C12D46E006D67E5 /* Extensions */,
				CED955082C12CB21006D67E5 /* AppDelegate.swift */,
				CED9550A2C12CB21006D67E5 /* SceneDelegate.swift */,
				CED955112C12CB23006D67E5 /* Assets.xcassets */,
				CED955132C12CB23006D67E5 /* LaunchScreen.storyboard */,
				CED955162C12CB23006D67E5 /* Info.plist */,
				CED9551C2C12CEDD006D67E5 /* TabBarController.swift */,
			);
			path = TamagotchiProject;
			sourceTree = "<group>";
		};
		CED955212C12D464006D67E5 /* TamagotchiCollectionViewController */ = {
			isa = PBXGroup;
			children = (
				CED9550C2C12CB21006D67E5 /* TamagotchiCollectionViewController.swift */,
				CED955292C12D980006D67E5 /* TamagotchiCell.swift */,
			);
			path = TamagotchiCollectionViewController;
			sourceTree = "<group>";
		};
		CED955222C12D46E006D67E5 /* Extensions */ = {
			isa = PBXGroup;
			children = (
				CED9554E2C158DBA006D67E5 /* UserDefaults+Extension.swift */,
			);
			path = Extensions;
			sourceTree = "<group>";
		};
		CED955232C12D474006D67E5 /* Constants */ = {
			isa = PBXGroup;
			children = (
				CED955272C12D4E9006D67E5 /* Constants.swift */,
			);
			path = Constants;
			sourceTree = "<group>";
		};
		CED955242C12D483006D67E5 /* Protocols */ = {
			isa = PBXGroup;
			children = (
				CED955252C12D48A006D67E5 /* Reusable.swift */,
				CED9552E2C12DCF1006D67E5 /* CodeBaseBuildable.swift */,
				CED955492C14370D006D67E5 /* TGAlertDelegate.swift */,
			);
			path = Protocols;
			sourceTree = "<group>";
		};
		CED9552B2C12DC1E006D67E5 /* Views */ = {
			isa = PBXGroup;
			children = (
				CED955432C1385C9006D67E5 /* ChangeNameViewController */,
				CED9553E2C1377DD006D67E5 /* SettingViewController */,
				CED955372C13052D006D67E5 /* TamagotchiViewController */,
				CED955302C12E6AC006D67E5 /* ReusableComponents */,
				CED955212C12D464006D67E5 /* TamagotchiCollectionViewController */,
			);
			path = Views;
			sourceTree = "<group>";
		};
		CED955302C12E6AC006D67E5 /* ReusableComponents */ = {
			isa = PBXGroup;
			children = (
				CED9552C2C12DC35006D67E5 /* TGProfileView.swift */,
				CED955312C12E714006D67E5 /* TGBorderedLabel.swift */,
				CED955332C12EC3A006D67E5 /* TGAlertViewController.swift */,
				CED955352C12EF01006D67E5 /* TGDivider.swift */,
				CED9553C2C136815006D67E5 /* TGButtonTextField.swift */,
			);
			path = ReusableComponents;
			sourceTree = "<group>";
		};
		CED955372C13052D006D67E5 /* TamagotchiViewController */ = {
			isa = PBXGroup;
			children = (
				CED955382C13053E006D67E5 /* TamagotchiViewController.swift */,
				CED9553A2C1360DE006D67E5 /* TGMessageBubble.swift */,
			);
			path = TamagotchiViewController;
			sourceTree = "<group>";
		};
		CED9553E2C1377DD006D67E5 /* SettingViewController */ = {
			isa = PBXGroup;
			children = (
				CED9553F2C1377ED006D67E5 /* SettingViewController.swift */,
				CED955412C137A06006D67E5 /* SettingTableViewCell.swift */,
			);
			path = SettingViewController;
			sourceTree = "<group>";
		};
		CED955432C1385C9006D67E5 /* ChangeNameViewController */ = {
			isa = PBXGroup;
			children = (
				CED955442C1385DB006D67E5 /* ChangeNameViewController.swift */,
			);
			path = ChangeNameViewController;
			sourceTree = "<group>";
		};
		CED955462C142161006D67E5 /* Models */ = {
			isa = PBXGroup;
			children = (
				CED955472C14216C006D67E5 /* Tamagotchi.swift */,
			);
			path = Models;
			sourceTree = "<group>";
		};
		CED9554B2C157185006D67E5 /* TamagotchiManager */ = {
			isa = PBXGroup;
			children = (
				CED9554C2C15724B006D67E5 /* TamagotchiManager.swift */,
				CED955502C15F13F006D67E5 /* UserNameManager.swift */,
			);
			path = TamagotchiManager;
			sourceTree = "<group>";
		};
/* End PBXGroup section */

/* Begin PBXNativeTarget section */
		CED955042C12CB21006D67E5 /* TamagotchiProject */ = {
			isa = PBXNativeTarget;
			buildConfigurationList = CED955192C12CB23006D67E5 /* Build configuration list for PBXNativeTarget "TamagotchiProject" */;
			buildPhases = (
				CED955012C12CB21006D67E5 /* Sources */,
				CED955022C12CB21006D67E5 /* Frameworks */,
				CED955032C12CB21006D67E5 /* Resources */,
			);
			buildRules = (
			);
			dependencies = (
			);
			name = TamagotchiProject;
			packageProductDependencies = (
				CED9551F2C12D153006D67E5 /* SnapKit */,
			);
			productName = TamagotchiProject;
			productReference = CED955052C12CB21006D67E5 /* TamagotchiProject.app */;
			productType = "com.apple.product-type.application";
		};
/* End PBXNativeTarget section */

/* Begin PBXProject section */
		CED954FD2C12CB21006D67E5 /* Project object */ = {
			isa = PBXProject;
			attributes = {
				BuildIndependentTargetsInParallel = 1;
				LastSwiftUpdateCheck = 1530;
				LastUpgradeCheck = 1530;
				TargetAttributes = {
					CED955042C12CB21006D67E5 = {
						CreatedOnToolsVersion = 15.3;
					};
				};
			};
			buildConfigurationList = CED955002C12CB21006D67E5 /* Build configuration list for PBXProject "TamagotchiProject" */;
			compatibilityVersion = "Xcode 14.0";
			developmentRegion = en;
			hasScannedForEncodings = 0;
			knownRegions = (
				en,
				Base,
			);
			mainGroup = CED954FC2C12CB21006D67E5;
			packageReferences = (
				CED9551E2C12D153006D67E5 /* XCRemoteSwiftPackageReference "SnapKit" */,
			);
			productRefGroup = CED955062C12CB21006D67E5 /* Products */;
			projectDirPath = "";
			projectRoot = "";
			targets = (
				CED955042C12CB21006D67E5 /* TamagotchiProject */,
			);
		};
/* End PBXProject section */

/* Begin PBXResourcesBuildPhase section */
		CED955032C12CB21006D67E5 /* Resources */ = {
			isa = PBXResourcesBuildPhase;
			buildActionMask = 2147483647;
			files = (
				CED955122C12CB23006D67E5 /* Assets.xcassets in Resources */,
				CED955152C12CB23006D67E5 /* Base in Resources */,
			);
			runOnlyForDeploymentPostprocessing = 0;
		};
/* End PBXResourcesBuildPhase section */

/* Begin PBXSourcesBuildPhase section */
		CED955012C12CB21006D67E5 /* Sources */ = {
			isa = PBXSourcesBuildPhase;
			buildActionMask = 2147483647;
			files = (
				CED9553D2C136815006D67E5 /* TGButtonTextField.swift in Sources */,
				CED9550D2C12CB21006D67E5 /* TamagotchiCollectionViewController.swift in Sources */,
				CED955322C12E714006D67E5 /* TGBorderedLabel.swift in Sources */,
				CED955402C1377ED006D67E5 /* SettingViewController.swift in Sources */,
				CED955392C13053E006D67E5 /* TamagotchiViewController.swift in Sources */,
				CED9551D2C12CEDD006D67E5 /* TabBarController.swift in Sources */,
				CED955512C15F13F006D67E5 /* UserNameManager.swift in Sources */,
				CED9554A2C14370D006D67E5 /* TGAlertDelegate.swift in Sources */,
				CED955342C12EC3A006D67E5 /* TGAlertViewController.swift in Sources */,
				CED955482C14216C006D67E5 /* Tamagotchi.swift in Sources */,
				CED955092C12CB21006D67E5 /* AppDelegate.swift in Sources */,
				CED9553B2C1360DE006D67E5 /* TGMessageBubble.swift in Sources */,
				CED9552D2C12DC35006D67E5 /* TGProfileView.swift in Sources */,
				CED955422C137A06006D67E5 /* SettingTableViewCell.swift in Sources */,
				CED9550B2C12CB21006D67E5 /* SceneDelegate.swift in Sources */,
				CED9554F2C158DBA006D67E5 /* UserDefaults+Extension.swift in Sources */,
				CED955262C12D48A006D67E5 /* Reusable.swift in Sources */,
				CED955362C12EF01006D67E5 /* TGDivider.swift in Sources */,
				CED9552F2C12DCF1006D67E5 /* CodeBaseBuildable.swift in Sources */,
				CED955452C1385DB006D67E5 /* ChangeNameViewController.swift in Sources */,
				CED9552A2C12D980006D67E5 /* TamagotchiCell.swift in Sources */,
				CED9554D2C15724B006D67E5 /* TamagotchiManager.swift in Sources */,
				CED955282C12D4E9006D67E5 /* Constants.swift in Sources */,
			);
			runOnlyForDeploymentPostprocessing = 0;
		};
/* End PBXSourcesBuildPhase section */

/* Begin PBXVariantGroup section */
		CED955132C12CB23006D67E5 /* LaunchScreen.storyboard */ = {
			isa = PBXVariantGroup;
			children = (
				CED955142C12CB23006D67E5 /* Base */,
			);
			name = LaunchScreen.storyboard;
			sourceTree = "<group>";
		};
/* End PBXVariantGroup section */

/* Begin XCBuildConfiguration section */
		CED955172C12CB23006D67E5 /* Debug */ = {
			isa = XCBuildConfiguration;
			buildSettings = {
				ALWAYS_SEARCH_USER_PATHS = NO;
				ASSETCATALOG_COMPILER_GENERATE_SWIFT_ASSET_SYMBOL_EXTENSIONS = YES;
				CLANG_ANALYZER_NONNULL = YES;
				CLANG_ANALYZER_NUMBER_OBJECT_CONVERSION = YES_AGGRESSIVE;
				CLANG_CXX_LANGUAGE_STANDARD = "gnu++20";
				CLANG_ENABLE_MODULES = YES;
				CLANG_ENABLE_OBJC_ARC = YES;
				CLANG_ENABLE_OBJC_WEAK = YES;
				CLANG_WARN_BLOCK_CAPTURE_AUTORELEASING = YES;
				CLANG_WARN_BOOL_CONVERSION = YES;
				CLANG_WARN_COMMA = YES;
				CLANG_WARN_CONSTANT_CONVERSION = YES;
				CLANG_WARN_DEPRECATED_OBJC_IMPLEMENTATIONS = YES;
				CLANG_WARN_DIRECT_OBJC_ISA_USAGE = YES_ERROR;
				CLANG_WARN_DOCUMENTATION_COMMENTS = YES;
				CLANG_WARN_EMPTY_BODY = YES;
				CLANG_WARN_ENUM_CONVERSION = YES;
				CLANG_WARN_INFINITE_RECURSION = YES;
				CLANG_WARN_INT_CONVERSION = YES;
				CLANG_WARN_NON_LITERAL_NULL_CONVERSION = YES;
				CLANG_WARN_OBJC_IMPLICIT_RETAIN_SELF = YES;
				CLANG_WARN_OBJC_LITERAL_CONVERSION = YES;
				CLANG_WARN_OBJC_ROOT_CLASS = YES_ERROR;
				CLANG_WARN_QUOTED_INCLUDE_IN_FRAMEWORK_HEADER = YES;
				CLANG_WARN_RANGE_LOOP_ANALYSIS = YES;
				CLANG_WARN_STRICT_PROTOTYPES = YES;
				CLANG_WARN_SUSPICIOUS_MOVE = YES;
				CLANG_WARN_UNGUARDED_AVAILABILITY = YES_AGGRESSIVE;
				CLANG_WARN_UNREACHABLE_CODE = YES;
				CLANG_WARN__DUPLICATE_METHOD_MATCH = YES;
				COPY_PHASE_STRIP = NO;
				DEBUG_INFORMATION_FORMAT = dwarf;
				ENABLE_STRICT_OBJC_MSGSEND = YES;
				ENABLE_TESTABILITY = YES;
				ENABLE_USER_SCRIPT_SANDBOXING = YES;
				GCC_C_LANGUAGE_STANDARD = gnu17;
				GCC_DYNAMIC_NO_PIC = NO;
				GCC_NO_COMMON_BLOCKS = YES;
				GCC_OPTIMIZATION_LEVEL = 0;
				GCC_PREPROCESSOR_DEFINITIONS = (
					"DEBUG=1",
					"$(inherited)",
				);
				GCC_WARN_64_TO_32_BIT_CONVERSION = YES;
				GCC_WARN_ABOUT_RETURN_TYPE = YES_ERROR;
				GCC_WARN_UNDECLARED_SELECTOR = YES;
				GCC_WARN_UNINITIALIZED_AUTOS = YES_AGGRESSIVE;
				GCC_WARN_UNUSED_FUNCTION = YES;
				GCC_WARN_UNUSED_VARIABLE = YES;
				IPHONEOS_DEPLOYMENT_TARGET = 17.4;
				LOCALIZATION_PREFERS_STRING_CATALOGS = YES;
				MTL_ENABLE_DEBUG_INFO = INCLUDE_SOURCE;
				MTL_FAST_MATH = YES;
				ONLY_ACTIVE_ARCH = YES;
				SDKROOT = iphoneos;
				SWIFT_ACTIVE_COMPILATION_CONDITIONS = "DEBUG $(inherited)";
				SWIFT_OPTIMIZATION_LEVEL = "-Onone";
			};
			name = Debug;
		};
		CED955182C12CB23006D67E5 /* Release */ = {
			isa = XCBuildConfiguration;
			buildSettings = {
				ALWAYS_SEARCH_USER_PATHS = NO;
				ASSETCATALOG_COMPILER_GENERATE_SWIFT_ASSET_SYMBOL_EXTENSIONS = YES;
				CLANG_ANALYZER_NONNULL = YES;
				CLANG_ANALYZER_NUMBER_OBJECT_CONVERSION = YES_AGGRESSIVE;
				CLANG_CXX_LANGUAGE_STANDARD = "gnu++20";
				CLANG_ENABLE_MODULES = YES;
				CLANG_ENABLE_OBJC_ARC = YES;
				CLANG_ENABLE_OBJC_WEAK = YES;
				CLANG_WARN_BLOCK_CAPTURE_AUTORELEASING = YES;
				CLANG_WARN_BOOL_CONVERSION = YES;
				CLANG_WARN_COMMA = YES;
				CLANG_WARN_CONSTANT_CONVERSION = YES;
				CLANG_WARN_DEPRECATED_OBJC_IMPLEMENTATIONS = YES;
				CLANG_WARN_DIRECT_OBJC_ISA_USAGE = YES_ERROR;
				CLANG_WARN_DOCUMENTATION_COMMENTS = YES;
				CLANG_WARN_EMPTY_BODY = YES;
				CLANG_WARN_ENUM_CONVERSION = YES;
				CLANG_WARN_INFINITE_RECURSION = YES;
				CLANG_WARN_INT_CONVERSION = YES;
				CLANG_WARN_NON_LITERAL_NULL_CONVERSION = YES;
				CLANG_WARN_OBJC_IMPLICIT_RETAIN_SELF = YES;
				CLANG_WARN_OBJC_LITERAL_CONVERSION = YES;
				CLANG_WARN_OBJC_ROOT_CLASS = YES_ERROR;
				CLANG_WARN_QUOTED_INCLUDE_IN_FRAMEWORK_HEADER = YES;
				CLANG_WARN_RANGE_LOOP_ANALYSIS = YES;
				CLANG_WARN_STRICT_PROTOTYPES = YES;
				CLANG_WARN_SUSPICIOUS_MOVE = YES;
				CLANG_WARN_UNGUARDED_AVAILABILITY = YES_AGGRESSIVE;
				CLANG_WARN_UNREACHABLE_CODE = YES;
				CLANG_WARN__DUPLICATE_METHOD_MATCH = YES;
				COPY_PHASE_STRIP = NO;
				DEBUG_INFORMATION_FORMAT = "dwarf-with-dsym";
				ENABLE_NS_ASSERTIONS = NO;
				ENABLE_STRICT_OBJC_MSGSEND = YES;
				ENABLE_USER_SCRIPT_SANDBOXING = YES;
				GCC_C_LANGUAGE_STANDARD = gnu17;
				GCC_NO_COMMON_BLOCKS = YES;
				GCC_WARN_64_TO_32_BIT_CONVERSION = YES;
				GCC_WARN_ABOUT_RETURN_TYPE = YES_ERROR;
				GCC_WARN_UNDECLARED_SELECTOR = YES;
				GCC_WARN_UNINITIALIZED_AUTOS = YES_AGGRESSIVE;
				GCC_WARN_UNUSED_FUNCTION = YES;
				GCC_WARN_UNUSED_VARIABLE = YES;
				IPHONEOS_DEPLOYMENT_TARGET = 17.4;
				LOCALIZATION_PREFERS_STRING_CATALOGS = YES;
				MTL_ENABLE_DEBUG_INFO = NO;
				MTL_FAST_MATH = YES;
				SDKROOT = iphoneos;
				SWIFT_COMPILATION_MODE = wholemodule;
				VALIDATE_PRODUCT = YES;
			};
			name = Release;
		};
		CED9551A2C12CB23006D67E5 /* Debug */ = {
			isa = XCBuildConfiguration;
			buildSettings = {
				ASSETCATALOG_COMPILER_APPICON_NAME = AppIcon;
				ASSETCATALOG_COMPILER_GLOBAL_ACCENT_COLOR_NAME = AccentColor;
				CODE_SIGN_STYLE = Automatic;
				CURRENT_PROJECT_VERSION = 1;
				GENERATE_INFOPLIST_FILE = YES;
				INFOPLIST_FILE = TamagotchiProject/Info.plist;
				INFOPLIST_KEY_UIApplicationSupportsIndirectInputEvents = YES;
				INFOPLIST_KEY_UILaunchStoryboardName = LaunchScreen;
				INFOPLIST_KEY_UISupportedInterfaceOrientations = UIInterfaceOrientationPortrait;
				INFOPLIST_KEY_UISupportedInterfaceOrientations_iPad = "UIInterfaceOrientationLandscapeLeft UIInterfaceOrientationLandscapeRight UIInterfaceOrientationPortrait UIInterfaceOrientationPortraitUpsideDown";
				IPHONEOS_DEPLOYMENT_TARGET = 15.0;
				LD_RUNPATH_SEARCH_PATHS = (
					"$(inherited)",
					"@executable_path/Frameworks",
				);
				MARKETING_VERSION = 1.0;
				PRODUCT_BUNDLE_IDENTIFIER = com.Lets.TamagotchiProject;
				PRODUCT_NAME = "$(TARGET_NAME)";
				SUPPORTED_PLATFORMS = "iphoneos iphonesimulator";
				SUPPORTS_MACCATALYST = NO;
				SUPPORTS_MAC_DESIGNED_FOR_IPHONE_IPAD = NO;
				SUPPORTS_XR_DESIGNED_FOR_IPHONE_IPAD = NO;
				SWIFT_EMIT_LOC_STRINGS = YES;
				SWIFT_VERSION = 5.0;
				TARGETED_DEVICE_FAMILY = 1;
			};
			name = Debug;
		};
		CED9551B2C12CB23006D67E5 /* Release */ = {
			isa = XCBuildConfiguration;
			buildSettings = {
				ASSETCATALOG_COMPILER_APPICON_NAME = AppIcon;
				ASSETCATALOG_COMPILER_GLOBAL_ACCENT_COLOR_NAME = AccentColor;
				CODE_SIGN_STYLE = Automatic;
				CURRENT_PROJECT_VERSION = 1;
				GENERATE_INFOPLIST_FILE = YES;
				INFOPLIST_FILE = TamagotchiProject/Info.plist;
				INFOPLIST_KEY_UIApplicationSupportsIndirectInputEvents = YES;
				INFOPLIST_KEY_UILaunchStoryboardName = LaunchScreen;
				INFOPLIST_KEY_UISupportedInterfaceOrientations = UIInterfaceOrientationPortrait;
				INFOPLIST_KEY_UISupportedInterfaceOrientations_iPad = "UIInterfaceOrientationLandscapeLeft UIInterfaceOrientationLandscapeRight UIInterfaceOrientationPortrait UIInterfaceOrientationPortraitUpsideDown";
				IPHONEOS_DEPLOYMENT_TARGET = 15.0;
				LD_RUNPATH_SEARCH_PATHS = (
					"$(inherited)",
					"@executable_path/Frameworks",
				);
				MARKETING_VERSION = 1.0;
				PRODUCT_BUNDLE_IDENTIFIER = com.Lets.TamagotchiProject;
				PRODUCT_NAME = "$(TARGET_NAME)";
				SUPPORTED_PLATFORMS = "iphoneos iphonesimulator";
				SUPPORTS_MACCATALYST = NO;
				SUPPORTS_MAC_DESIGNED_FOR_IPHONE_IPAD = NO;
				SUPPORTS_XR_DESIGNED_FOR_IPHONE_IPAD = NO;
				SWIFT_EMIT_LOC_STRINGS = YES;
				SWIFT_VERSION = 5.0;
				TARGETED_DEVICE_FAMILY = 1;
			};
			name = Release;
		};
/* End XCBuildConfiguration section */

/* Begin XCConfigurationList section */
		CED955002C12CB21006D67E5 /* Build configuration list for PBXProject "TamagotchiProject" */ = {
			isa = XCConfigurationList;
			buildConfigurations = (
				CED955172C12CB23006D67E5 /* Debug */,
				CED955182C12CB23006D67E5 /* Release */,
			);
			defaultConfigurationIsVisible = 0;
			defaultConfigurationName = Release;
		};
		CED955192C12CB23006D67E5 /* Build configuration list for PBXNativeTarget "TamagotchiProject" */ = {
			isa = XCConfigurationList;
			buildConfigurations = (
				CED9551A2C12CB23006D67E5 /* Debug */,
				CED9551B2C12CB23006D67E5 /* Release */,
			);
			defaultConfigurationIsVisible = 0;
			defaultConfigurationName = Release;
		};
/* End XCConfigurationList section */

/* Begin XCRemoteSwiftPackageReference section */
		CED9551E2C12D153006D67E5 /* XCRemoteSwiftPackageReference "SnapKit" */ = {
			isa = XCRemoteSwiftPackageReference;
			repositoryURL = "https://github.com/SnapKit/SnapKit.git";
			requirement = {
				kind = upToNextMajorVersion;
				minimumVersion = 5.7.1;
			};
		};
/* End XCRemoteSwiftPackageReference section */

/* Begin XCSwiftPackageProductDependency section */
		CED9551F2C12D153006D67E5 /* SnapKit */ = {
			isa = XCSwiftPackageProductDependency;
			package = CED9551E2C12D153006D67E5 /* XCRemoteSwiftPackageReference "SnapKit" */;
			productName = SnapKit;
		};
/* End XCSwiftPackageProductDependency section */
	};
	rootObject = CED954FD2C12CB21006D67E5 /* Project object */;
}
