// !$*UTF8*$!
{
	archiveVersion = 1;
	classes = {
	};
	objectVersion = 56;
	objects = {

/* Begin PBXBuildFile section */
		CED7BE6D2C59444A00F750AA /* AppDelegate.swift in Sources */ = {isa = PBXBuildFile; fileRef = CED7BE6C2C59444A00F750AA /* AppDelegate.swift */; };
		CED7BE6F2C59444A00F750AA /* SceneDelegate.swift in Sources */ = {isa = PBXBuildFile; fileRef = CED7BE6E2C59444A00F750AA /* SceneDelegate.swift */; };
		CED7BE712C59444A00F750AA /* ViewController.swift in Sources */ = {isa = PBXBuildFile; fileRef = CED7BE702C59444A00F750AA /* ViewController.swift */; };
		CED7BE742C59444A00F750AA /* Base in Resources */ = {isa = PBXBuildFile; fileRef = CED7BE732C59444A00F750AA /* Base */; };
		CED7BE762C59444B00F750AA /* Assets.xcassets in Resources */ = {isa = PBXBuildFile; fileRef = CED7BE752C59444B00F750AA /* Assets.xcassets */; };
		CED7BE792C59444B00F750AA /* Base in Resources */ = {isa = PBXBuildFile; fileRef = CED7BE782C59444B00F750AA /* Base */; };
		CED7BE832C59450D00F750AA /* RxCocoa in Frameworks */ = {isa = PBXBuildFile; productRef = CED7BE822C59450D00F750AA /* RxCocoa */; };
		CED7BE852C59450D00F750AA /* RxSwift in Frameworks */ = {isa = PBXBuildFile; productRef = CED7BE842C59450D00F750AA /* RxSwift */; };
		CED7BE882C59451D00F750AA /* SnapKit in Frameworks */ = {isa = PBXBuildFile; productRef = CED7BE872C59451D00F750AA /* SnapKit */; };
/* End PBXBuildFile section */

/* Begin PBXFileReference section */
		CED7BE692C59444A00F750AA /* RxSampleCodes.app */ = {isa = PBXFileReference; explicitFileType = wrapper.application; includeInIndex = 0; path = RxSampleCodes.app; sourceTree = BUILT_PRODUCTS_DIR; };
		CED7BE6C2C59444A00F750AA /* AppDelegate.swift */ = {isa = PBXFileReference; lastKnownFileType = sourcecode.swift; path = AppDelegate.swift; sourceTree = "<group>"; };
		CED7BE6E2C59444A00F750AA /* SceneDelegate.swift */ = {isa = PBXFileReference; lastKnownFileType = sourcecode.swift; path = SceneDelegate.swift; sourceTree = "<group>"; };
		CED7BE702C59444A00F750AA /* ViewController.swift */ = {isa = PBXFileReference; lastKnownFileType = sourcecode.swift; path = ViewController.swift; sourceTree = "<group>"; };
		CED7BE732C59444A00F750AA /* Base */ = {isa = PBXFileReference; lastKnownFileType = file.storyboard; name = Base; path = Base.lproj/Main.storyboard; sourceTree = "<group>"; };
		CED7BE752C59444B00F750AA /* Assets.xcassets */ = {isa = PBXFileReference; lastKnownFileType = folder.assetcatalog; path = Assets.xcassets; sourceTree = "<group>"; };
		CED7BE782C59444B00F750AA /* Base */ = {isa = PBXFileReference; lastKnownFileType = file.storyboard; name = Base; path = Base.lproj/LaunchScreen.storyboard; sourceTree = "<group>"; };
		CED7BE7A2C59444B00F750AA /* Info.plist */ = {isa = PBXFileReference; lastKnownFileType = text.plist.xml; path = Info.plist; sourceTree = "<group>"; };
/* End PBXFileReference section */

/* Begin PBXFrameworksBuildPhase section */
		CED7BE662C59444A00F750AA /* Frameworks */ = {
			isa = PBXFrameworksBuildPhase;
			buildActionMask = 2147483647;
			files = (
				CED7BE882C59451D00F750AA /* SnapKit in Frameworks */,
				CED7BE852C59450D00F750AA /* RxSwift in Frameworks */,
				CED7BE832C59450D00F750AA /* RxCocoa in Frameworks */,
			);
			runOnlyForDeploymentPostprocessing = 0;
		};
/* End PBXFrameworksBuildPhase section */

/* Begin PBXGroup section */
		CED7BE602C59444A00F750AA = {
			isa = PBXGroup;
			children = (
				CED7BE6B2C59444A00F750AA /* RxSampleCodes */,
				CED7BE6A2C59444A00F750AA /* Products */,
			);
			sourceTree = "<group>";
		};
		CED7BE6A2C59444A00F750AA /* Products */ = {
			isa = PBXGroup;
			children = (
				CED7BE692C59444A00F750AA /* RxSampleCodes.app */,
			);
			name = Products;
			sourceTree = "<group>";
		};
		CED7BE6B2C59444A00F750AA /* RxSampleCodes */ = {
			isa = PBXGroup;
			children = (
				CED7BE6C2C59444A00F750AA /* AppDelegate.swift */,
				CED7BE6E2C59444A00F750AA /* SceneDelegate.swift */,
				CED7BE702C59444A00F750AA /* ViewController.swift */,
				CED7BE722C59444A00F750AA /* Main.storyboard */,
				CED7BE752C59444B00F750AA /* Assets.xcassets */,
				CED7BE772C59444B00F750AA /* LaunchScreen.storyboard */,
				CED7BE7A2C59444B00F750AA /* Info.plist */,
			);
			path = RxSampleCodes;
			sourceTree = "<group>";
		};
/* End PBXGroup section */

/* Begin PBXNativeTarget section */
		CED7BE682C59444A00F750AA /* RxSampleCodes */ = {
			isa = PBXNativeTarget;
			buildConfigurationList = CED7BE7D2C59444B00F750AA /* Build configuration list for PBXNativeTarget "RxSampleCodes" */;
			buildPhases = (
				CED7BE652C59444A00F750AA /* Sources */,
				CED7BE662C59444A00F750AA /* Frameworks */,
				CED7BE672C59444A00F750AA /* Resources */,
			);
			buildRules = (
			);
			dependencies = (
			);
			name = RxSampleCodes;
			packageProductDependencies = (
				CED7BE822C59450D00F750AA /* RxCocoa */,
				CED7BE842C59450D00F750AA /* RxSwift */,
				CED7BE872C59451D00F750AA /* SnapKit */,
			);
			productName = RxSampleCodes;
			productReference = CED7BE692C59444A00F750AA /* RxSampleCodes.app */;
			productType = "com.apple.product-type.application";
		};
/* End PBXNativeTarget section */

/* Begin PBXProject section */
		CED7BE612C59444A00F750AA /* Project object */ = {
			isa = PBXProject;
			attributes = {
				BuildIndependentTargetsInParallel = 1;
				LastSwiftUpdateCheck = 1530;
				LastUpgradeCheck = 1530;
				TargetAttributes = {
					CED7BE682C59444A00F750AA = {
						CreatedOnToolsVersion = 15.3;
					};
				};
			};
			buildConfigurationList = CED7BE642C59444A00F750AA /* Build configuration list for PBXProject "RxSampleCodes" */;
			compatibilityVersion = "Xcode 14.0";
			developmentRegion = en;
			hasScannedForEncodings = 0;
			knownRegions = (
				en,
				Base,
			);
			mainGroup = CED7BE602C59444A00F750AA;
			packageReferences = (
				CED7BE812C59450D00F750AA /* XCRemoteSwiftPackageReference "RxSwift" */,
				CED7BE862C59451D00F750AA /* XCRemoteSwiftPackageReference "SnapKit" */,
			);
			productRefGroup = CED7BE6A2C59444A00F750AA /* Products */;
			projectDirPath = "";
			projectRoot = "";
			targets = (
				CED7BE682C59444A00F750AA /* RxSampleCodes */,
			);
		};
/* End PBXProject section */

/* Begin PBXResourcesBuildPhase section */
		CED7BE672C59444A00F750AA /* Resources */ = {
			isa = PBXResourcesBuildPhase;
			buildActionMask = 2147483647;
			files = (
				CED7BE762C59444B00F750AA /* Assets.xcassets in Resources */,
				CED7BE792C59444B00F750AA /* Base in Resources */,
				CED7BE742C59444A00F750AA /* Base in Resources */,
			);
			runOnlyForDeploymentPostprocessing = 0;
		};
/* End PBXResourcesBuildPhase section */

/* Begin PBXSourcesBuildPhase section */
		CED7BE652C59444A00F750AA /* Sources */ = {
			isa = PBXSourcesBuildPhase;
			buildActionMask = 2147483647;
			files = (
				CED7BE712C59444A00F750AA /* ViewController.swift in Sources */,
				CED7BE6D2C59444A00F750AA /* AppDelegate.swift in Sources */,
				CED7BE6F2C59444A00F750AA /* SceneDelegate.swift in Sources */,
			);
			runOnlyForDeploymentPostprocessing = 0;
		};
/* End PBXSourcesBuildPhase section */

/* Begin PBXVariantGroup section */
		CED7BE722C59444A00F750AA /* Main.storyboard */ = {
			isa = PBXVariantGroup;
			children = (
				CED7BE732C59444A00F750AA /* Base */,
			);
			name = Main.storyboard;
			sourceTree = "<group>";
		};
		CED7BE772C59444B00F750AA /* LaunchScreen.storyboard */ = {
			isa = PBXVariantGroup;
			children = (
				CED7BE782C59444B00F750AA /* Base */,
			);
			name = LaunchScreen.storyboard;
			sourceTree = "<group>";
		};
/* End PBXVariantGroup section */

/* Begin XCBuildConfiguration section */
		CED7BE7B2C59444B00F750AA /* Debug */ = {
			isa = XCBuildConfiguration;
			buildSettings = {
				ALWAYS_SEARCH_USER_PATHS = NO;
				ASSETCATALOG_COMPILER_GENERATE_SWIFT_ASSET_SYMBOL_EXTENSIONS = YES;
				CLANG_ANALYZER_NONNULL = YES;
				CLANG_ANALYZER_NUMBER_OBJECT_CONVERSION = YES_AGGRESSIVE;
				CLANG_CXX_LANGUAGE_STANDARD = "gnu++20";
				CLANG_ENABLE_MODULES = YES;
				CLANG_ENABLE_OBJC_ARC = YES;
				CLANG_ENABLE_OBJC_WEAK = YES;
				CLANG_WARN_BLOCK_CAPTURE_AUTORELEASING = YES;
				CLANG_WARN_BOOL_CONVERSION = YES;
				CLANG_WARN_COMMA = YES;
				CLANG_WARN_CONSTANT_CONVERSION = YES;
				CLANG_WARN_DEPRECATED_OBJC_IMPLEMENTATIONS = YES;
				CLANG_WARN_DIRECT_OBJC_ISA_USAGE = YES_ERROR;
				CLANG_WARN_DOCUMENTATION_COMMENTS = YES;
				CLANG_WARN_EMPTY_BODY = YES;
				CLANG_WARN_ENUM_CONVERSION = YES;
				CLANG_WARN_INFINITE_RECURSION = YES;
				CLANG_WARN_INT_CONVERSION = YES;
				CLANG_WARN_NON_LITERAL_NULL_CONVERSION = YES;
				CLANG_WARN_OBJC_IMPLICIT_RETAIN_SELF = YES;
				CLANG_WARN_OBJC_LITERAL_CONVERSION = YES;
				CLANG_WARN_OBJC_ROOT_CLASS = YES_ERROR;
				CLANG_WARN_QUOTED_INCLUDE_IN_FRAMEWORK_HEADER = YES;
				CLANG_WARN_RANGE_LOOP_ANALYSIS = YES;
				CLANG_WARN_STRICT_PROTOTYPES = YES;
				CLANG_WARN_SUSPICIOUS_MOVE = YES;
				CLANG_WARN_UNGUARDED_AVAILABILITY = YES_AGGRESSIVE;
				CLANG_WARN_UNREACHABLE_CODE = YES;
				CLANG_WARN__DUPLICATE_METHOD_MATCH = YES;
				COPY_PHASE_STRIP = NO;
				DEBUG_INFORMATION_FORMAT = dwarf;
				ENABLE_STRICT_OBJC_MSGSEND = YES;
				ENABLE_TESTABILITY = YES;
				ENABLE_USER_SCRIPT_SANDBOXING = YES;
				GCC_C_LANGUAGE_STANDARD = gnu17;
				GCC_DYNAMIC_NO_PIC = NO;
				GCC_NO_COMMON_BLOCKS = YES;
				GCC_OPTIMIZATION_LEVEL = 0;
				GCC_PREPROCESSOR_DEFINITIONS = (
					"DEBUG=1",
					"$(inherited)",
				);
				GCC_WARN_64_TO_32_BIT_CONVERSION = YES;
				GCC_WARN_ABOUT_RETURN_TYPE = YES_ERROR;
				GCC_WARN_UNDECLARED_SELECTOR = YES;
				GCC_WARN_UNINITIALIZED_AUTOS = YES_AGGRESSIVE;
				GCC_WARN_UNUSED_FUNCTION = YES;
				GCC_WARN_UNUSED_VARIABLE = YES;
				IPHONEOS_DEPLOYMENT_TARGET = 17.4;
				LOCALIZATION_PREFERS_STRING_CATALOGS = YES;
				MTL_ENABLE_DEBUG_INFO = INCLUDE_SOURCE;
				MTL_FAST_MATH = YES;
				ONLY_ACTIVE_ARCH = YES;
				SDKROOT = iphoneos;
				SWIFT_ACTIVE_COMPILATION_CONDITIONS = "DEBUG $(inherited)";
				SWIFT_OPTIMIZATION_LEVEL = "-Onone";
			};
			name = Debug;
		};
		CED7BE7C2C59444B00F750AA /* Release */ = {
			isa = XCBuildConfiguration;
			buildSettings = {
				ALWAYS_SEARCH_USER_PATHS = NO;
				ASSETCATALOG_COMPILER_GENERATE_SWIFT_ASSET_SYMBOL_EXTENSIONS = YES;
				CLANG_ANALYZER_NONNULL = YES;
				CLANG_ANALYZER_NUMBER_OBJECT_CONVERSION = YES_AGGRESSIVE;
				CLANG_CXX_LANGUAGE_STANDARD = "gnu++20";
				CLANG_ENABLE_MODULES = YES;
				CLANG_ENABLE_OBJC_ARC = YES;
				CLANG_ENABLE_OBJC_WEAK = YES;
				CLANG_WARN_BLOCK_CAPTURE_AUTORELEASING = YES;
				CLANG_WARN_BOOL_CONVERSION = YES;
				CLANG_WARN_COMMA = YES;
				CLANG_WARN_CONSTANT_CONVERSION = YES;
				CLANG_WARN_DEPRECATED_OBJC_IMPLEMENTATIONS = YES;
				CLANG_WARN_DIRECT_OBJC_ISA_USAGE = YES_ERROR;
				CLANG_WARN_DOCUMENTATION_COMMENTS = YES;
				CLANG_WARN_EMPTY_BODY = YES;
				CLANG_WARN_ENUM_CONVERSION = YES;
				CLANG_WARN_INFINITE_RECURSION = YES;
				CLANG_WARN_INT_CONVERSION = YES;
				CLANG_WARN_NON_LITERAL_NULL_CONVERSION = YES;
				CLANG_WARN_OBJC_IMPLICIT_RETAIN_SELF = YES;
				CLANG_WARN_OBJC_LITERAL_CONVERSION = YES;
				CLANG_WARN_OBJC_ROOT_CLASS = YES_ERROR;
				CLANG_WARN_QUOTED_INCLUDE_IN_FRAMEWORK_HEADER = YES;
				CLANG_WARN_RANGE_LOOP_ANALYSIS = YES;
				CLANG_WARN_STRICT_PROTOTYPES = YES;
				CLANG_WARN_SUSPICIOUS_MOVE = YES;
				CLANG_WARN_UNGUARDED_AVAILABILITY = YES_AGGRESSIVE;
				CLANG_WARN_UNREACHABLE_CODE = YES;
				CLANG_WARN__DUPLICATE_METHOD_MATCH = YES;
				COPY_PHASE_STRIP = NO;
				DEBUG_INFORMATION_FORMAT = "dwarf-with-dsym";
				ENABLE_NS_ASSERTIONS = NO;
				ENABLE_STRICT_OBJC_MSGSEND = YES;
				ENABLE_USER_SCRIPT_SANDBOXING = YES;
				GCC_C_LANGUAGE_STANDARD = gnu17;
				GCC_NO_COMMON_BLOCKS = YES;
				GCC_WARN_64_TO_32_BIT_CONVERSION = YES;
				GCC_WARN_ABOUT_RETURN_TYPE = YES_ERROR;
				GCC_WARN_UNDECLARED_SELECTOR = YES;
				GCC_WARN_UNINITIALIZED_AUTOS = YES_AGGRESSIVE;
				GCC_WARN_UNUSED_FUNCTION = YES;
				GCC_WARN_UNUSED_VARIABLE = YES;
				IPHONEOS_DEPLOYMENT_TARGET = 17.4;
				LOCALIZATION_PREFERS_STRING_CATALOGS = YES;
				MTL_ENABLE_DEBUG_INFO = NO;
				MTL_FAST_MATH = YES;
				SDKROOT = iphoneos;
				SWIFT_COMPILATION_MODE = wholemodule;
				VALIDATE_PRODUCT = YES;
			};
			name = Release;
		};
		CED7BE7E2C59444B00F750AA /* Debug */ = {
			isa = XCBuildConfiguration;
			buildSettings = {
				ASSETCATALOG_COMPILER_APPICON_NAME = AppIcon;
				ASSETCATALOG_COMPILER_GLOBAL_ACCENT_COLOR_NAME = AccentColor;
				CODE_SIGN_STYLE = Automatic;
				CURRENT_PROJECT_VERSION = 1;
				DEVELOPMENT_TEAM = CZH2CMCGCZ;
				GENERATE_INFOPLIST_FILE = YES;
				INFOPLIST_FILE = RxSampleCodes/Info.plist;
				INFOPLIST_KEY_UIApplicationSupportsIndirectInputEvents = YES;
				INFOPLIST_KEY_UILaunchStoryboardName = LaunchScreen;
				INFOPLIST_KEY_UIMainStoryboardFile = Main;
				INFOPLIST_KEY_UISupportedInterfaceOrientations_iPad = "UIInterfaceOrientationPortrait UIInterfaceOrientationPortraitUpsideDown UIInterfaceOrientationLandscapeLeft UIInterfaceOrientationLandscapeRight";
				INFOPLIST_KEY_UISupportedInterfaceOrientations_iPhone = "UIInterfaceOrientationPortrait UIInterfaceOrientationLandscapeLeft UIInterfaceOrientationLandscapeRight";
				LD_RUNPATH_SEARCH_PATHS = (
					"$(inherited)",
					"@executable_path/Frameworks",
				);
				MARKETING_VERSION = 1.0;
				PRODUCT_BUNDLE_IDENTIFIER = com.Lets.RxSampleCodes;
				PRODUCT_NAME = "$(TARGET_NAME)";
				SWIFT_EMIT_LOC_STRINGS = YES;
				SWIFT_VERSION = 5.0;
				TARGETED_DEVICE_FAMILY = "1,2";
			};
			name = Debug;
		};
		CED7BE7F2C59444B00F750AA /* Release */ = {
			isa = XCBuildConfiguration;
			buildSettings = {
				ASSETCATALOG_COMPILER_APPICON_NAME = AppIcon;
				ASSETCATALOG_COMPILER_GLOBAL_ACCENT_COLOR_NAME = AccentColor;
				CODE_SIGN_STYLE = Automatic;
				CURRENT_PROJECT_VERSION = 1;
				DEVELOPMENT_TEAM = CZH2CMCGCZ;
				GENERATE_INFOPLIST_FILE = YES;
				INFOPLIST_FILE = RxSampleCodes/Info.plist;
				INFOPLIST_KEY_UIApplicationSupportsIndirectInputEvents = YES;
				INFOPLIST_KEY_UILaunchStoryboardName = LaunchScreen;
				INFOPLIST_KEY_UIMainStoryboardFile = Main;
				INFOPLIST_KEY_UISupportedInterfaceOrientations_iPad = "UIInterfaceOrientationPortrait UIInterfaceOrientationPortraitUpsideDown UIInterfaceOrientationLandscapeLeft UIInterfaceOrientationLandscapeRight";
				INFOPLIST_KEY_UISupportedInterfaceOrientations_iPhone = "UIInterfaceOrientationPortrait UIInterfaceOrientationLandscapeLeft UIInterfaceOrientationLandscapeRight";
				LD_RUNPATH_SEARCH_PATHS = (
					"$(inherited)",
					"@executable_path/Frameworks",
				);
				MARKETING_VERSION = 1.0;
				PRODUCT_BUNDLE_IDENTIFIER = com.Lets.RxSampleCodes;
				PRODUCT_NAME = "$(TARGET_NAME)";
				SWIFT_EMIT_LOC_STRINGS = YES;
				SWIFT_VERSION = 5.0;
				TARGETED_DEVICE_FAMILY = "1,2";
			};
			name = Release;
		};
/* End XCBuildConfiguration section */

/* Begin XCConfigurationList section */
		CED7BE642C59444A00F750AA /* Build configuration list for PBXProject "RxSampleCodes" */ = {
			isa = XCConfigurationList;
			buildConfigurations = (
				CED7BE7B2C59444B00F750AA /* Debug */,
				CED7BE7C2C59444B00F750AA /* Release */,
			);
			defaultConfigurationIsVisible = 0;
			defaultConfigurationName = Release;
		};
		CED7BE7D2C59444B00F750AA /* Build configuration list for PBXNativeTarget "RxSampleCodes" */ = {
			isa = XCConfigurationList;
			buildConfigurations = (
				CED7BE7E2C59444B00F750AA /* Debug */,
				CED7BE7F2C59444B00F750AA /* Release */,
			);
			defaultConfigurationIsVisible = 0;
			defaultConfigurationName = Release;
		};
/* End XCConfigurationList section */

/* Begin XCRemoteSwiftPackageReference section */
		CED7BE812C59450D00F750AA /* XCRemoteSwiftPackageReference "RxSwift" */ = {
			isa = XCRemoteSwiftPackageReference;
			repositoryURL = "https://github.com/ReactiveX/RxSwift.git";
			requirement = {
				kind = upToNextMajorVersion;
				minimumVersion = 6.7.1;
			};
		};
		CED7BE862C59451D00F750AA /* XCRemoteSwiftPackageReference "SnapKit" */ = {
			isa = XCRemoteSwiftPackageReference;
			repositoryURL = "https://github.com/SnapKit/SnapKit.git";
			requirement = {
				kind = upToNextMajorVersion;
				minimumVersion = 5.7.1;
			};
		};
/* End XCRemoteSwiftPackageReference section */

/* Begin XCSwiftPackageProductDependency section */
		CED7BE822C59450D00F750AA /* RxCocoa */ = {
			isa = XCSwiftPackageProductDependency;
			package = CED7BE812C59450D00F750AA /* XCRemoteSwiftPackageReference "RxSwift" */;
			productName = RxCocoa;
		};
		CED7BE842C59450D00F750AA /* RxSwift */ = {
			isa = XCSwiftPackageProductDependency;
			package = CED7BE812C59450D00F750AA /* XCRemoteSwiftPackageReference "RxSwift" */;
			productName = RxSwift;
		};
		CED7BE872C59451D00F750AA /* SnapKit */ = {
			isa = XCSwiftPackageProductDependency;
			package = CED7BE862C59451D00F750AA /* XCRemoteSwiftPackageReference "SnapKit" */;
			productName = SnapKit;
		};
/* End XCSwiftPackageProductDependency section */
	};
	rootObject = CED7BE612C59444A00F750AA /* Project object */;
}
