// !$*UTF8*$!
{
	archiveVersion = 1;
	classes = {
	};
	objectVersion = 56;
	objects = {

/* Begin PBXBuildFile section */
		CE82DF702C22AA3C00937DC7 /* AppDelegate.swift in Sources */ = {isa = PBXBuildFile; fileRef = CE82DF6F2C22AA3C00937DC7 /* AppDelegate.swift */; };
		CE82DF722C22AA3C00937DC7 /* SceneDelegate.swift in Sources */ = {isa = PBXBuildFile; fileRef = CE82DF712C22AA3C00937DC7 /* SceneDelegate.swift */; };
		CE82DF792C22AA3E00937DC7 /* Assets.xcassets in Resources */ = {isa = PBXBuildFile; fileRef = CE82DF782C22AA3E00937DC7 /* Assets.xcassets */; };
		CE82DF7C2C22AA3E00937DC7 /* Base in Resources */ = {isa = PBXBuildFile; fileRef = CE82DF7B2C22AA3E00937DC7 /* Base */; };
		CE82DF852C22B1D400937DC7 /* TabBarController.swift in Sources */ = {isa = PBXBuildFile; fileRef = CE82DF842C22B1D400937DC7 /* TabBarController.swift */; };
		CE82DF882C22B21400937DC7 /* RestaurantViewController.swift in Sources */ = {isa = PBXBuildFile; fileRef = CE82DF872C22B21400937DC7 /* RestaurantViewController.swift */; };
		CE82DF8B2C22B2D100937DC7 /* WeatherCheckViewController.swift in Sources */ = {isa = PBXBuildFile; fileRef = CE82DF8A2C22B2D100937DC7 /* WeatherCheckViewController.swift */; };
		CE82DF8E2C22B3ED00937DC7 /* Constants.swift in Sources */ = {isa = PBXBuildFile; fileRef = CE82DF8D2C22B3ED00937DC7 /* Constants.swift */; };
		CE82DF942C22B67B00937DC7 /* Restaurant.swift in Sources */ = {isa = PBXBuildFile; fileRef = CE82DF932C22B67B00937DC7 /* Restaurant.swift */; };
		CE82DF972C22B6C400937DC7 /* SnapKit in Frameworks */ = {isa = PBXBuildFile; productRef = CE82DF962C22B6C400937DC7 /* SnapKit */; };
		CE82DF9A2C22BC3A00937DC7 /* UIButton+Extension.swift in Sources */ = {isa = PBXBuildFile; fileRef = CE82DF992C22BC3A00937DC7 /* UIButton+Extension.swift */; };
		CE82DF9D2C22BE6E00937DC7 /* CustomLocationManager.swift in Sources */ = {isa = PBXBuildFile; fileRef = CE82DF9C2C22BE6E00937DC7 /* CustomLocationManager.swift */; };
		CE82DFA02C2340A200937DC7 /* Reusable.swift in Sources */ = {isa = PBXBuildFile; fileRef = CE82DF9F2C2340A200937DC7 /* Reusable.swift */; };
		CE82DFAE2C286A0400937DC7 /* TestViewController.swift in Sources */ = {isa = PBXBuildFile; fileRef = CE82DFAD2C286A0400937DC7 /* TestViewController.swift */; };
/* End PBXBuildFile section */

/* Begin PBXFileReference section */
		CE82DF6C2C22AA3C00937DC7 /* day24 Assignment.app */ = {isa = PBXFileReference; explicitFileType = wrapper.application; includeInIndex = 0; path = "day24 Assignment.app"; sourceTree = BUILT_PRODUCTS_DIR; };
		CE82DF6F2C22AA3C00937DC7 /* AppDelegate.swift */ = {isa = PBXFileReference; lastKnownFileType = sourcecode.swift; path = AppDelegate.swift; sourceTree = "<group>"; };
		CE82DF712C22AA3C00937DC7 /* SceneDelegate.swift */ = {isa = PBXFileReference; lastKnownFileType = sourcecode.swift; path = SceneDelegate.swift; sourceTree = "<group>"; };
		CE82DF782C22AA3E00937DC7 /* Assets.xcassets */ = {isa = PBXFileReference; lastKnownFileType = folder.assetcatalog; path = Assets.xcassets; sourceTree = "<group>"; };
		CE82DF7B2C22AA3E00937DC7 /* Base */ = {isa = PBXFileReference; lastKnownFileType = file.storyboard; name = Base; path = Base.lproj/LaunchScreen.storyboard; sourceTree = "<group>"; };
		CE82DF7D2C22AA3E00937DC7 /* Info.plist */ = {isa = PBXFileReference; lastKnownFileType = text.plist.xml; path = Info.plist; sourceTree = "<group>"; };
		CE82DF842C22B1D400937DC7 /* TabBarController.swift */ = {isa = PBXFileReference; lastKnownFileType = sourcecode.swift; path = TabBarController.swift; sourceTree = "<group>"; };
		CE82DF872C22B21400937DC7 /* RestaurantViewController.swift */ = {isa = PBXFileReference; lastKnownFileType = sourcecode.swift; path = RestaurantViewController.swift; sourceTree = "<group>"; };
		CE82DF8A2C22B2D100937DC7 /* WeatherCheckViewController.swift */ = {isa = PBXFileReference; lastKnownFileType = sourcecode.swift; path = WeatherCheckViewController.swift; sourceTree = "<group>"; };
		CE82DF8D2C22B3ED00937DC7 /* Constants.swift */ = {isa = PBXFileReference; lastKnownFileType = sourcecode.swift; path = Constants.swift; sourceTree = "<group>"; };
		CE82DF932C22B67B00937DC7 /* Restaurant.swift */ = {isa = PBXFileReference; fileEncoding = 4; lastKnownFileType = sourcecode.swift; path = Restaurant.swift; sourceTree = "<group>"; };
		CE82DF992C22BC3A00937DC7 /* UIButton+Extension.swift */ = {isa = PBXFileReference; lastKnownFileType = sourcecode.swift; path = "UIButton+Extension.swift"; sourceTree = "<group>"; };
		CE82DF9C2C22BE6E00937DC7 /* CustomLocationManager.swift */ = {isa = PBXFileReference; lastKnownFileType = sourcecode.swift; path = CustomLocationManager.swift; sourceTree = "<group>"; };
		CE82DF9F2C2340A200937DC7 /* Reusable.swift */ = {isa = PBXFileReference; lastKnownFileType = sourcecode.swift; path = Reusable.swift; sourceTree = "<group>"; };
		CE82DFAD2C286A0400937DC7 /* TestViewController.swift */ = {isa = PBXFileReference; lastKnownFileType = sourcecode.swift; path = TestViewController.swift; sourceTree = "<group>"; };
/* End PBXFileReference section */

/* Begin PBXFrameworksBuildPhase section */
		CE82DF692C22AA3C00937DC7 /* Frameworks */ = {
			isa = PBXFrameworksBuildPhase;
			buildActionMask = 2147483647;
			files = (
				CE82DF972C22B6C400937DC7 /* SnapKit in Frameworks */,
			);
			runOnlyForDeploymentPostprocessing = 0;
		};
/* End PBXFrameworksBuildPhase section */

/* Begin PBXGroup section */
		CE82DF632C22AA3C00937DC7 = {
			isa = PBXGroup;
			children = (
				CE82DF6E2C22AA3C00937DC7 /* day24 Assignment */,
				CE82DF6D2C22AA3C00937DC7 /* Products */,
			);
			sourceTree = "<group>";
		};
		CE82DF6D2C22AA3C00937DC7 /* Products */ = {
			isa = PBXGroup;
			children = (
				CE82DF6C2C22AA3C00937DC7 /* day24 Assignment.app */,
			);
			name = Products;
			sourceTree = "<group>";
		};
		CE82DF6E2C22AA3C00937DC7 /* day24 Assignment */ = {
			isa = PBXGroup;
			children = (
				CE82DF9E2C23409B00937DC7 /* Protocols */,
				CE82DF9B2C22BE6600937DC7 /* Manager */,
				CE82DF982C22BC3200937DC7 /* Extensions */,
				CE82DF922C22B67200937DC7 /* Models */,
				CE82DF8C2C22B3E400937DC7 /* Constants */,
				CE82DF832C22B1CA00937DC7 /* Views */,
				CE82DF6F2C22AA3C00937DC7 /* AppDelegate.swift */,
				CE82DF712C22AA3C00937DC7 /* SceneDelegate.swift */,
				CE82DF782C22AA3E00937DC7 /* Assets.xcassets */,
				CE82DF7A2C22AA3E00937DC7 /* LaunchScreen.storyboard */,
				CE82DF7D2C22AA3E00937DC7 /* Info.plist */,
			);
			path = "day24 Assignment";
			sourceTree = "<group>";
		};
		CE82DF832C22B1CA00937DC7 /* Views */ = {
			isa = PBXGroup;
			children = (
				CE82DF892C22B29900937DC7 /* WeatherCheck */,
				CE82DF862C22B1EC00937DC7 /* Restaurant */,
				CE82DF842C22B1D400937DC7 /* TabBarController.swift */,
			);
			path = Views;
			sourceTree = "<group>";
		};
		CE82DF862C22B1EC00937DC7 /* Restaurant */ = {
			isa = PBXGroup;
			children = (
				CE82DF872C22B21400937DC7 /* RestaurantViewController.swift */,
			);
			path = Restaurant;
			sourceTree = "<group>";
		};
		CE82DF892C22B29900937DC7 /* WeatherCheck */ = {
			isa = PBXGroup;
			children = (
				CE82DF8A2C22B2D100937DC7 /* WeatherCheckViewController.swift */,
				CE82DFAD2C286A0400937DC7 /* TestViewController.swift */,
			);
			path = WeatherCheck;
			sourceTree = "<group>";
		};
		CE82DF8C2C22B3E400937DC7 /* Constants */ = {
			isa = PBXGroup;
			children = (
				CE82DF8D2C22B3ED00937DC7 /* Constants.swift */,
			);
			path = Constants;
			sourceTree = "<group>";
		};
		CE82DF922C22B67200937DC7 /* Models */ = {
			isa = PBXGroup;
			children = (
				CE82DF932C22B67B00937DC7 /* Restaurant.swift */,
			);
			path = Models;
			sourceTree = "<group>";
		};
		CE82DF982C22BC3200937DC7 /* Extensions */ = {
			isa = PBXGroup;
			children = (
				CE82DF992C22BC3A00937DC7 /* UIButton+Extension.swift */,
			);
			path = Extensions;
			sourceTree = "<group>";
		};
		CE82DF9B2C22BE6600937DC7 /* Manager */ = {
			isa = PBXGroup;
			children = (
				CE82DF9C2C22BE6E00937DC7 /* CustomLocationManager.swift */,
			);
			path = Manager;
			sourceTree = "<group>";
		};
		CE82DF9E2C23409B00937DC7 /* Protocols */ = {
			isa = PBXGroup;
			children = (
				CE82DF9F2C2340A200937DC7 /* Reusable.swift */,
			);
			path = Protocols;
			sourceTree = "<group>";
		};
/* End PBXGroup section */

/* Begin PBXNativeTarget section */
		CE82DF6B2C22AA3C00937DC7 /* day24 Assignment */ = {
			isa = PBXNativeTarget;
			buildConfigurationList = CE82DF802C22AA3E00937DC7 /* Build configuration list for PBXNativeTarget "day24 Assignment" */;
			buildPhases = (
				CE82DF682C22AA3C00937DC7 /* Sources */,
				CE82DF692C22AA3C00937DC7 /* Frameworks */,
				CE82DF6A2C22AA3C00937DC7 /* Resources */,
			);
			buildRules = (
			);
			dependencies = (
			);
			name = "day24 Assignment";
			packageProductDependencies = (
				CE82DF962C22B6C400937DC7 /* SnapKit */,
			);
			productName = "day24 Assignment";
			productReference = CE82DF6C2C22AA3C00937DC7 /* day24 Assignment.app */;
			productType = "com.apple.product-type.application";
		};
/* End PBXNativeTarget section */

/* Begin PBXProject section */
		CE82DF642C22AA3C00937DC7 /* Project object */ = {
			isa = PBXProject;
			attributes = {
				BuildIndependentTargetsInParallel = 1;
				LastSwiftUpdateCheck = 1530;
				LastUpgradeCheck = 1530;
				TargetAttributes = {
					CE82DF6B2C22AA3C00937DC7 = {
						CreatedOnToolsVersion = 15.3;
					};
				};
			};
			buildConfigurationList = CE82DF672C22AA3C00937DC7 /* Build configuration list for PBXProject "day24 Assignment" */;
			compatibilityVersion = "Xcode 14.0";
			developmentRegion = en;
			hasScannedForEncodings = 0;
			knownRegions = (
				en,
				Base,
			);
			mainGroup = CE82DF632C22AA3C00937DC7;
			packageReferences = (
				CE82DF952C22B6C400937DC7 /* XCRemoteSwiftPackageReference "SnapKit" */,
			);
			productRefGroup = CE82DF6D2C22AA3C00937DC7 /* Products */;
			projectDirPath = "";
			projectRoot = "";
			targets = (
				CE82DF6B2C22AA3C00937DC7 /* day24 Assignment */,
			);
		};
/* End PBXProject section */

/* Begin PBXResourcesBuildPhase section */
		CE82DF6A2C22AA3C00937DC7 /* Resources */ = {
			isa = PBXResourcesBuildPhase;
			buildActionMask = 2147483647;
			files = (
				CE82DF792C22AA3E00937DC7 /* Assets.xcassets in Resources */,
				CE82DF7C2C22AA3E00937DC7 /* Base in Resources */,
			);
			runOnlyForDeploymentPostprocessing = 0;
		};
/* End PBXResourcesBuildPhase section */

/* Begin PBXSourcesBuildPhase section */
		CE82DF682C22AA3C00937DC7 /* Sources */ = {
			isa = PBXSourcesBuildPhase;
			buildActionMask = 2147483647;
			files = (
				CE82DF852C22B1D400937DC7 /* TabBarController.swift in Sources */,
				CE82DF882C22B21400937DC7 /* RestaurantViewController.swift in Sources */,
				CE82DFAE2C286A0400937DC7 /* TestViewController.swift in Sources */,
				CE82DF8B2C22B2D100937DC7 /* WeatherCheckViewController.swift in Sources */,
				CE82DF942C22B67B00937DC7 /* Restaurant.swift in Sources */,
				CE82DFA02C2340A200937DC7 /* Reusable.swift in Sources */,
				CE82DF702C22AA3C00937DC7 /* AppDelegate.swift in Sources */,
				CE82DF9A2C22BC3A00937DC7 /* UIButton+Extension.swift in Sources */,
				CE82DF722C22AA3C00937DC7 /* SceneDelegate.swift in Sources */,
				CE82DF8E2C22B3ED00937DC7 /* Constants.swift in Sources */,
				CE82DF9D2C22BE6E00937DC7 /* CustomLocationManager.swift in Sources */,
			);
			runOnlyForDeploymentPostprocessing = 0;
		};
/* End PBXSourcesBuildPhase section */

/* Begin PBXVariantGroup section */
		CE82DF7A2C22AA3E00937DC7 /* LaunchScreen.storyboard */ = {
			isa = PBXVariantGroup;
			children = (
				CE82DF7B2C22AA3E00937DC7 /* Base */,
			);
			name = LaunchScreen.storyboard;
			sourceTree = "<group>";
		};
/* End PBXVariantGroup section */

/* Begin XCBuildConfiguration section */
		CE82DF7E2C22AA3E00937DC7 /* Debug */ = {
			isa = XCBuildConfiguration;
			buildSettings = {
				ALWAYS_SEARCH_USER_PATHS = NO;
				ASSETCATALOG_COMPILER_GENERATE_SWIFT_ASSET_SYMBOL_EXTENSIONS = YES;
				CLANG_ANALYZER_NONNULL = YES;
				CLANG_ANALYZER_NUMBER_OBJECT_CONVERSION = YES_AGGRESSIVE;
				CLANG_CXX_LANGUAGE_STANDARD = "gnu++20";
				CLANG_ENABLE_MODULES = YES;
				CLANG_ENABLE_OBJC_ARC = YES;
				CLANG_ENABLE_OBJC_WEAK = YES;
				CLANG_WARN_BLOCK_CAPTURE_AUTORELEASING = YES;
				CLANG_WARN_BOOL_CONVERSION = YES;
				CLANG_WARN_COMMA = YES;
				CLANG_WARN_CONSTANT_CONVERSION = YES;
				CLANG_WARN_DEPRECATED_OBJC_IMPLEMENTATIONS = YES;
				CLANG_WARN_DIRECT_OBJC_ISA_USAGE = YES_ERROR;
				CLANG_WARN_DOCUMENTATION_COMMENTS = YES;
				CLANG_WARN_EMPTY_BODY = YES;
				CLANG_WARN_ENUM_CONVERSION = YES;
				CLANG_WARN_INFINITE_RECURSION = YES;
				CLANG_WARN_INT_CONVERSION = YES;
				CLANG_WARN_NON_LITERAL_NULL_CONVERSION = YES;
				CLANG_WARN_OBJC_IMPLICIT_RETAIN_SELF = YES;
				CLANG_WARN_OBJC_LITERAL_CONVERSION = YES;
				CLANG_WARN_OBJC_ROOT_CLASS = YES_ERROR;
				CLANG_WARN_QUOTED_INCLUDE_IN_FRAMEWORK_HEADER = YES;
				CLANG_WARN_RANGE_LOOP_ANALYSIS = YES;
				CLANG_WARN_STRICT_PROTOTYPES = YES;
				CLANG_WARN_SUSPICIOUS_MOVE = YES;
				CLANG_WARN_UNGUARDED_AVAILABILITY = YES_AGGRESSIVE;
				CLANG_WARN_UNREACHABLE_CODE = YES;
				CLANG_WARN__DUPLICATE_METHOD_MATCH = YES;
				COPY_PHASE_STRIP = NO;
				DEBUG_INFORMATION_FORMAT = dwarf;
				ENABLE_STRICT_OBJC_MSGSEND = YES;
				ENABLE_TESTABILITY = YES;
				ENABLE_USER_SCRIPT_SANDBOXING = YES;
				GCC_C_LANGUAGE_STANDARD = gnu17;
				GCC_DYNAMIC_NO_PIC = NO;
				GCC_NO_COMMON_BLOCKS = YES;
				GCC_OPTIMIZATION_LEVEL = 0;
				GCC_PREPROCESSOR_DEFINITIONS = (
					"DEBUG=1",
					"$(inherited)",
				);
				GCC_WARN_64_TO_32_BIT_CONVERSION = YES;
				GCC_WARN_ABOUT_RETURN_TYPE = YES_ERROR;
				GCC_WARN_UNDECLARED_SELECTOR = YES;
				GCC_WARN_UNINITIALIZED_AUTOS = YES_AGGRESSIVE;
				GCC_WARN_UNUSED_FUNCTION = YES;
				GCC_WARN_UNUSED_VARIABLE = YES;
				IPHONEOS_DEPLOYMENT_TARGET = 17.4;
				LOCALIZATION_PREFERS_STRING_CATALOGS = YES;
				MTL_ENABLE_DEBUG_INFO = INCLUDE_SOURCE;
				MTL_FAST_MATH = YES;
				ONLY_ACTIVE_ARCH = YES;
				SDKROOT = iphoneos;
				SWIFT_ACTIVE_COMPILATION_CONDITIONS = "DEBUG $(inherited)";
				SWIFT_OPTIMIZATION_LEVEL = "-Onone";
			};
			name = Debug;
		};
		CE82DF7F2C22AA3E00937DC7 /* Release */ = {
			isa = XCBuildConfiguration;
			buildSettings = {
				ALWAYS_SEARCH_USER_PATHS = NO;
				ASSETCATALOG_COMPILER_GENERATE_SWIFT_ASSET_SYMBOL_EXTENSIONS = YES;
				CLANG_ANALYZER_NONNULL = YES;
				CLANG_ANALYZER_NUMBER_OBJECT_CONVERSION = YES_AGGRESSIVE;
				CLANG_CXX_LANGUAGE_STANDARD = "gnu++20";
				CLANG_ENABLE_MODULES = YES;
				CLANG_ENABLE_OBJC_ARC = YES;
				CLANG_ENABLE_OBJC_WEAK = YES;
				CLANG_WARN_BLOCK_CAPTURE_AUTORELEASING = YES;
				CLANG_WARN_BOOL_CONVERSION = YES;
				CLANG_WARN_COMMA = YES;
				CLANG_WARN_CONSTANT_CONVERSION = YES;
				CLANG_WARN_DEPRECATED_OBJC_IMPLEMENTATIONS = YES;
				CLANG_WARN_DIRECT_OBJC_ISA_USAGE = YES_ERROR;
				CLANG_WARN_DOCUMENTATION_COMMENTS = YES;
				CLANG_WARN_EMPTY_BODY = YES;
				CLANG_WARN_ENUM_CONVERSION = YES;
				CLANG_WARN_INFINITE_RECURSION = YES;
				CLANG_WARN_INT_CONVERSION = YES;
				CLANG_WARN_NON_LITERAL_NULL_CONVERSION = YES;
				CLANG_WARN_OBJC_IMPLICIT_RETAIN_SELF = YES;
				CLANG_WARN_OBJC_LITERAL_CONVERSION = YES;
				CLANG_WARN_OBJC_ROOT_CLASS = YES_ERROR;
				CLANG_WARN_QUOTED_INCLUDE_IN_FRAMEWORK_HEADER = YES;
				CLANG_WARN_RANGE_LOOP_ANALYSIS = YES;
				CLANG_WARN_STRICT_PROTOTYPES = YES;
				CLANG_WARN_SUSPICIOUS_MOVE = YES;
				CLANG_WARN_UNGUARDED_AVAILABILITY = YES_AGGRESSIVE;
				CLANG_WARN_UNREACHABLE_CODE = YES;
				CLANG_WARN__DUPLICATE_METHOD_MATCH = YES;
				COPY_PHASE_STRIP = NO;
				DEBUG_INFORMATION_FORMAT = "dwarf-with-dsym";
				ENABLE_NS_ASSERTIONS = NO;
				ENABLE_STRICT_OBJC_MSGSEND = YES;
				ENABLE_USER_SCRIPT_SANDBOXING = YES;
				GCC_C_LANGUAGE_STANDARD = gnu17;
				GCC_NO_COMMON_BLOCKS = YES;
				GCC_WARN_64_TO_32_BIT_CONVERSION = YES;
				GCC_WARN_ABOUT_RETURN_TYPE = YES_ERROR;
				GCC_WARN_UNDECLARED_SELECTOR = YES;
				GCC_WARN_UNINITIALIZED_AUTOS = YES_AGGRESSIVE;
				GCC_WARN_UNUSED_FUNCTION = YES;
				GCC_WARN_UNUSED_VARIABLE = YES;
				IPHONEOS_DEPLOYMENT_TARGET = 17.4;
				LOCALIZATION_PREFERS_STRING_CATALOGS = YES;
				MTL_ENABLE_DEBUG_INFO = NO;
				MTL_FAST_MATH = YES;
				SDKROOT = iphoneos;
				SWIFT_COMPILATION_MODE = wholemodule;
				VALIDATE_PRODUCT = YES;
			};
			name = Release;
		};
		CE82DF812C22AA3E00937DC7 /* Debug */ = {
			isa = XCBuildConfiguration;
			buildSettings = {
				ASSETCATALOG_COMPILER_APPICON_NAME = AppIcon;
				ASSETCATALOG_COMPILER_GLOBAL_ACCENT_COLOR_NAME = AccentColor;
				CODE_SIGN_STYLE = Automatic;
				CURRENT_PROJECT_VERSION = 1;
				GENERATE_INFOPLIST_FILE = YES;
				INFOPLIST_FILE = "day24 Assignment/Info.plist";
				INFOPLIST_KEY_CFBundleDisplayName = "day24 Assignment";
				INFOPLIST_KEY_NSLocationWhenInUseUsageDescription = "Day24Assignment에서 음식점 정보와 날씨 정보를 제공하기 위해 위치 정보가 필요합니다.";
				INFOPLIST_KEY_UIApplicationSupportsIndirectInputEvents = YES;
				INFOPLIST_KEY_UILaunchStoryboardName = LaunchScreen;
				INFOPLIST_KEY_UISupportedInterfaceOrientations = UIInterfaceOrientationPortrait;
				IPHONEOS_DEPLOYMENT_TARGET = 17.0;
				LD_RUNPATH_SEARCH_PATHS = (
					"$(inherited)",
					"@executable_path/Frameworks",
				);
				MARKETING_VERSION = 1.0;
				PRODUCT_BUNDLE_IDENTIFIER = "com.Lets.day24-Assignment";
				PRODUCT_NAME = "$(TARGET_NAME)";
				SUPPORTED_PLATFORMS = "iphoneos iphonesimulator";
				SUPPORTS_MACCATALYST = NO;
				SUPPORTS_MAC_DESIGNED_FOR_IPHONE_IPAD = NO;
				SUPPORTS_XR_DESIGNED_FOR_IPHONE_IPAD = NO;
				SWIFT_EMIT_LOC_STRINGS = YES;
				SWIFT_VERSION = 5.0;
				TARGETED_DEVICE_FAMILY = 1;
			};
			name = Debug;
		};
		CE82DF822C22AA3E00937DC7 /* Release */ = {
			isa = XCBuildConfiguration;
			buildSettings = {
				ASSETCATALOG_COMPILER_APPICON_NAME = AppIcon;
				ASSETCATALOG_COMPILER_GLOBAL_ACCENT_COLOR_NAME = AccentColor;
				CODE_SIGN_STYLE = Automatic;
				CURRENT_PROJECT_VERSION = 1;
				GENERATE_INFOPLIST_FILE = YES;
				INFOPLIST_FILE = "day24 Assignment/Info.plist";
				INFOPLIST_KEY_CFBundleDisplayName = "day24 Assignment";
				INFOPLIST_KEY_NSLocationWhenInUseUsageDescription = "Day24Assignment에서 음식점 정보와 날씨 정보를 제공하기 위해 위치 정보가 필요합니다.";
				INFOPLIST_KEY_UIApplicationSupportsIndirectInputEvents = YES;
				INFOPLIST_KEY_UILaunchStoryboardName = LaunchScreen;
				INFOPLIST_KEY_UISupportedInterfaceOrientations = UIInterfaceOrientationPortrait;
				IPHONEOS_DEPLOYMENT_TARGET = 17.0;
				LD_RUNPATH_SEARCH_PATHS = (
					"$(inherited)",
					"@executable_path/Frameworks",
				);
				MARKETING_VERSION = 1.0;
				PRODUCT_BUNDLE_IDENTIFIER = "com.Lets.day24-Assignment";
				PRODUCT_NAME = "$(TARGET_NAME)";
				SUPPORTED_PLATFORMS = "iphoneos iphonesimulator";
				SUPPORTS_MACCATALYST = NO;
				SUPPORTS_MAC_DESIGNED_FOR_IPHONE_IPAD = NO;
				SUPPORTS_XR_DESIGNED_FOR_IPHONE_IPAD = NO;
				SWIFT_EMIT_LOC_STRINGS = YES;
				SWIFT_VERSION = 5.0;
				TARGETED_DEVICE_FAMILY = 1;
			};
			name = Release;
		};
/* End XCBuildConfiguration section */

/* Begin XCConfigurationList section */
		CE82DF672C22AA3C00937DC7 /* Build configuration list for PBXProject "day24 Assignment" */ = {
			isa = XCConfigurationList;
			buildConfigurations = (
				CE82DF7E2C22AA3E00937DC7 /* Debug */,
				CE82DF7F2C22AA3E00937DC7 /* Release */,
			);
			defaultConfigurationIsVisible = 0;
			defaultConfigurationName = Release;
		};
		CE82DF802C22AA3E00937DC7 /* Build configuration list for PBXNativeTarget "day24 Assignment" */ = {
			isa = XCConfigurationList;
			buildConfigurations = (
				CE82DF812C22AA3E00937DC7 /* Debug */,
				CE82DF822C22AA3E00937DC7 /* Release */,
			);
			defaultConfigurationIsVisible = 0;
			defaultConfigurationName = Release;
		};
/* End XCConfigurationList section */

/* Begin XCRemoteSwiftPackageReference section */
		CE82DF952C22B6C400937DC7 /* XCRemoteSwiftPackageReference "SnapKit" */ = {
			isa = XCRemoteSwiftPackageReference;
			repositoryURL = "https://github.com/SnapKit/SnapKit.git";
			requirement = {
				kind = upToNextMajorVersion;
				minimumVersion = 5.7.1;
			};
		};
/* End XCRemoteSwiftPackageReference section */

/* Begin XCSwiftPackageProductDependency section */
		CE82DF962C22B6C400937DC7 /* SnapKit */ = {
			isa = XCSwiftPackageProductDependency;
			package = CE82DF952C22B6C400937DC7 /* XCRemoteSwiftPackageReference "SnapKit" */;
			productName = SnapKit;
		};
/* End XCSwiftPackageProductDependency section */
	};
	rootObject = CE82DF642C22AA3C00937DC7 /* Project object */;
}
