// !$*UTF8*$!
{
	archiveVersion = 1;
	classes = {
	};
	objectVersion = 56;
	objects = {

/* Begin PBXBuildFile section */
		CECB5EE02C5C85AD00330A4C /* AppDelegate.swift in Sources */ = {isa = PBXBuildFile; fileRef = CECB5EDF2C5C85AD00330A4C /* AppDelegate.swift */; };
		CECB5EE22C5C85AD00330A4C /* SceneDelegate.swift in Sources */ = {isa = PBXBuildFile; fileRef = CECB5EE12C5C85AD00330A4C /* SceneDelegate.swift */; };
		CECB5EE92C5C85AE00330A4C /* Assets.xcassets in Resources */ = {isa = PBXBuildFile; fileRef = CECB5EE82C5C85AE00330A4C /* Assets.xcassets */; };
		CECB5EEC2C5C85AE00330A4C /* Base in Resources */ = {isa = PBXBuildFile; fileRef = CECB5EEB2C5C85AE00330A4C /* Base */; };
		CECB5EF42C5C85FF00330A4C /* .gitignore in Resources */ = {isa = PBXBuildFile; fileRef = CECB5EF32C5C85FF00330A4C /* .gitignore */; };
		CECB5EF62C5C87A600330A4C /* PasswordViewController.swift in Sources */ = {isa = PBXBuildFile; fileRef = CECB5EF52C5C87A600330A4C /* PasswordViewController.swift */; };
		CECB5EF92C5C885800330A4C /* SnapKit in Frameworks */ = {isa = PBXBuildFile; productRef = CECB5EF82C5C885800330A4C /* SnapKit */; };
		CECB5EFC2C5C886B00330A4C /* RxCocoa in Frameworks */ = {isa = PBXBuildFile; productRef = CECB5EFB2C5C886B00330A4C /* RxCocoa */; };
		CECB5EFE2C5C886B00330A4C /* RxSwift in Frameworks */ = {isa = PBXBuildFile; productRef = CECB5EFD2C5C886B00330A4C /* RxSwift */; };
		CECB5F002C5F4FBB00330A4C /* AssignmentButton.swift in Sources */ = {isa = PBXBuildFile; fileRef = CECB5EFF2C5F4FBB00330A4C /* AssignmentButton.swift */; };
		CECB5F022C5F566A00330A4C /* PhoneViewController.swift in Sources */ = {isa = PBXBuildFile; fileRef = CECB5F012C5F566A00330A4C /* PhoneViewController.swift */; };
		CECB5F042C5F59AC00330A4C /* AssignmentTextField.swift in Sources */ = {isa = PBXBuildFile; fileRef = CECB5F032C5F59AC00330A4C /* AssignmentTextField.swift */; };
		CECB5F082C5F824700330A4C /* BirthdayViewController.swift in Sources */ = {isa = PBXBuildFile; fileRef = CECB5F072C5F824700330A4C /* BirthdayViewController.swift */; };
		CECB5F0A2C5FCDD000330A4C /* TodoViewController.swift in Sources */ = {isa = PBXBuildFile; fileRef = CECB5F092C5FCDD000330A4C /* TodoViewController.swift */; };
		CECB5F0C2C5FE2A300330A4C /* AssignmentTableViewCell.swift in Sources */ = {isa = PBXBuildFile; fileRef = CECB5F0B2C5FE2A300330A4C /* AssignmentTableViewCell.swift */; };
		CECB5F132C6112CD00330A4C /* PasswordViewModel.swift in Sources */ = {isa = PBXBuildFile; fileRef = CECB5F122C6112CD00330A4C /* PasswordViewModel.swift */; };
		CECB5F162C61212F00330A4C /* Colors.swift in Sources */ = {isa = PBXBuildFile; fileRef = CECB5F152C61212F00330A4C /* Colors.swift */; };
		CECB5F182C61353700330A4C /* PhoneViewModel.swift in Sources */ = {isa = PBXBuildFile; fileRef = CECB5F172C61353700330A4C /* PhoneViewModel.swift */; };
		CECB5F1A2C613DBC00330A4C /* BirthdayViewModel.swift in Sources */ = {isa = PBXBuildFile; fileRef = CECB5F192C613DBC00330A4C /* BirthdayViewModel.swift */; };
/* End PBXBuildFile section */

/* Begin PBXFileReference section */
		CECB5EDC2C5C85AD00330A4C /* RxLogin.app */ = {isa = PBXFileReference; explicitFileType = wrapper.application; includeInIndex = 0; path = RxLogin.app; sourceTree = BUILT_PRODUCTS_DIR; };
		CECB5EDF2C5C85AD00330A4C /* AppDelegate.swift */ = {isa = PBXFileReference; lastKnownFileType = sourcecode.swift; path = AppDelegate.swift; sourceTree = "<group>"; };
		CECB5EE12C5C85AD00330A4C /* SceneDelegate.swift */ = {isa = PBXFileReference; lastKnownFileType = sourcecode.swift; path = SceneDelegate.swift; sourceTree = "<group>"; };
		CECB5EE82C5C85AE00330A4C /* Assets.xcassets */ = {isa = PBXFileReference; lastKnownFileType = folder.assetcatalog; path = Assets.xcassets; sourceTree = "<group>"; };
		CECB5EEB2C5C85AE00330A4C /* Base */ = {isa = PBXFileReference; lastKnownFileType = file.storyboard; name = Base; path = Base.lproj/LaunchScreen.storyboard; sourceTree = "<group>"; };
		CECB5EED2C5C85AE00330A4C /* Info.plist */ = {isa = PBXFileReference; lastKnownFileType = text.plist.xml; path = Info.plist; sourceTree = "<group>"; };
		CECB5EF32C5C85FF00330A4C /* .gitignore */ = {isa = PBXFileReference; lastKnownFileType = text; path = .gitignore; sourceTree = "<group>"; };
		CECB5EF52C5C87A600330A4C /* PasswordViewController.swift */ = {isa = PBXFileReference; lastKnownFileType = sourcecode.swift; path = PasswordViewController.swift; sourceTree = "<group>"; };
		CECB5EFF2C5F4FBB00330A4C /* AssignmentButton.swift */ = {isa = PBXFileReference; lastKnownFileType = sourcecode.swift; path = AssignmentButton.swift; sourceTree = "<group>"; };
		CECB5F012C5F566A00330A4C /* PhoneViewController.swift */ = {isa = PBXFileReference; lastKnownFileType = sourcecode.swift; path = PhoneViewController.swift; sourceTree = "<group>"; };
		CECB5F032C5F59AC00330A4C /* AssignmentTextField.swift */ = {isa = PBXFileReference; lastKnownFileType = sourcecode.swift; path = AssignmentTextField.swift; sourceTree = "<group>"; };
		CECB5F072C5F824700330A4C /* BirthdayViewController.swift */ = {isa = PBXFileReference; lastKnownFileType = sourcecode.swift; path = BirthdayViewController.swift; sourceTree = "<group>"; };
		CECB5F092C5FCDD000330A4C /* TodoViewController.swift */ = {isa = PBXFileReference; lastKnownFileType = sourcecode.swift; path = TodoViewController.swift; sourceTree = "<group>"; };
		CECB5F0B2C5FE2A300330A4C /* AssignmentTableViewCell.swift */ = {isa = PBXFileReference; lastKnownFileType = sourcecode.swift; path = AssignmentTableViewCell.swift; sourceTree = "<group>"; };
		CECB5F122C6112CD00330A4C /* PasswordViewModel.swift */ = {isa = PBXFileReference; lastKnownFileType = sourcecode.swift; path = PasswordViewModel.swift; sourceTree = "<group>"; };
		CECB5F152C61212F00330A4C /* Colors.swift */ = {isa = PBXFileReference; lastKnownFileType = sourcecode.swift; path = Colors.swift; sourceTree = "<group>"; };
		CECB5F172C61353700330A4C /* PhoneViewModel.swift */ = {isa = PBXFileReference; lastKnownFileType = sourcecode.swift; path = PhoneViewModel.swift; sourceTree = "<group>"; };
		CECB5F192C613DBC00330A4C /* BirthdayViewModel.swift */ = {isa = PBXFileReference; lastKnownFileType = sourcecode.swift; path = BirthdayViewModel.swift; sourceTree = "<group>"; };
/* End PBXFileReference section */

/* Begin PBXFrameworksBuildPhase section */
		CECB5ED92C5C85AD00330A4C /* Frameworks */ = {
			isa = PBXFrameworksBuildPhase;
			buildActionMask = 2147483647;
			files = (
				CECB5EFE2C5C886B00330A4C /* RxSwift in Frameworks */,
				CECB5EFC2C5C886B00330A4C /* RxCocoa in Frameworks */,
				CECB5EF92C5C885800330A4C /* SnapKit in Frameworks */,
			);
			runOnlyForDeploymentPostprocessing = 0;
		};
/* End PBXFrameworksBuildPhase section */

/* Begin PBXGroup section */
		CECB5ED32C5C85AD00330A4C = {
			isa = PBXGroup;
			children = (
				CECB5EF32C5C85FF00330A4C /* .gitignore */,
				CECB5EDE2C5C85AD00330A4C /* RxLogin */,
				CECB5EDD2C5C85AD00330A4C /* Products */,
			);
			sourceTree = "<group>";
		};
		CECB5EDD2C5C85AD00330A4C /* Products */ = {
			isa = PBXGroup;
			children = (
				CECB5EDC2C5C85AD00330A4C /* RxLogin.app */,
			);
			name = Products;
			sourceTree = "<group>";
		};
		CECB5EDE2C5C85AD00330A4C /* RxLogin */ = {
			isa = PBXGroup;
			children = (
				CECB5F142C61212A00330A4C /* Constants */,
				CECB5F112C61120E00330A4C /* ViewModels */,
				CECB5F062C5F5B7700330A4C /* ViewControllers */,
				CECB5F052C5F5B6400330A4C /* Components */,
				CECB5EDF2C5C85AD00330A4C /* AppDelegate.swift */,
				CECB5EE12C5C85AD00330A4C /* SceneDelegate.swift */,
				CECB5EE82C5C85AE00330A4C /* Assets.xcassets */,
				CECB5EEA2C5C85AE00330A4C /* LaunchScreen.storyboard */,
				CECB5EED2C5C85AE00330A4C /* Info.plist */,
			);
			path = RxLogin;
			sourceTree = "<group>";
		};
		CECB5F052C5F5B6400330A4C /* Components */ = {
			isa = PBXGroup;
			children = (
				CECB5EFF2C5F4FBB00330A4C /* AssignmentButton.swift */,
				CECB5F032C5F59AC00330A4C /* AssignmentTextField.swift */,
				CECB5F0B2C5FE2A300330A4C /* AssignmentTableViewCell.swift */,
			);
			path = Components;
			sourceTree = "<group>";
		};
		CECB5F062C5F5B7700330A4C /* ViewControllers */ = {
			isa = PBXGroup;
			children = (
				CECB5EF52C5C87A600330A4C /* PasswordViewController.swift */,
				CECB5F012C5F566A00330A4C /* PhoneViewController.swift */,
				CECB5F072C5F824700330A4C /* BirthdayViewController.swift */,
				CECB5F092C5FCDD000330A4C /* TodoViewController.swift */,
			);
			path = ViewControllers;
			sourceTree = "<group>";
		};
		CECB5F112C61120E00330A4C /* ViewModels */ = {
			isa = PBXGroup;
			children = (
				CECB5F122C6112CD00330A4C /* PasswordViewModel.swift */,
				CECB5F172C61353700330A4C /* PhoneViewModel.swift */,
				CECB5F192C613DBC00330A4C /* BirthdayViewModel.swift */,
			);
			path = ViewModels;
			sourceTree = "<group>";
		};
		CECB5F142C61212A00330A4C /* Constants */ = {
			isa = PBXGroup;
			children = (
				CECB5F152C61212F00330A4C /* Colors.swift */,
			);
			path = Constants;
			sourceTree = "<group>";
		};
/* End PBXGroup section */

/* Begin PBXNativeTarget section */
		CECB5EDB2C5C85AD00330A4C /* RxLogin */ = {
			isa = PBXNativeTarget;
			buildConfigurationList = CECB5EF02C5C85AE00330A4C /* Build configuration list for PBXNativeTarget "RxLogin" */;
			buildPhases = (
				CECB5ED82C5C85AD00330A4C /* Sources */,
				CECB5ED92C5C85AD00330A4C /* Frameworks */,
				CECB5EDA2C5C85AD00330A4C /* Resources */,
			);
			buildRules = (
			);
			dependencies = (
			);
			name = RxLogin;
			packageProductDependencies = (
				CECB5EF82C5C885800330A4C /* SnapKit */,
				CECB5EFB2C5C886B00330A4C /* RxCocoa */,
				CECB5EFD2C5C886B00330A4C /* RxSwift */,
			);
			productName = RxLogin;
			productReference = CECB5EDC2C5C85AD00330A4C /* RxLogin.app */;
			productType = "com.apple.product-type.application";
		};
/* End PBXNativeTarget section */

/* Begin PBXProject section */
		CECB5ED42C5C85AD00330A4C /* Project object */ = {
			isa = PBXProject;
			attributes = {
				BuildIndependentTargetsInParallel = 1;
				LastSwiftUpdateCheck = 1530;
				LastUpgradeCheck = 1530;
				TargetAttributes = {
					CECB5EDB2C5C85AD00330A4C = {
						CreatedOnToolsVersion = 15.3;
					};
				};
			};
			buildConfigurationList = CECB5ED72C5C85AD00330A4C /* Build configuration list for PBXProject "RxLogin" */;
			compatibilityVersion = "Xcode 14.0";
			developmentRegion = en;
			hasScannedForEncodings = 0;
			knownRegions = (
				en,
				Base,
			);
			mainGroup = CECB5ED32C5C85AD00330A4C;
			packageReferences = (
				CECB5EF72C5C885800330A4C /* XCRemoteSwiftPackageReference "SnapKit" */,
				CECB5EFA2C5C886B00330A4C /* XCRemoteSwiftPackageReference "RxSwift" */,
			);
			productRefGroup = CECB5EDD2C5C85AD00330A4C /* Products */;
			projectDirPath = "";
			projectRoot = "";
			targets = (
				CECB5EDB2C5C85AD00330A4C /* RxLogin */,
			);
		};
/* End PBXProject section */

/* Begin PBXResourcesBuildPhase section */
		CECB5EDA2C5C85AD00330A4C /* Resources */ = {
			isa = PBXResourcesBuildPhase;
			buildActionMask = 2147483647;
			files = (
				CECB5EF42C5C85FF00330A4C /* .gitignore in Resources */,
				CECB5EE92C5C85AE00330A4C /* Assets.xcassets in Resources */,
				CECB5EEC2C5C85AE00330A4C /* Base in Resources */,
			);
			runOnlyForDeploymentPostprocessing = 0;
		};
/* End PBXResourcesBuildPhase section */

/* Begin PBXSourcesBuildPhase section */
		CECB5ED82C5C85AD00330A4C /* Sources */ = {
			isa = PBXSourcesBuildPhase;
			buildActionMask = 2147483647;
			files = (
				CECB5F1A2C613DBC00330A4C /* BirthdayViewModel.swift in Sources */,
				CECB5F0A2C5FCDD000330A4C /* TodoViewController.swift in Sources */,
				CECB5F162C61212F00330A4C /* Colors.swift in Sources */,
				CECB5F0C2C5FE2A300330A4C /* AssignmentTableViewCell.swift in Sources */,
				CECB5F042C5F59AC00330A4C /* AssignmentTextField.swift in Sources */,
				CECB5EF62C5C87A600330A4C /* PasswordViewController.swift in Sources */,
				CECB5EE02C5C85AD00330A4C /* AppDelegate.swift in Sources */,
				CECB5F022C5F566A00330A4C /* PhoneViewController.swift in Sources */,
				CECB5F002C5F4FBB00330A4C /* AssignmentButton.swift in Sources */,
				CECB5EE22C5C85AD00330A4C /* SceneDelegate.swift in Sources */,
				CECB5F182C61353700330A4C /* PhoneViewModel.swift in Sources */,
				CECB5F082C5F824700330A4C /* BirthdayViewController.swift in Sources */,
				CECB5F132C6112CD00330A4C /* PasswordViewModel.swift in Sources */,
			);
			runOnlyForDeploymentPostprocessing = 0;
		};
/* End PBXSourcesBuildPhase section */

/* Begin PBXVariantGroup section */
		CECB5EEA2C5C85AE00330A4C /* LaunchScreen.storyboard */ = {
			isa = PBXVariantGroup;
			children = (
				CECB5EEB2C5C85AE00330A4C /* Base */,
			);
			name = LaunchScreen.storyboard;
			sourceTree = "<group>";
		};
/* End PBXVariantGroup section */

/* Begin XCBuildConfiguration section */
		CECB5EEE2C5C85AE00330A4C /* Debug */ = {
			isa = XCBuildConfiguration;
			buildSettings = {
				ALWAYS_SEARCH_USER_PATHS = NO;
				ASSETCATALOG_COMPILER_GENERATE_SWIFT_ASSET_SYMBOL_EXTENSIONS = YES;
				CLANG_ANALYZER_NONNULL = YES;
				CLANG_ANALYZER_NUMBER_OBJECT_CONVERSION = YES_AGGRESSIVE;
				CLANG_CXX_LANGUAGE_STANDARD = "gnu++20";
				CLANG_ENABLE_MODULES = YES;
				CLANG_ENABLE_OBJC_ARC = YES;
				CLANG_ENABLE_OBJC_WEAK = YES;
				CLANG_WARN_BLOCK_CAPTURE_AUTORELEASING = YES;
				CLANG_WARN_BOOL_CONVERSION = YES;
				CLANG_WARN_COMMA = YES;
				CLANG_WARN_CONSTANT_CONVERSION = YES;
				CLANG_WARN_DEPRECATED_OBJC_IMPLEMENTATIONS = YES;
				CLANG_WARN_DIRECT_OBJC_ISA_USAGE = YES_ERROR;
				CLANG_WARN_DOCUMENTATION_COMMENTS = YES;
				CLANG_WARN_EMPTY_BODY = YES;
				CLANG_WARN_ENUM_CONVERSION = YES;
				CLANG_WARN_INFINITE_RECURSION = YES;
				CLANG_WARN_INT_CONVERSION = YES;
				CLANG_WARN_NON_LITERAL_NULL_CONVERSION = YES;
				CLANG_WARN_OBJC_IMPLICIT_RETAIN_SELF = YES;
				CLANG_WARN_OBJC_LITERAL_CONVERSION = YES;
				CLANG_WARN_OBJC_ROOT_CLASS = YES_ERROR;
				CLANG_WARN_QUOTED_INCLUDE_IN_FRAMEWORK_HEADER = YES;
				CLANG_WARN_RANGE_LOOP_ANALYSIS = YES;
				CLANG_WARN_STRICT_PROTOTYPES = YES;
				CLANG_WARN_SUSPICIOUS_MOVE = YES;
				CLANG_WARN_UNGUARDED_AVAILABILITY = YES_AGGRESSIVE;
				CLANG_WARN_UNREACHABLE_CODE = YES;
				CLANG_WARN__DUPLICATE_METHOD_MATCH = YES;
				COPY_PHASE_STRIP = NO;
				DEBUG_INFORMATION_FORMAT = dwarf;
				ENABLE_STRICT_OBJC_MSGSEND = YES;
				ENABLE_TESTABILITY = YES;
				ENABLE_USER_SCRIPT_SANDBOXING = YES;
				GCC_C_LANGUAGE_STANDARD = gnu17;
				GCC_DYNAMIC_NO_PIC = NO;
				GCC_NO_COMMON_BLOCKS = YES;
				GCC_OPTIMIZATION_LEVEL = 0;
				GCC_PREPROCESSOR_DEFINITIONS = (
					"DEBUG=1",
					"$(inherited)",
				);
				GCC_WARN_64_TO_32_BIT_CONVERSION = YES;
				GCC_WARN_ABOUT_RETURN_TYPE = YES_ERROR;
				GCC_WARN_UNDECLARED_SELECTOR = YES;
				GCC_WARN_UNINITIALIZED_AUTOS = YES_AGGRESSIVE;
				GCC_WARN_UNUSED_FUNCTION = YES;
				GCC_WARN_UNUSED_VARIABLE = YES;
				IPHONEOS_DEPLOYMENT_TARGET = 17.4;
				LOCALIZATION_PREFERS_STRING_CATALOGS = YES;
				MTL_ENABLE_DEBUG_INFO = INCLUDE_SOURCE;
				MTL_FAST_MATH = YES;
				ONLY_ACTIVE_ARCH = YES;
				SDKROOT = iphoneos;
				SWIFT_ACTIVE_COMPILATION_CONDITIONS = "DEBUG $(inherited)";
				SWIFT_OPTIMIZATION_LEVEL = "-Onone";
			};
			name = Debug;
		};
		CECB5EEF2C5C85AE00330A4C /* Release */ = {
			isa = XCBuildConfiguration;
			buildSettings = {
				ALWAYS_SEARCH_USER_PATHS = NO;
				ASSETCATALOG_COMPILER_GENERATE_SWIFT_ASSET_SYMBOL_EXTENSIONS = YES;
				CLANG_ANALYZER_NONNULL = YES;
				CLANG_ANALYZER_NUMBER_OBJECT_CONVERSION = YES_AGGRESSIVE;
				CLANG_CXX_LANGUAGE_STANDARD = "gnu++20";
				CLANG_ENABLE_MODULES = YES;
				CLANG_ENABLE_OBJC_ARC = YES;
				CLANG_ENABLE_OBJC_WEAK = YES;
				CLANG_WARN_BLOCK_CAPTURE_AUTORELEASING = YES;
				CLANG_WARN_BOOL_CONVERSION = YES;
				CLANG_WARN_COMMA = YES;
				CLANG_WARN_CONSTANT_CONVERSION = YES;
				CLANG_WARN_DEPRECATED_OBJC_IMPLEMENTATIONS = YES;
				CLANG_WARN_DIRECT_OBJC_ISA_USAGE = YES_ERROR;
				CLANG_WARN_DOCUMENTATION_COMMENTS = YES;
				CLANG_WARN_EMPTY_BODY = YES;
				CLANG_WARN_ENUM_CONVERSION = YES;
				CLANG_WARN_INFINITE_RECURSION = YES;
				CLANG_WARN_INT_CONVERSION = YES;
				CLANG_WARN_NON_LITERAL_NULL_CONVERSION = YES;
				CLANG_WARN_OBJC_IMPLICIT_RETAIN_SELF = YES;
				CLANG_WARN_OBJC_LITERAL_CONVERSION = YES;
				CLANG_WARN_OBJC_ROOT_CLASS = YES_ERROR;
				CLANG_WARN_QUOTED_INCLUDE_IN_FRAMEWORK_HEADER = YES;
				CLANG_WARN_RANGE_LOOP_ANALYSIS = YES;
				CLANG_WARN_STRICT_PROTOTYPES = YES;
				CLANG_WARN_SUSPICIOUS_MOVE = YES;
				CLANG_WARN_UNGUARDED_AVAILABILITY = YES_AGGRESSIVE;
				CLANG_WARN_UNREACHABLE_CODE = YES;
				CLANG_WARN__DUPLICATE_METHOD_MATCH = YES;
				COPY_PHASE_STRIP = NO;
				DEBUG_INFORMATION_FORMAT = "dwarf-with-dsym";
				ENABLE_NS_ASSERTIONS = NO;
				ENABLE_STRICT_OBJC_MSGSEND = YES;
				ENABLE_USER_SCRIPT_SANDBOXING = YES;
				GCC_C_LANGUAGE_STANDARD = gnu17;
				GCC_NO_COMMON_BLOCKS = YES;
				GCC_WARN_64_TO_32_BIT_CONVERSION = YES;
				GCC_WARN_ABOUT_RETURN_TYPE = YES_ERROR;
				GCC_WARN_UNDECLARED_SELECTOR = YES;
				GCC_WARN_UNINITIALIZED_AUTOS = YES_AGGRESSIVE;
				GCC_WARN_UNUSED_FUNCTION = YES;
				GCC_WARN_UNUSED_VARIABLE = YES;
				IPHONEOS_DEPLOYMENT_TARGET = 17.4;
				LOCALIZATION_PREFERS_STRING_CATALOGS = YES;
				MTL_ENABLE_DEBUG_INFO = NO;
				MTL_FAST_MATH = YES;
				SDKROOT = iphoneos;
				SWIFT_COMPILATION_MODE = wholemodule;
				VALIDATE_PRODUCT = YES;
			};
			name = Release;
		};
		CECB5EF12C5C85AE00330A4C /* Debug */ = {
			isa = XCBuildConfiguration;
			buildSettings = {
				ASSETCATALOG_COMPILER_APPICON_NAME = AppIcon;
				ASSETCATALOG_COMPILER_GLOBAL_ACCENT_COLOR_NAME = AccentColor;
				CODE_SIGN_STYLE = Automatic;
				CURRENT_PROJECT_VERSION = 1;
				DEVELOPMENT_TEAM = CZH2CMCGCZ;
				GENERATE_INFOPLIST_FILE = YES;
				INFOPLIST_FILE = RxLogin/Info.plist;
				INFOPLIST_KEY_UIApplicationSupportsIndirectInputEvents = YES;
				INFOPLIST_KEY_UILaunchStoryboardName = LaunchScreen;
				INFOPLIST_KEY_UISupportedInterfaceOrientations_iPad = "UIInterfaceOrientationPortrait UIInterfaceOrientationPortraitUpsideDown UIInterfaceOrientationLandscapeLeft UIInterfaceOrientationLandscapeRight";
				INFOPLIST_KEY_UISupportedInterfaceOrientations_iPhone = "UIInterfaceOrientationPortrait UIInterfaceOrientationLandscapeLeft UIInterfaceOrientationLandscapeRight";
				LD_RUNPATH_SEARCH_PATHS = (
					"$(inherited)",
					"@executable_path/Frameworks",
				);
				MARKETING_VERSION = 1.0;
				PRODUCT_BUNDLE_IDENTIFIER = com.Lets.RxLogin;
				PRODUCT_NAME = "$(TARGET_NAME)";
				SUPPORTED_PLATFORMS = "iphoneos iphonesimulator";
				SUPPORTS_MACCATALYST = NO;
				SUPPORTS_MAC_DESIGNED_FOR_IPHONE_IPAD = NO;
				SUPPORTS_XR_DESIGNED_FOR_IPHONE_IPAD = NO;
				SWIFT_EMIT_LOC_STRINGS = YES;
				SWIFT_VERSION = 5.0;
				TARGETED_DEVICE_FAMILY = 1;
			};
			name = Debug;
		};
		CECB5EF22C5C85AE00330A4C /* Release */ = {
			isa = XCBuildConfiguration;
			buildSettings = {
				ASSETCATALOG_COMPILER_APPICON_NAME = AppIcon;
				ASSETCATALOG_COMPILER_GLOBAL_ACCENT_COLOR_NAME = AccentColor;
				CODE_SIGN_STYLE = Automatic;
				CURRENT_PROJECT_VERSION = 1;
				DEVELOPMENT_TEAM = CZH2CMCGCZ;
				GENERATE_INFOPLIST_FILE = YES;
				INFOPLIST_FILE = RxLogin/Info.plist;
				INFOPLIST_KEY_UIApplicationSupportsIndirectInputEvents = YES;
				INFOPLIST_KEY_UILaunchStoryboardName = LaunchScreen;
				INFOPLIST_KEY_UISupportedInterfaceOrientations_iPad = "UIInterfaceOrientationPortrait UIInterfaceOrientationPortraitUpsideDown UIInterfaceOrientationLandscapeLeft UIInterfaceOrientationLandscapeRight";
				INFOPLIST_KEY_UISupportedInterfaceOrientations_iPhone = "UIInterfaceOrientationPortrait UIInterfaceOrientationLandscapeLeft UIInterfaceOrientationLandscapeRight";
				LD_RUNPATH_SEARCH_PATHS = (
					"$(inherited)",
					"@executable_path/Frameworks",
				);
				MARKETING_VERSION = 1.0;
				PRODUCT_BUNDLE_IDENTIFIER = com.Lets.RxLogin;
				PRODUCT_NAME = "$(TARGET_NAME)";
				SUPPORTED_PLATFORMS = "iphoneos iphonesimulator";
				SUPPORTS_MACCATALYST = NO;
				SUPPORTS_MAC_DESIGNED_FOR_IPHONE_IPAD = NO;
				SUPPORTS_XR_DESIGNED_FOR_IPHONE_IPAD = NO;
				SWIFT_EMIT_LOC_STRINGS = YES;
				SWIFT_VERSION = 5.0;
				TARGETED_DEVICE_FAMILY = 1;
			};
			name = Release;
		};
/* End XCBuildConfiguration section */

/* Begin XCConfigurationList section */
		CECB5ED72C5C85AD00330A4C /* Build configuration list for PBXProject "RxLogin" */ = {
			isa = XCConfigurationList;
			buildConfigurations = (
				CECB5EEE2C5C85AE00330A4C /* Debug */,
				CECB5EEF2C5C85AE00330A4C /* Release */,
			);
			defaultConfigurationIsVisible = 0;
			defaultConfigurationName = Release;
		};
		CECB5EF02C5C85AE00330A4C /* Build configuration list for PBXNativeTarget "RxLogin" */ = {
			isa = XCConfigurationList;
			buildConfigurations = (
				CECB5EF12C5C85AE00330A4C /* Debug */,
				CECB5EF22C5C85AE00330A4C /* Release */,
			);
			defaultConfigurationIsVisible = 0;
			defaultConfigurationName = Release;
		};
/* End XCConfigurationList section */

/* Begin XCRemoteSwiftPackageReference section */
		CECB5EF72C5C885800330A4C /* XCRemoteSwiftPackageReference "SnapKit" */ = {
			isa = XCRemoteSwiftPackageReference;
			repositoryURL = "https://github.com/SnapKit/SnapKit.git";
			requirement = {
				kind = upToNextMajorVersion;
				minimumVersion = 5.7.1;
			};
		};
		CECB5EFA2C5C886B00330A4C /* XCRemoteSwiftPackageReference "RxSwift" */ = {
			isa = XCRemoteSwiftPackageReference;
			repositoryURL = "https://github.com/ReactiveX/RxSwift.git";
			requirement = {
				kind = upToNextMajorVersion;
				minimumVersion = 6.7.1;
			};
		};
/* End XCRemoteSwiftPackageReference section */

/* Begin XCSwiftPackageProductDependency section */
		CECB5EF82C5C885800330A4C /* SnapKit */ = {
			isa = XCSwiftPackageProductDependency;
			package = CECB5EF72C5C885800330A4C /* XCRemoteSwiftPackageReference "SnapKit" */;
			productName = SnapKit;
		};
		CECB5EFB2C5C886B00330A4C /* RxCocoa */ = {
			isa = XCSwiftPackageProductDependency;
			package = CECB5EFA2C5C886B00330A4C /* XCRemoteSwiftPackageReference "RxSwift" */;
			productName = RxCocoa;
		};
		CECB5EFD2C5C886B00330A4C /* RxSwift */ = {
			isa = XCSwiftPackageProductDependency;
			package = CECB5EFA2C5C886B00330A4C /* XCRemoteSwiftPackageReference "RxSwift" */;
			productName = RxSwift;
		};
/* End XCSwiftPackageProductDependency section */
	};
	rootObject = CECB5ED42C5C85AD00330A4C /* Project object */;
}
