// !$*UTF8*$!
{
	archiveVersion = 1;
	classes = {
	};
	objectVersion = 56;
	objects = {

/* Begin PBXBuildFile section */
		CE53A2652C023AF900A2B9BC /* AppDelegate.swift in Sources */ = {isa = PBXBuildFile; fileRef = CE53A2642C023AF900A2B9BC /* AppDelegate.swift */; };
		CE53A2672C023AF900A2B9BC /* SceneDelegate.swift in Sources */ = {isa = PBXBuildFile; fileRef = CE53A2662C023AF900A2B9BC /* SceneDelegate.swift */; };
		CE53A26C2C023AF900A2B9BC /* Base in Resources */ = {isa = PBXBuildFile; fileRef = CE53A26B2C023AF900A2B9BC /* Base */; };
		CE53A26E2C023AFA00A2B9BC /* Assets.xcassets in Resources */ = {isa = PBXBuildFile; fileRef = CE53A26D2C023AFA00A2B9BC /* Assets.xcassets */; };
		CE53A2712C023AFA00A2B9BC /* Base in Resources */ = {isa = PBXBuildFile; fileRef = CE53A2702C023AFA00A2B9BC /* Base */; };
		CE53A27B2C023B1500A2B9BC /* Restaurant.swift in Sources */ = {isa = PBXBuildFile; fileRef = CE53A2792C023B1500A2B9BC /* Restaurant.swift */; };
		CE53A27F2C023C8C00A2B9BC /* Magazine.swift in Sources */ = {isa = PBXBuildFile; fileRef = CE53A27E2C023C8C00A2B9BC /* Magazine.swift */; };
		CE53A2812C023DA900A2B9BC /* MagazineTableViewController.swift in Sources */ = {isa = PBXBuildFile; fileRef = CE53A2802C023DA900A2B9BC /* MagazineTableViewController.swift */; };
		CE53A2832C023DB600A2B9BC /* MagazineTableViewCell.swift in Sources */ = {isa = PBXBuildFile; fileRef = CE53A2822C023DB600A2B9BC /* MagazineTableViewCell.swift */; };
		CE53A2882C030CCD00A2B9BC /* Kingfisher in Frameworks */ = {isa = PBXBuildFile; productRef = CE53A2872C030CCD00A2B9BC /* Kingfisher */; };
		CE53A28A2C03100700A2B9BC /* MagazineInfo.swift in Sources */ = {isa = PBXBuildFile; fileRef = CE53A2892C03100700A2B9BC /* MagazineInfo.swift */; };
		CE53A2902C03143300A2B9BC /* DetailMagazineViewController.swift in Sources */ = {isa = PBXBuildFile; fileRef = CE53A28F2C03143300A2B9BC /* DetailMagazineViewController.swift */; };
		CE53A2952C0318CB00A2B9BC /* RestaurantInfo.swift in Sources */ = {isa = PBXBuildFile; fileRef = CE53A2942C0318CB00A2B9BC /* RestaurantInfo.swift */; };
		CE53A2972C031ACD00A2B9BC /* RestaurantViewController.swift in Sources */ = {isa = PBXBuildFile; fileRef = CE53A2962C031ACD00A2B9BC /* RestaurantViewController.swift */; };
		CE53A29B2C031C0C00A2B9BC /* RestaurantListTableViewController.swift in Sources */ = {isa = PBXBuildFile; fileRef = CE53A29A2C031C0C00A2B9BC /* RestaurantListTableViewController.swift */; };
		CE53A29D2C031CFF00A2B9BC /* RestaurantTableViewCell.swift in Sources */ = {isa = PBXBuildFile; fileRef = CE53A29C2C031CFF00A2B9BC /* RestaurantTableViewCell.swift */; };
		CE53A2A02C03676400A2B9BC /* Reusable.swift in Sources */ = {isa = PBXBuildFile; fileRef = CE53A29F2C03676400A2B9BC /* Reusable.swift */; };
/* End PBXBuildFile section */

/* Begin PBXFileReference section */
		CE53A2612C023AF900A2B9BC /* TravelMagazineProject.app */ = {isa = PBXFileReference; explicitFileType = wrapper.application; includeInIndex = 0; path = TravelMagazineProject.app; sourceTree = BUILT_PRODUCTS_DIR; };
		CE53A2642C023AF900A2B9BC /* AppDelegate.swift */ = {isa = PBXFileReference; lastKnownFileType = sourcecode.swift; path = AppDelegate.swift; sourceTree = "<group>"; };
		CE53A2662C023AF900A2B9BC /* SceneDelegate.swift */ = {isa = PBXFileReference; lastKnownFileType = sourcecode.swift; path = SceneDelegate.swift; sourceTree = "<group>"; };
		CE53A26B2C023AF900A2B9BC /* Base */ = {isa = PBXFileReference; lastKnownFileType = file.storyboard; name = Base; path = Base.lproj/Main.storyboard; sourceTree = "<group>"; };
		CE53A26D2C023AFA00A2B9BC /* Assets.xcassets */ = {isa = PBXFileReference; lastKnownFileType = folder.assetcatalog; path = Assets.xcassets; sourceTree = "<group>"; };
		CE53A2702C023AFA00A2B9BC /* Base */ = {isa = PBXFileReference; lastKnownFileType = file.storyboard; name = Base; path = Base.lproj/LaunchScreen.storyboard; sourceTree = "<group>"; };
		CE53A2722C023AFA00A2B9BC /* Info.plist */ = {isa = PBXFileReference; lastKnownFileType = text.plist.xml; path = Info.plist; sourceTree = "<group>"; };
		CE53A2792C023B1500A2B9BC /* Restaurant.swift */ = {isa = PBXFileReference; fileEncoding = 4; lastKnownFileType = sourcecode.swift; path = Restaurant.swift; sourceTree = "<group>"; };
		CE53A27E2C023C8C00A2B9BC /* Magazine.swift */ = {isa = PBXFileReference; lastKnownFileType = sourcecode.swift; path = Magazine.swift; sourceTree = "<group>"; };
		CE53A2802C023DA900A2B9BC /* MagazineTableViewController.swift */ = {isa = PBXFileReference; lastKnownFileType = sourcecode.swift; path = MagazineTableViewController.swift; sourceTree = "<group>"; };
		CE53A2822C023DB600A2B9BC /* MagazineTableViewCell.swift */ = {isa = PBXFileReference; lastKnownFileType = sourcecode.swift; path = MagazineTableViewCell.swift; sourceTree = "<group>"; };
		CE53A2892C03100700A2B9BC /* MagazineInfo.swift */ = {isa = PBXFileReference; fileEncoding = 4; lastKnownFileType = sourcecode.swift; path = MagazineInfo.swift; sourceTree = "<group>"; };
		CE53A28F2C03143300A2B9BC /* DetailMagazineViewController.swift */ = {isa = PBXFileReference; lastKnownFileType = sourcecode.swift; path = DetailMagazineViewController.swift; sourceTree = "<group>"; };
		CE53A2942C0318CB00A2B9BC /* RestaurantInfo.swift */ = {isa = PBXFileReference; fileEncoding = 4; lastKnownFileType = sourcecode.swift; path = RestaurantInfo.swift; sourceTree = "<group>"; };
		CE53A2962C031ACD00A2B9BC /* RestaurantViewController.swift */ = {isa = PBXFileReference; lastKnownFileType = sourcecode.swift; path = RestaurantViewController.swift; sourceTree = "<group>"; };
		CE53A29A2C031C0C00A2B9BC /* RestaurantListTableViewController.swift */ = {isa = PBXFileReference; lastKnownFileType = sourcecode.swift; path = RestaurantListTableViewController.swift; sourceTree = "<group>"; };
		CE53A29C2C031CFF00A2B9BC /* RestaurantTableViewCell.swift */ = {isa = PBXFileReference; lastKnownFileType = sourcecode.swift; path = RestaurantTableViewCell.swift; sourceTree = "<group>"; };
		CE53A29F2C03676400A2B9BC /* Reusable.swift */ = {isa = PBXFileReference; lastKnownFileType = sourcecode.swift; path = Reusable.swift; sourceTree = "<group>"; };
/* End PBXFileReference section */

/* Begin PBXFrameworksBuildPhase section */
		CE53A25E2C023AF900A2B9BC /* Frameworks */ = {
			isa = PBXFrameworksBuildPhase;
			buildActionMask = 2147483647;
			files = (
				CE53A2882C030CCD00A2B9BC /* Kingfisher in Frameworks */,
			);
			runOnlyForDeploymentPostprocessing = 0;
		};
/* End PBXFrameworksBuildPhase section */

/* Begin PBXGroup section */
		CE53A2582C023AF900A2B9BC = {
			isa = PBXGroup;
			children = (
				CE53A2632C023AF900A2B9BC /* TravelMagazineProject */,
				CE53A2622C023AF900A2B9BC /* Products */,
			);
			sourceTree = "<group>";
		};
		CE53A2622C023AF900A2B9BC /* Products */ = {
			isa = PBXGroup;
			children = (
				CE53A2612C023AF900A2B9BC /* TravelMagazineProject.app */,
			);
			name = Products;
			sourceTree = "<group>";
		};
		CE53A2632C023AF900A2B9BC /* TravelMagazineProject */ = {
			isa = PBXGroup;
			children = (
				CE53A29E2C03675400A2B9BC /* Protocols */,
				CE53A28C2C0312C600A2B9BC /* Views */,
				CE53A27C2C023C4800A2B9BC /* Infomations */,
				CE53A2642C023AF900A2B9BC /* AppDelegate.swift */,
				CE53A2662C023AF900A2B9BC /* SceneDelegate.swift */,
				CE53A26A2C023AF900A2B9BC /* Main.storyboard */,
				CE53A26D2C023AFA00A2B9BC /* Assets.xcassets */,
				CE53A26F2C023AFA00A2B9BC /* LaunchScreen.storyboard */,
				CE53A2722C023AFA00A2B9BC /* Info.plist */,
				CE53A27D2C023C5C00A2B9BC /* Models */,
			);
			path = TravelMagazineProject;
			sourceTree = "<group>";
		};
		CE53A27C2C023C4800A2B9BC /* Infomations */ = {
			isa = PBXGroup;
			children = (
				CE53A2942C0318CB00A2B9BC /* RestaurantInfo.swift */,
				CE53A2892C03100700A2B9BC /* MagazineInfo.swift */,
			);
			path = Infomations;
			sourceTree = "<group>";
		};
		CE53A27D2C023C5C00A2B9BC /* Models */ = {
			isa = PBXGroup;
			children = (
				CE53A2792C023B1500A2B9BC /* Restaurant.swift */,
				CE53A27E2C023C8C00A2B9BC /* Magazine.swift */,
			);
			path = Models;
			sourceTree = "<group>";
		};
		CE53A28C2C0312C600A2B9BC /* Views */ = {
			isa = PBXGroup;
			children = (
				CE53A28E2C0312E100A2B9BC /* RestaurantView */,
				CE53A28D2C0312D600A2B9BC /* MagazineView */,
			);
			path = Views;
			sourceTree = "<group>";
		};
		CE53A28D2C0312D600A2B9BC /* MagazineView */ = {
			isa = PBXGroup;
			children = (
				CE53A2802C023DA900A2B9BC /* MagazineTableViewController.swift */,
				CE53A2822C023DB600A2B9BC /* MagazineTableViewCell.swift */,
				CE53A28F2C03143300A2B9BC /* DetailMagazineViewController.swift */,
			);
			path = MagazineView;
			sourceTree = "<group>";
		};
		CE53A28E2C0312E100A2B9BC /* RestaurantView */ = {
			isa = PBXGroup;
			children = (
				CE53A2962C031ACD00A2B9BC /* RestaurantViewController.swift */,
				CE53A29A2C031C0C00A2B9BC /* RestaurantListTableViewController.swift */,
				CE53A29C2C031CFF00A2B9BC /* RestaurantTableViewCell.swift */,
			);
			path = RestaurantView;
			sourceTree = "<group>";
		};
		CE53A29E2C03675400A2B9BC /* Protocols */ = {
			isa = PBXGroup;
			children = (
				CE53A29F2C03676400A2B9BC /* Reusable.swift */,
			);
			path = Protocols;
			sourceTree = "<group>";
		};
/* End PBXGroup section */

/* Begin PBXNativeTarget section */
		CE53A2602C023AF900A2B9BC /* TravelMagazineProject */ = {
			isa = PBXNativeTarget;
			buildConfigurationList = CE53A2752C023AFA00A2B9BC /* Build configuration list for PBXNativeTarget "TravelMagazineProject" */;
			buildPhases = (
				CE53A25D2C023AF900A2B9BC /* Sources */,
				CE53A25E2C023AF900A2B9BC /* Frameworks */,
				CE53A25F2C023AF900A2B9BC /* Resources */,
			);
			buildRules = (
			);
			dependencies = (
			);
			name = TravelMagazineProject;
			packageProductDependencies = (
				CE53A2872C030CCD00A2B9BC /* Kingfisher */,
			);
			productName = TravelMagazineProject;
			productReference = CE53A2612C023AF900A2B9BC /* TravelMagazineProject.app */;
			productType = "com.apple.product-type.application";
		};
/* End PBXNativeTarget section */

/* Begin PBXProject section */
		CE53A2592C023AF900A2B9BC /* Project object */ = {
			isa = PBXProject;
			attributes = {
				BuildIndependentTargetsInParallel = 1;
				LastSwiftUpdateCheck = 1530;
				LastUpgradeCheck = 1530;
				TargetAttributes = {
					CE53A2602C023AF900A2B9BC = {
						CreatedOnToolsVersion = 15.3;
					};
				};
			};
			buildConfigurationList = CE53A25C2C023AF900A2B9BC /* Build configuration list for PBXProject "TravelMagazineProject" */;
			compatibilityVersion = "Xcode 14.0";
			developmentRegion = en;
			hasScannedForEncodings = 0;
			knownRegions = (
				en,
				Base,
			);
			mainGroup = CE53A2582C023AF900A2B9BC;
			packageReferences = (
				CE53A2862C030CCD00A2B9BC /* XCRemoteSwiftPackageReference "Kingfisher" */,
			);
			productRefGroup = CE53A2622C023AF900A2B9BC /* Products */;
			projectDirPath = "";
			projectRoot = "";
			targets = (
				CE53A2602C023AF900A2B9BC /* TravelMagazineProject */,
			);
		};
/* End PBXProject section */

/* Begin PBXResourcesBuildPhase section */
		CE53A25F2C023AF900A2B9BC /* Resources */ = {
			isa = PBXResourcesBuildPhase;
			buildActionMask = 2147483647;
			files = (
				CE53A26E2C023AFA00A2B9BC /* Assets.xcassets in Resources */,
				CE53A2712C023AFA00A2B9BC /* Base in Resources */,
				CE53A26C2C023AF900A2B9BC /* Base in Resources */,
			);
			runOnlyForDeploymentPostprocessing = 0;
		};
/* End PBXResourcesBuildPhase section */

/* Begin PBXSourcesBuildPhase section */
		CE53A25D2C023AF900A2B9BC /* Sources */ = {
			isa = PBXSourcesBuildPhase;
			buildActionMask = 2147483647;
			files = (
				CE53A29D2C031CFF00A2B9BC /* RestaurantTableViewCell.swift in Sources */,
				CE53A29B2C031C0C00A2B9BC /* RestaurantListTableViewController.swift in Sources */,
				CE53A2952C0318CB00A2B9BC /* RestaurantInfo.swift in Sources */,
				CE53A2972C031ACD00A2B9BC /* RestaurantViewController.swift in Sources */,
				CE53A27B2C023B1500A2B9BC /* Restaurant.swift in Sources */,
				CE53A2902C03143300A2B9BC /* DetailMagazineViewController.swift in Sources */,
				CE53A2A02C03676400A2B9BC /* Reusable.swift in Sources */,
				CE53A2832C023DB600A2B9BC /* MagazineTableViewCell.swift in Sources */,
				CE53A27F2C023C8C00A2B9BC /* Magazine.swift in Sources */,
				CE53A2812C023DA900A2B9BC /* MagazineTableViewController.swift in Sources */,
				CE53A28A2C03100700A2B9BC /* MagazineInfo.swift in Sources */,
				CE53A2652C023AF900A2B9BC /* AppDelegate.swift in Sources */,
				CE53A2672C023AF900A2B9BC /* SceneDelegate.swift in Sources */,
			);
			runOnlyForDeploymentPostprocessing = 0;
		};
/* End PBXSourcesBuildPhase section */

/* Begin PBXVariantGroup section */
		CE53A26A2C023AF900A2B9BC /* Main.storyboard */ = {
			isa = PBXVariantGroup;
			children = (
				CE53A26B2C023AF900A2B9BC /* Base */,
			);
			name = Main.storyboard;
			sourceTree = "<group>";
		};
		CE53A26F2C023AFA00A2B9BC /* LaunchScreen.storyboard */ = {
			isa = PBXVariantGroup;
			children = (
				CE53A2702C023AFA00A2B9BC /* Base */,
			);
			name = LaunchScreen.storyboard;
			sourceTree = "<group>";
		};
/* End PBXVariantGroup section */

/* Begin XCBuildConfiguration section */
		CE53A2732C023AFA00A2B9BC /* Debug */ = {
			isa = XCBuildConfiguration;
			buildSettings = {
				ALWAYS_SEARCH_USER_PATHS = NO;
				ASSETCATALOG_COMPILER_GENERATE_SWIFT_ASSET_SYMBOL_EXTENSIONS = YES;
				CLANG_ANALYZER_NONNULL = YES;
				CLANG_ANALYZER_NUMBER_OBJECT_CONVERSION = YES_AGGRESSIVE;
				CLANG_CXX_LANGUAGE_STANDARD = "gnu++20";
				CLANG_ENABLE_MODULES = YES;
				CLANG_ENABLE_OBJC_ARC = YES;
				CLANG_ENABLE_OBJC_WEAK = YES;
				CLANG_WARN_BLOCK_CAPTURE_AUTORELEASING = YES;
				CLANG_WARN_BOOL_CONVERSION = YES;
				CLANG_WARN_COMMA = YES;
				CLANG_WARN_CONSTANT_CONVERSION = YES;
				CLANG_WARN_DEPRECATED_OBJC_IMPLEMENTATIONS = YES;
				CLANG_WARN_DIRECT_OBJC_ISA_USAGE = YES_ERROR;
				CLANG_WARN_DOCUMENTATION_COMMENTS = YES;
				CLANG_WARN_EMPTY_BODY = YES;
				CLANG_WARN_ENUM_CONVERSION = YES;
				CLANG_WARN_INFINITE_RECURSION = YES;
				CLANG_WARN_INT_CONVERSION = YES;
				CLANG_WARN_NON_LITERAL_NULL_CONVERSION = YES;
				CLANG_WARN_OBJC_IMPLICIT_RETAIN_SELF = YES;
				CLANG_WARN_OBJC_LITERAL_CONVERSION = YES;
				CLANG_WARN_OBJC_ROOT_CLASS = YES_ERROR;
				CLANG_WARN_QUOTED_INCLUDE_IN_FRAMEWORK_HEADER = YES;
				CLANG_WARN_RANGE_LOOP_ANALYSIS = YES;
				CLANG_WARN_STRICT_PROTOTYPES = YES;
				CLANG_WARN_SUSPICIOUS_MOVE = YES;
				CLANG_WARN_UNGUARDED_AVAILABILITY = YES_AGGRESSIVE;
				CLANG_WARN_UNREACHABLE_CODE = YES;
				CLANG_WARN__DUPLICATE_METHOD_MATCH = YES;
				COPY_PHASE_STRIP = NO;
				DEBUG_INFORMATION_FORMAT = dwarf;
				ENABLE_STRICT_OBJC_MSGSEND = YES;
				ENABLE_TESTABILITY = YES;
				ENABLE_USER_SCRIPT_SANDBOXING = YES;
				GCC_C_LANGUAGE_STANDARD = gnu17;
				GCC_DYNAMIC_NO_PIC = NO;
				GCC_NO_COMMON_BLOCKS = YES;
				GCC_OPTIMIZATION_LEVEL = 0;
				GCC_PREPROCESSOR_DEFINITIONS = (
					"DEBUG=1",
					"$(inherited)",
				);
				GCC_WARN_64_TO_32_BIT_CONVERSION = YES;
				GCC_WARN_ABOUT_RETURN_TYPE = YES_ERROR;
				GCC_WARN_UNDECLARED_SELECTOR = YES;
				GCC_WARN_UNINITIALIZED_AUTOS = YES_AGGRESSIVE;
				GCC_WARN_UNUSED_FUNCTION = YES;
				GCC_WARN_UNUSED_VARIABLE = YES;
				IPHONEOS_DEPLOYMENT_TARGET = 17.4;
				LOCALIZATION_PREFERS_STRING_CATALOGS = YES;
				MTL_ENABLE_DEBUG_INFO = INCLUDE_SOURCE;
				MTL_FAST_MATH = YES;
				ONLY_ACTIVE_ARCH = YES;
				SDKROOT = iphoneos;
				SWIFT_ACTIVE_COMPILATION_CONDITIONS = "DEBUG $(inherited)";
				SWIFT_OPTIMIZATION_LEVEL = "-Onone";
			};
			name = Debug;
		};
		CE53A2742C023AFA00A2B9BC /* Release */ = {
			isa = XCBuildConfiguration;
			buildSettings = {
				ALWAYS_SEARCH_USER_PATHS = NO;
				ASSETCATALOG_COMPILER_GENERATE_SWIFT_ASSET_SYMBOL_EXTENSIONS = YES;
				CLANG_ANALYZER_NONNULL = YES;
				CLANG_ANALYZER_NUMBER_OBJECT_CONVERSION = YES_AGGRESSIVE;
				CLANG_CXX_LANGUAGE_STANDARD = "gnu++20";
				CLANG_ENABLE_MODULES = YES;
				CLANG_ENABLE_OBJC_ARC = YES;
				CLANG_ENABLE_OBJC_WEAK = YES;
				CLANG_WARN_BLOCK_CAPTURE_AUTORELEASING = YES;
				CLANG_WARN_BOOL_CONVERSION = YES;
				CLANG_WARN_COMMA = YES;
				CLANG_WARN_CONSTANT_CONVERSION = YES;
				CLANG_WARN_DEPRECATED_OBJC_IMPLEMENTATIONS = YES;
				CLANG_WARN_DIRECT_OBJC_ISA_USAGE = YES_ERROR;
				CLANG_WARN_DOCUMENTATION_COMMENTS = YES;
				CLANG_WARN_EMPTY_BODY = YES;
				CLANG_WARN_ENUM_CONVERSION = YES;
				CLANG_WARN_INFINITE_RECURSION = YES;
				CLANG_WARN_INT_CONVERSION = YES;
				CLANG_WARN_NON_LITERAL_NULL_CONVERSION = YES;
				CLANG_WARN_OBJC_IMPLICIT_RETAIN_SELF = YES;
				CLANG_WARN_OBJC_LITERAL_CONVERSION = YES;
				CLANG_WARN_OBJC_ROOT_CLASS = YES_ERROR;
				CLANG_WARN_QUOTED_INCLUDE_IN_FRAMEWORK_HEADER = YES;
				CLANG_WARN_RANGE_LOOP_ANALYSIS = YES;
				CLANG_WARN_STRICT_PROTOTYPES = YES;
				CLANG_WARN_SUSPICIOUS_MOVE = YES;
				CLANG_WARN_UNGUARDED_AVAILABILITY = YES_AGGRESSIVE;
				CLANG_WARN_UNREACHABLE_CODE = YES;
				CLANG_WARN__DUPLICATE_METHOD_MATCH = YES;
				COPY_PHASE_STRIP = NO;
				DEBUG_INFORMATION_FORMAT = "dwarf-with-dsym";
				ENABLE_NS_ASSERTIONS = NO;
				ENABLE_STRICT_OBJC_MSGSEND = YES;
				ENABLE_USER_SCRIPT_SANDBOXING = YES;
				GCC_C_LANGUAGE_STANDARD = gnu17;
				GCC_NO_COMMON_BLOCKS = YES;
				GCC_WARN_64_TO_32_BIT_CONVERSION = YES;
				GCC_WARN_ABOUT_RETURN_TYPE = YES_ERROR;
				GCC_WARN_UNDECLARED_SELECTOR = YES;
				GCC_WARN_UNINITIALIZED_AUTOS = YES_AGGRESSIVE;
				GCC_WARN_UNUSED_FUNCTION = YES;
				GCC_WARN_UNUSED_VARIABLE = YES;
				IPHONEOS_DEPLOYMENT_TARGET = 17.4;
				LOCALIZATION_PREFERS_STRING_CATALOGS = YES;
				MTL_ENABLE_DEBUG_INFO = NO;
				MTL_FAST_MATH = YES;
				SDKROOT = iphoneos;
				SWIFT_COMPILATION_MODE = wholemodule;
				VALIDATE_PRODUCT = YES;
			};
			name = Release;
		};
		CE53A2762C023AFA00A2B9BC /* Debug */ = {
			isa = XCBuildConfiguration;
			buildSettings = {
				ASSETCATALOG_COMPILER_APPICON_NAME = AppIcon;
				ASSETCATALOG_COMPILER_GLOBAL_ACCENT_COLOR_NAME = AccentColor;
				CODE_SIGN_STYLE = Automatic;
				CURRENT_PROJECT_VERSION = 1;
				GENERATE_INFOPLIST_FILE = YES;
				INFOPLIST_FILE = TravelMagazineProject/Info.plist;
				INFOPLIST_KEY_UIApplicationSupportsIndirectInputEvents = YES;
				INFOPLIST_KEY_UILaunchStoryboardName = LaunchScreen;
				INFOPLIST_KEY_UIMainStoryboardFile = Main;
				INFOPLIST_KEY_UISupportedInterfaceOrientations_iPad = "UIInterfaceOrientationPortrait UIInterfaceOrientationPortraitUpsideDown UIInterfaceOrientationLandscapeLeft UIInterfaceOrientationLandscapeRight";
				INFOPLIST_KEY_UISupportedInterfaceOrientations_iPhone = "UIInterfaceOrientationPortrait UIInterfaceOrientationLandscapeLeft UIInterfaceOrientationLandscapeRight";
				IPHONEOS_DEPLOYMENT_TARGET = 17.0;
				LD_RUNPATH_SEARCH_PATHS = (
					"$(inherited)",
					"@executable_path/Frameworks",
				);
				MARKETING_VERSION = 1.0;
				PRODUCT_BUNDLE_IDENTIFIER = com.Lets.TravelMagazineProject;
				PRODUCT_NAME = "$(TARGET_NAME)";
				SUPPORTED_PLATFORMS = "iphoneos iphonesimulator";
				SUPPORTS_MACCATALYST = NO;
				SUPPORTS_MAC_DESIGNED_FOR_IPHONE_IPAD = NO;
				SUPPORTS_XR_DESIGNED_FOR_IPHONE_IPAD = NO;
				SWIFT_EMIT_LOC_STRINGS = YES;
				SWIFT_VERSION = 5.0;
				TARGETED_DEVICE_FAMILY = 1;
			};
			name = Debug;
		};
		CE53A2772C023AFA00A2B9BC /* Release */ = {
			isa = XCBuildConfiguration;
			buildSettings = {
				ASSETCATALOG_COMPILER_APPICON_NAME = AppIcon;
				ASSETCATALOG_COMPILER_GLOBAL_ACCENT_COLOR_NAME = AccentColor;
				CODE_SIGN_STYLE = Automatic;
				CURRENT_PROJECT_VERSION = 1;
				GENERATE_INFOPLIST_FILE = YES;
				INFOPLIST_FILE = TravelMagazineProject/Info.plist;
				INFOPLIST_KEY_UIApplicationSupportsIndirectInputEvents = YES;
				INFOPLIST_KEY_UILaunchStoryboardName = LaunchScreen;
				INFOPLIST_KEY_UIMainStoryboardFile = Main;
				INFOPLIST_KEY_UISupportedInterfaceOrientations_iPad = "UIInterfaceOrientationPortrait UIInterfaceOrientationPortraitUpsideDown UIInterfaceOrientationLandscapeLeft UIInterfaceOrientationLandscapeRight";
				INFOPLIST_KEY_UISupportedInterfaceOrientations_iPhone = "UIInterfaceOrientationPortrait UIInterfaceOrientationLandscapeLeft UIInterfaceOrientationLandscapeRight";
				IPHONEOS_DEPLOYMENT_TARGET = 17.0;
				LD_RUNPATH_SEARCH_PATHS = (
					"$(inherited)",
					"@executable_path/Frameworks",
				);
				MARKETING_VERSION = 1.0;
				PRODUCT_BUNDLE_IDENTIFIER = com.Lets.TravelMagazineProject;
				PRODUCT_NAME = "$(TARGET_NAME)";
				SUPPORTED_PLATFORMS = "iphoneos iphonesimulator";
				SUPPORTS_MACCATALYST = NO;
				SUPPORTS_MAC_DESIGNED_FOR_IPHONE_IPAD = NO;
				SUPPORTS_XR_DESIGNED_FOR_IPHONE_IPAD = NO;
				SWIFT_EMIT_LOC_STRINGS = YES;
				SWIFT_VERSION = 5.0;
				TARGETED_DEVICE_FAMILY = 1;
			};
			name = Release;
		};
/* End XCBuildConfiguration section */

/* Begin XCConfigurationList section */
		CE53A25C2C023AF900A2B9BC /* Build configuration list for PBXProject "TravelMagazineProject" */ = {
			isa = XCConfigurationList;
			buildConfigurations = (
				CE53A2732C023AFA00A2B9BC /* Debug */,
				CE53A2742C023AFA00A2B9BC /* Release */,
			);
			defaultConfigurationIsVisible = 0;
			defaultConfigurationName = Release;
		};
		CE53A2752C023AFA00A2B9BC /* Build configuration list for PBXNativeTarget "TravelMagazineProject" */ = {
			isa = XCConfigurationList;
			buildConfigurations = (
				CE53A2762C023AFA00A2B9BC /* Debug */,
				CE53A2772C023AFA00A2B9BC /* Release */,
			);
			defaultConfigurationIsVisible = 0;
			defaultConfigurationName = Release;
		};
/* End XCConfigurationList section */

/* Begin XCRemoteSwiftPackageReference section */
		CE53A2862C030CCD00A2B9BC /* XCRemoteSwiftPackageReference "Kingfisher" */ = {
			isa = XCRemoteSwiftPackageReference;
			repositoryURL = "https://github.com/onevcat/Kingfisher";
			requirement = {
				kind = upToNextMajorVersion;
				minimumVersion = 7.11.0;
			};
		};
/* End XCRemoteSwiftPackageReference section */

/* Begin XCSwiftPackageProductDependency section */
		CE53A2872C030CCD00A2B9BC /* Kingfisher */ = {
			isa = XCSwiftPackageProductDependency;
			package = CE53A2862C030CCD00A2B9BC /* XCRemoteSwiftPackageReference "Kingfisher" */;
			productName = Kingfisher;
		};
/* End XCSwiftPackageProductDependency section */
	};
	rootObject = CE53A2592C023AF900A2B9BC /* Project object */;
}
