// !$*UTF8*$!
{
	archiveVersion = 1;
	classes = {
	};
	objectVersion = 56;
	objects = {

/* Begin PBXBuildFile section */
		CED954C82C101AC7006D67E5 /* AppDelegate.swift in Sources */ = {isa = PBXBuildFile; fileRef = CED954C72C101AC7006D67E5 /* AppDelegate.swift */; };
		CED954CA2C101AC7006D67E5 /* SceneDelegate.swift in Sources */ = {isa = PBXBuildFile; fileRef = CED954C92C101AC7006D67E5 /* SceneDelegate.swift */; };
		CED954CC2C101AC7006D67E5 /* LottoViewController.swift in Sources */ = {isa = PBXBuildFile; fileRef = CED954CB2C101AC7006D67E5 /* LottoViewController.swift */; };
		CED954D12C101AC9006D67E5 /* Assets.xcassets in Resources */ = {isa = PBXBuildFile; fileRef = CED954D02C101AC9006D67E5 /* Assets.xcassets */; };
		CED954D42C101AC9006D67E5 /* Base in Resources */ = {isa = PBXBuildFile; fileRef = CED954D32C101AC9006D67E5 /* Base */; };
		CED954DD2C101BDA006D67E5 /* SnapKit in Frameworks */ = {isa = PBXBuildFile; productRef = CED954DC2C101BDA006D67E5 /* SnapKit */; };
		CED954E02C101BEA006D67E5 /* Alamofire in Frameworks */ = {isa = PBXBuildFile; productRef = CED954DF2C101BEA006D67E5 /* Alamofire */; };
		CED954E22C101C0A006D67E5 /* TabBarController.swift in Sources */ = {isa = PBXBuildFile; fileRef = CED954E12C101C0A006D67E5 /* TabBarController.swift */; };
		CED954E52C101EB5006D67E5 /* LottoHeaderView.swift in Sources */ = {isa = PBXBuildFile; fileRef = CED954E42C101EB5006D67E5 /* LottoHeaderView.swift */; };
		CED954E72C102EAC006D67E5 /* LottoBallsView.swift in Sources */ = {isa = PBXBuildFile; fileRef = CED954E62C102EAC006D67E5 /* LottoBallsView.swift */; };
		CED954EA2C1053D0006D67E5 /* MovieRankingViewController.swift in Sources */ = {isa = PBXBuildFile; fileRef = CED954E92C1053D0006D67E5 /* MovieRankingViewController.swift */; };
		CED954EC2C1059C7006D67E5 /* MovieRankingCell.swift in Sources */ = {isa = PBXBuildFile; fileRef = CED954EB2C1059C7006D67E5 /* MovieRankingCell.swift */; };
		CED954F02C105E00006D67E5 /* UITableViewCell+Extension.swift in Sources */ = {isa = PBXBuildFile; fileRef = CED954EF2C105E00006D67E5 /* UITableViewCell+Extension.swift */; };
		CED954F32C1064D7006D67E5 /* DailyBoxOffices.swift in Sources */ = {isa = PBXBuildFile; fileRef = CED954F22C1064D7006D67E5 /* DailyBoxOffices.swift */; };
		CED954F92C1080D8006D67E5 /* WeatherViewController.swift in Sources */ = {isa = PBXBuildFile; fileRef = CED954F82C1080D8006D67E5 /* WeatherViewController.swift */; };
/* End PBXBuildFile section */

/* Begin PBXFileReference section */
		CED954C42C101AC7006D67E5 /* Day17Assignment.app */ = {isa = PBXFileReference; explicitFileType = wrapper.application; includeInIndex = 0; path = Day17Assignment.app; sourceTree = BUILT_PRODUCTS_DIR; };
		CED954C72C101AC7006D67E5 /* AppDelegate.swift */ = {isa = PBXFileReference; lastKnownFileType = sourcecode.swift; path = AppDelegate.swift; sourceTree = "<group>"; };
		CED954C92C101AC7006D67E5 /* SceneDelegate.swift */ = {isa = PBXFileReference; lastKnownFileType = sourcecode.swift; path = SceneDelegate.swift; sourceTree = "<group>"; };
		CED954CB2C101AC7006D67E5 /* LottoViewController.swift */ = {isa = PBXFileReference; lastKnownFileType = sourcecode.swift; path = LottoViewController.swift; sourceTree = "<group>"; };
		CED954D02C101AC9006D67E5 /* Assets.xcassets */ = {isa = PBXFileReference; lastKnownFileType = folder.assetcatalog; path = Assets.xcassets; sourceTree = "<group>"; };
		CED954D32C101AC9006D67E5 /* Base */ = {isa = PBXFileReference; lastKnownFileType = file.storyboard; name = Base; path = Base.lproj/LaunchScreen.storyboard; sourceTree = "<group>"; };
		CED954D52C101AC9006D67E5 /* Info.plist */ = {isa = PBXFileReference; lastKnownFileType = text.plist.xml; path = Info.plist; sourceTree = "<group>"; };
		CED954E12C101C0A006D67E5 /* TabBarController.swift */ = {isa = PBXFileReference; lastKnownFileType = sourcecode.swift; path = TabBarController.swift; sourceTree = "<group>"; };
		CED954E42C101EB5006D67E5 /* LottoHeaderView.swift */ = {isa = PBXFileReference; lastKnownFileType = sourcecode.swift; path = LottoHeaderView.swift; sourceTree = "<group>"; };
		CED954E62C102EAC006D67E5 /* LottoBallsView.swift */ = {isa = PBXFileReference; lastKnownFileType = sourcecode.swift; path = LottoBallsView.swift; sourceTree = "<group>"; };
		CED954E92C1053D0006D67E5 /* MovieRankingViewController.swift */ = {isa = PBXFileReference; lastKnownFileType = sourcecode.swift; path = MovieRankingViewController.swift; sourceTree = "<group>"; };
		CED954EB2C1059C7006D67E5 /* MovieRankingCell.swift */ = {isa = PBXFileReference; lastKnownFileType = sourcecode.swift; path = MovieRankingCell.swift; sourceTree = "<group>"; };
		CED954EF2C105E00006D67E5 /* UITableViewCell+Extension.swift */ = {isa = PBXFileReference; lastKnownFileType = sourcecode.swift; path = "UITableViewCell+Extension.swift"; sourceTree = "<group>"; };
		CED954F22C1064D7006D67E5 /* DailyBoxOffices.swift */ = {isa = PBXFileReference; lastKnownFileType = sourcecode.swift; path = DailyBoxOffices.swift; sourceTree = "<group>"; };
		CED954F82C1080D8006D67E5 /* WeatherViewController.swift */ = {isa = PBXFileReference; lastKnownFileType = sourcecode.swift; path = WeatherViewController.swift; sourceTree = "<group>"; };
/* End PBXFileReference section */

/* Begin PBXFrameworksBuildPhase section */
		CED954C12C101AC7006D67E5 /* Frameworks */ = {
			isa = PBXFrameworksBuildPhase;
			buildActionMask = 2147483647;
			files = (
				CED954DD2C101BDA006D67E5 /* SnapKit in Frameworks */,
				CED954E02C101BEA006D67E5 /* Alamofire in Frameworks */,
			);
			runOnlyForDeploymentPostprocessing = 0;
		};
/* End PBXFrameworksBuildPhase section */

/* Begin PBXGroup section */
		CED954BB2C101AC7006D67E5 = {
			isa = PBXGroup;
			children = (
				CED954C62C101AC7006D67E5 /* Day17Assignment */,
				CED954C52C101AC7006D67E5 /* Products */,
			);
			sourceTree = "<group>";
		};
		CED954C52C101AC7006D67E5 /* Products */ = {
			isa = PBXGroup;
			children = (
				CED954C42C101AC7006D67E5 /* Day17Assignment.app */,
			);
			name = Products;
			sourceTree = "<group>";
		};
		CED954C62C101AC7006D67E5 /* Day17Assignment */ = {
			isa = PBXGroup;
			children = (
				CED954F12C1064C0006D67E5 /* Models */,
				CED954EE2C105DEA006D67E5 /* Extension */,
				CED954ED2C105DD6006D67E5 /* Views */,
				CED954C72C101AC7006D67E5 /* AppDelegate.swift */,
				CED954C92C101AC7006D67E5 /* SceneDelegate.swift */,
				CED954D02C101AC9006D67E5 /* Assets.xcassets */,
				CED954D22C101AC9006D67E5 /* LaunchScreen.storyboard */,
				CED954D52C101AC9006D67E5 /* Info.plist */,
				CED954E12C101C0A006D67E5 /* TabBarController.swift */,
			);
			path = Day17Assignment;
			sourceTree = "<group>";
		};
		CED954E32C101E08006D67E5 /* LottoView */ = {
			isa = PBXGroup;
			children = (
				CED954CB2C101AC7006D67E5 /* LottoViewController.swift */,
				CED954E42C101EB5006D67E5 /* LottoHeaderView.swift */,
				CED954E62C102EAC006D67E5 /* LottoBallsView.swift */,
			);
			path = LottoView;
			sourceTree = "<group>";
		};
		CED954E82C1053BF006D67E5 /* MovieRanking */ = {
			isa = PBXGroup;
			children = (
				CED954E92C1053D0006D67E5 /* MovieRankingViewController.swift */,
				CED954EB2C1059C7006D67E5 /* MovieRankingCell.swift */,
			);
			path = MovieRanking;
			sourceTree = "<group>";
		};
		CED954ED2C105DD6006D67E5 /* Views */ = {
			isa = PBXGroup;
			children = (
				CED954F72C1080CA006D67E5 /* WeatherView */,
				CED954E32C101E08006D67E5 /* LottoView */,
				CED954E82C1053BF006D67E5 /* MovieRanking */,
			);
			path = Views;
			sourceTree = "<group>";
		};
		CED954EE2C105DEA006D67E5 /* Extension */ = {
			isa = PBXGroup;
			children = (
				CED954EF2C105E00006D67E5 /* UITableViewCell+Extension.swift */,
			);
			path = Extension;
			sourceTree = "<group>";
		};
		CED954F12C1064C0006D67E5 /* Models */ = {
			isa = PBXGroup;
			children = (
				CED954F22C1064D7006D67E5 /* DailyBoxOffices.swift */,
			);
			path = Models;
			sourceTree = "<group>";
		};
		CED954F72C1080CA006D67E5 /* WeatherView */ = {
			isa = PBXGroup;
			children = (
				CED954F82C1080D8006D67E5 /* WeatherViewController.swift */,
			);
			path = WeatherView;
			sourceTree = "<group>";
		};
/* End PBXGroup section */

/* Begin PBXNativeTarget section */
		CED954C32C101AC7006D67E5 /* Day17Assignment */ = {
			isa = PBXNativeTarget;
			buildConfigurationList = CED954D82C101AC9006D67E5 /* Build configuration list for PBXNativeTarget "Day17Assignment" */;
			buildPhases = (
				CED954C02C101AC7006D67E5 /* Sources */,
				CED954C12C101AC7006D67E5 /* Frameworks */,
				CED954C22C101AC7006D67E5 /* Resources */,
			);
			buildRules = (
			);
			dependencies = (
			);
			name = Day17Assignment;
			packageProductDependencies = (
				CED954DC2C101BDA006D67E5 /* SnapKit */,
				CED954DF2C101BEA006D67E5 /* Alamofire */,
			);
			productName = Day17Assignment;
			productReference = CED954C42C101AC7006D67E5 /* Day17Assignment.app */;
			productType = "com.apple.product-type.application";
		};
/* End PBXNativeTarget section */

/* Begin PBXProject section */
		CED954BC2C101AC7006D67E5 /* Project object */ = {
			isa = PBXProject;
			attributes = {
				BuildIndependentTargetsInParallel = 1;
				LastSwiftUpdateCheck = 1530;
				LastUpgradeCheck = 1530;
				TargetAttributes = {
					CED954C32C101AC7006D67E5 = {
						CreatedOnToolsVersion = 15.3;
					};
				};
			};
			buildConfigurationList = CED954BF2C101AC7006D67E5 /* Build configuration list for PBXProject "Day17Assignment" */;
			compatibilityVersion = "Xcode 14.0";
			developmentRegion = en;
			hasScannedForEncodings = 0;
			knownRegions = (
				en,
				Base,
			);
			mainGroup = CED954BB2C101AC7006D67E5;
			packageReferences = (
				CED954DB2C101BDA006D67E5 /* XCRemoteSwiftPackageReference "SnapKit" */,
				CED954DE2C101BEA006D67E5 /* XCRemoteSwiftPackageReference "Alamofire" */,
			);
			productRefGroup = CED954C52C101AC7006D67E5 /* Products */;
			projectDirPath = "";
			projectRoot = "";
			targets = (
				CED954C32C101AC7006D67E5 /* Day17Assignment */,
			);
		};
/* End PBXProject section */

/* Begin PBXResourcesBuildPhase section */
		CED954C22C101AC7006D67E5 /* Resources */ = {
			isa = PBXResourcesBuildPhase;
			buildActionMask = 2147483647;
			files = (
				CED954D12C101AC9006D67E5 /* Assets.xcassets in Resources */,
				CED954D42C101AC9006D67E5 /* Base in Resources */,
			);
			runOnlyForDeploymentPostprocessing = 0;
		};
/* End PBXResourcesBuildPhase section */

/* Begin PBXSourcesBuildPhase section */
		CED954C02C101AC7006D67E5 /* Sources */ = {
			isa = PBXSourcesBuildPhase;
			buildActionMask = 2147483647;
			files = (
				CED954CC2C101AC7006D67E5 /* LottoViewController.swift in Sources */,
				CED954EA2C1053D0006D67E5 /* MovieRankingViewController.swift in Sources */,
				CED954E22C101C0A006D67E5 /* TabBarController.swift in Sources */,
				CED954EC2C1059C7006D67E5 /* MovieRankingCell.swift in Sources */,
				CED954F02C105E00006D67E5 /* UITableViewCell+Extension.swift in Sources */,
				CED954F32C1064D7006D67E5 /* DailyBoxOffices.swift in Sources */,
				CED954E72C102EAC006D67E5 /* LottoBallsView.swift in Sources */,
				CED954C82C101AC7006D67E5 /* AppDelegate.swift in Sources */,
				CED954E52C101EB5006D67E5 /* LottoHeaderView.swift in Sources */,
				CED954CA2C101AC7006D67E5 /* SceneDelegate.swift in Sources */,
				CED954F92C1080D8006D67E5 /* WeatherViewController.swift in Sources */,
			);
			runOnlyForDeploymentPostprocessing = 0;
		};
/* End PBXSourcesBuildPhase section */

/* Begin PBXVariantGroup section */
		CED954D22C101AC9006D67E5 /* LaunchScreen.storyboard */ = {
			isa = PBXVariantGroup;
			children = (
				CED954D32C101AC9006D67E5 /* Base */,
			);
			name = LaunchScreen.storyboard;
			sourceTree = "<group>";
		};
/* End PBXVariantGroup section */

/* Begin XCBuildConfiguration section */
		CED954D62C101AC9006D67E5 /* Debug */ = {
			isa = XCBuildConfiguration;
			buildSettings = {
				ALWAYS_SEARCH_USER_PATHS = NO;
				ASSETCATALOG_COMPILER_GENERATE_SWIFT_ASSET_SYMBOL_EXTENSIONS = YES;
				CLANG_ANALYZER_NONNULL = YES;
				CLANG_ANALYZER_NUMBER_OBJECT_CONVERSION = YES_AGGRESSIVE;
				CLANG_CXX_LANGUAGE_STANDARD = "gnu++20";
				CLANG_ENABLE_MODULES = YES;
				CLANG_ENABLE_OBJC_ARC = YES;
				CLANG_ENABLE_OBJC_WEAK = YES;
				CLANG_WARN_BLOCK_CAPTURE_AUTORELEASING = YES;
				CLANG_WARN_BOOL_CONVERSION = YES;
				CLANG_WARN_COMMA = YES;
				CLANG_WARN_CONSTANT_CONVERSION = YES;
				CLANG_WARN_DEPRECATED_OBJC_IMPLEMENTATIONS = YES;
				CLANG_WARN_DIRECT_OBJC_ISA_USAGE = YES_ERROR;
				CLANG_WARN_DOCUMENTATION_COMMENTS = YES;
				CLANG_WARN_EMPTY_BODY = YES;
				CLANG_WARN_ENUM_CONVERSION = YES;
				CLANG_WARN_INFINITE_RECURSION = YES;
				CLANG_WARN_INT_CONVERSION = YES;
				CLANG_WARN_NON_LITERAL_NULL_CONVERSION = YES;
				CLANG_WARN_OBJC_IMPLICIT_RETAIN_SELF = YES;
				CLANG_WARN_OBJC_LITERAL_CONVERSION = YES;
				CLANG_WARN_OBJC_ROOT_CLASS = YES_ERROR;
				CLANG_WARN_QUOTED_INCLUDE_IN_FRAMEWORK_HEADER = YES;
				CLANG_WARN_RANGE_LOOP_ANALYSIS = YES;
				CLANG_WARN_STRICT_PROTOTYPES = YES;
				CLANG_WARN_SUSPICIOUS_MOVE = YES;
				CLANG_WARN_UNGUARDED_AVAILABILITY = YES_AGGRESSIVE;
				CLANG_WARN_UNREACHABLE_CODE = YES;
				CLANG_WARN__DUPLICATE_METHOD_MATCH = YES;
				COPY_PHASE_STRIP = NO;
				DEBUG_INFORMATION_FORMAT = dwarf;
				ENABLE_STRICT_OBJC_MSGSEND = YES;
				ENABLE_TESTABILITY = YES;
				ENABLE_USER_SCRIPT_SANDBOXING = YES;
				GCC_C_LANGUAGE_STANDARD = gnu17;
				GCC_DYNAMIC_NO_PIC = NO;
				GCC_NO_COMMON_BLOCKS = YES;
				GCC_OPTIMIZATION_LEVEL = 0;
				GCC_PREPROCESSOR_DEFINITIONS = (
					"DEBUG=1",
					"$(inherited)",
				);
				GCC_WARN_64_TO_32_BIT_CONVERSION = YES;
				GCC_WARN_ABOUT_RETURN_TYPE = YES_ERROR;
				GCC_WARN_UNDECLARED_SELECTOR = YES;
				GCC_WARN_UNINITIALIZED_AUTOS = YES_AGGRESSIVE;
				GCC_WARN_UNUSED_FUNCTION = YES;
				GCC_WARN_UNUSED_VARIABLE = YES;
				IPHONEOS_DEPLOYMENT_TARGET = 17.4;
				LOCALIZATION_PREFERS_STRING_CATALOGS = YES;
				MTL_ENABLE_DEBUG_INFO = INCLUDE_SOURCE;
				MTL_FAST_MATH = YES;
				ONLY_ACTIVE_ARCH = YES;
				SDKROOT = iphoneos;
				SWIFT_ACTIVE_COMPILATION_CONDITIONS = "DEBUG $(inherited)";
				SWIFT_OPTIMIZATION_LEVEL = "-Onone";
			};
			name = Debug;
		};
		CED954D72C101AC9006D67E5 /* Release */ = {
			isa = XCBuildConfiguration;
			buildSettings = {
				ALWAYS_SEARCH_USER_PATHS = NO;
				ASSETCATALOG_COMPILER_GENERATE_SWIFT_ASSET_SYMBOL_EXTENSIONS = YES;
				CLANG_ANALYZER_NONNULL = YES;
				CLANG_ANALYZER_NUMBER_OBJECT_CONVERSION = YES_AGGRESSIVE;
				CLANG_CXX_LANGUAGE_STANDARD = "gnu++20";
				CLANG_ENABLE_MODULES = YES;
				CLANG_ENABLE_OBJC_ARC = YES;
				CLANG_ENABLE_OBJC_WEAK = YES;
				CLANG_WARN_BLOCK_CAPTURE_AUTORELEASING = YES;
				CLANG_WARN_BOOL_CONVERSION = YES;
				CLANG_WARN_COMMA = YES;
				CLANG_WARN_CONSTANT_CONVERSION = YES;
				CLANG_WARN_DEPRECATED_OBJC_IMPLEMENTATIONS = YES;
				CLANG_WARN_DIRECT_OBJC_ISA_USAGE = YES_ERROR;
				CLANG_WARN_DOCUMENTATION_COMMENTS = YES;
				CLANG_WARN_EMPTY_BODY = YES;
				CLANG_WARN_ENUM_CONVERSION = YES;
				CLANG_WARN_INFINITE_RECURSION = YES;
				CLANG_WARN_INT_CONVERSION = YES;
				CLANG_WARN_NON_LITERAL_NULL_CONVERSION = YES;
				CLANG_WARN_OBJC_IMPLICIT_RETAIN_SELF = YES;
				CLANG_WARN_OBJC_LITERAL_CONVERSION = YES;
				CLANG_WARN_OBJC_ROOT_CLASS = YES_ERROR;
				CLANG_WARN_QUOTED_INCLUDE_IN_FRAMEWORK_HEADER = YES;
				CLANG_WARN_RANGE_LOOP_ANALYSIS = YES;
				CLANG_WARN_STRICT_PROTOTYPES = YES;
				CLANG_WARN_SUSPICIOUS_MOVE = YES;
				CLANG_WARN_UNGUARDED_AVAILABILITY = YES_AGGRESSIVE;
				CLANG_WARN_UNREACHABLE_CODE = YES;
				CLANG_WARN__DUPLICATE_METHOD_MATCH = YES;
				COPY_PHASE_STRIP = NO;
				DEBUG_INFORMATION_FORMAT = "dwarf-with-dsym";
				ENABLE_NS_ASSERTIONS = NO;
				ENABLE_STRICT_OBJC_MSGSEND = YES;
				ENABLE_USER_SCRIPT_SANDBOXING = YES;
				GCC_C_LANGUAGE_STANDARD = gnu17;
				GCC_NO_COMMON_BLOCKS = YES;
				GCC_WARN_64_TO_32_BIT_CONVERSION = YES;
				GCC_WARN_ABOUT_RETURN_TYPE = YES_ERROR;
				GCC_WARN_UNDECLARED_SELECTOR = YES;
				GCC_WARN_UNINITIALIZED_AUTOS = YES_AGGRESSIVE;
				GCC_WARN_UNUSED_FUNCTION = YES;
				GCC_WARN_UNUSED_VARIABLE = YES;
				IPHONEOS_DEPLOYMENT_TARGET = 17.4;
				LOCALIZATION_PREFERS_STRING_CATALOGS = YES;
				MTL_ENABLE_DEBUG_INFO = NO;
				MTL_FAST_MATH = YES;
				SDKROOT = iphoneos;
				SWIFT_COMPILATION_MODE = wholemodule;
				VALIDATE_PRODUCT = YES;
			};
			name = Release;
		};
		CED954D92C101AC9006D67E5 /* Debug */ = {
			isa = XCBuildConfiguration;
			buildSettings = {
				ASSETCATALOG_COMPILER_APPICON_NAME = AppIcon;
				ASSETCATALOG_COMPILER_GLOBAL_ACCENT_COLOR_NAME = AccentColor;
				CODE_SIGN_STYLE = Automatic;
				CURRENT_PROJECT_VERSION = 1;
				GENERATE_INFOPLIST_FILE = YES;
				INFOPLIST_FILE = Day17Assignment/Info.plist;
				INFOPLIST_KEY_UIApplicationSupportsIndirectInputEvents = YES;
				INFOPLIST_KEY_UILaunchStoryboardName = LaunchScreen;
				INFOPLIST_KEY_UISupportedInterfaceOrientations_iPad = "UIInterfaceOrientationPortrait UIInterfaceOrientationPortraitUpsideDown UIInterfaceOrientationLandscapeLeft UIInterfaceOrientationLandscapeRight";
				INFOPLIST_KEY_UISupportedInterfaceOrientations_iPhone = "UIInterfaceOrientationPortrait UIInterfaceOrientationLandscapeLeft UIInterfaceOrientationLandscapeRight";
				LD_RUNPATH_SEARCH_PATHS = (
					"$(inherited)",
					"@executable_path/Frameworks",
				);
				MARKETING_VERSION = 1.0;
				PRODUCT_BUNDLE_IDENTIFIER = com.Lets.Day17Assignment;
				PRODUCT_NAME = "$(TARGET_NAME)";
				SUPPORTED_PLATFORMS = "iphoneos iphonesimulator";
				SUPPORTS_MACCATALYST = NO;
				SUPPORTS_MAC_DESIGNED_FOR_IPHONE_IPAD = NO;
				SUPPORTS_XR_DESIGNED_FOR_IPHONE_IPAD = NO;
				SWIFT_EMIT_LOC_STRINGS = YES;
				SWIFT_VERSION = 5.0;
				TARGETED_DEVICE_FAMILY = 1;
			};
			name = Debug;
		};
		CED954DA2C101AC9006D67E5 /* Release */ = {
			isa = XCBuildConfiguration;
			buildSettings = {
				ASSETCATALOG_COMPILER_APPICON_NAME = AppIcon;
				ASSETCATALOG_COMPILER_GLOBAL_ACCENT_COLOR_NAME = AccentColor;
				CODE_SIGN_STYLE = Automatic;
				CURRENT_PROJECT_VERSION = 1;
				GENERATE_INFOPLIST_FILE = YES;
				INFOPLIST_FILE = Day17Assignment/Info.plist;
				INFOPLIST_KEY_UIApplicationSupportsIndirectInputEvents = YES;
				INFOPLIST_KEY_UILaunchStoryboardName = LaunchScreen;
				INFOPLIST_KEY_UISupportedInterfaceOrientations_iPad = "UIInterfaceOrientationPortrait UIInterfaceOrientationPortraitUpsideDown UIInterfaceOrientationLandscapeLeft UIInterfaceOrientationLandscapeRight";
				INFOPLIST_KEY_UISupportedInterfaceOrientations_iPhone = "UIInterfaceOrientationPortrait UIInterfaceOrientationLandscapeLeft UIInterfaceOrientationLandscapeRight";
				LD_RUNPATH_SEARCH_PATHS = (
					"$(inherited)",
					"@executable_path/Frameworks",
				);
				MARKETING_VERSION = 1.0;
				PRODUCT_BUNDLE_IDENTIFIER = com.Lets.Day17Assignment;
				PRODUCT_NAME = "$(TARGET_NAME)";
				SUPPORTED_PLATFORMS = "iphoneos iphonesimulator";
				SUPPORTS_MACCATALYST = NO;
				SUPPORTS_MAC_DESIGNED_FOR_IPHONE_IPAD = NO;
				SUPPORTS_XR_DESIGNED_FOR_IPHONE_IPAD = NO;
				SWIFT_EMIT_LOC_STRINGS = YES;
				SWIFT_VERSION = 5.0;
				TARGETED_DEVICE_FAMILY = 1;
			};
			name = Release;
		};
/* End XCBuildConfiguration section */

/* Begin XCConfigurationList section */
		CED954BF2C101AC7006D67E5 /* Build configuration list for PBXProject "Day17Assignment" */ = {
			isa = XCConfigurationList;
			buildConfigurations = (
				CED954D62C101AC9006D67E5 /* Debug */,
				CED954D72C101AC9006D67E5 /* Release */,
			);
			defaultConfigurationIsVisible = 0;
			defaultConfigurationName = Release;
		};
		CED954D82C101AC9006D67E5 /* Build configuration list for PBXNativeTarget "Day17Assignment" */ = {
			isa = XCConfigurationList;
			buildConfigurations = (
				CED954D92C101AC9006D67E5 /* Debug */,
				CED954DA2C101AC9006D67E5 /* Release */,
			);
			defaultConfigurationIsVisible = 0;
			defaultConfigurationName = Release;
		};
/* End XCConfigurationList section */

/* Begin XCRemoteSwiftPackageReference section */
		CED954DB2C101BDA006D67E5 /* XCRemoteSwiftPackageReference "SnapKit" */ = {
			isa = XCRemoteSwiftPackageReference;
			repositoryURL = "https://github.com/SnapKit/SnapKit.git";
			requirement = {
				kind = upToNextMajorVersion;
				minimumVersion = 5.7.1;
			};
		};
		CED954DE2C101BEA006D67E5 /* XCRemoteSwiftPackageReference "Alamofire" */ = {
			isa = XCRemoteSwiftPackageReference;
			repositoryURL = "https://github.com/Alamofire/Alamofire.git";
			requirement = {
				kind = upToNextMajorVersion;
				minimumVersion = 5.9.1;
			};
		};
/* End XCRemoteSwiftPackageReference section */

/* Begin XCSwiftPackageProductDependency section */
		CED954DC2C101BDA006D67E5 /* SnapKit */ = {
			isa = XCSwiftPackageProductDependency;
			package = CED954DB2C101BDA006D67E5 /* XCRemoteSwiftPackageReference "SnapKit" */;
			productName = SnapKit;
		};
		CED954DF2C101BEA006D67E5 /* Alamofire */ = {
			isa = XCSwiftPackageProductDependency;
			package = CED954DE2C101BEA006D67E5 /* XCRemoteSwiftPackageReference "Alamofire" */;
			productName = Alamofire;
		};
/* End XCSwiftPackageProductDependency section */
	};
	rootObject = CED954BC2C101AC7006D67E5 /* Project object */;
}
